{
  "version": 4,
  "terraform_version": "1.3.5",
  "serial": 94,
  "lineage": "0ab6facf-97d9-ca4c-0dfc-f15f986592fa",
  "outputs": {
    "runners": {
      "value": {
        "lambda_syncer_name": "ep-runner-syncer"
      },
      "type": [
        "object",
        {
          "lambda_syncer_name": "string"
        }
      ]
    },
    "webhook_endpoint": {
      "value": "https://5x68zkakme.execute-api.ca-central-1.amazonaws.com/webhook",
      "type": "string"
    },
    "webhook_secret": {
      "value": "74e0a75647c9cb205b85b6c77ed4e6f329b7e2c9",
      "type": "string",
      "sensitive": true
    }
  },
  "resources": [
    {
      "mode": "managed",
      "type": "random_id",
      "name": "random",
      "provider": "provider[\"registry.terraform.io/hashicorp/random\"]",
      "instances": [
        {
          "schema_version": 0,
          "attributes": {
            "b64_std": "dOCnVkfJyyBbhbbHftTm8ym34sk=",
            "b64_url": "dOCnVkfJyyBbhbbHftTm8ym34sk",
            "byte_length": 20,
            "dec": "667252873451493362818716590012624217026785174217",
            "hex": "74e0a75647c9cb205b85b6c77ed4e6f329b7e2c9",
            "id": "dOCnVkfJyyBbhbbHftTm8ym34sk",
            "keepers": null,
            "prefix": null
          },
          "sensitive_attributes": []
        }
      ]
    },
    {
      "module": "module.base",
      "mode": "managed",
      "type": "aws_resourcegroups_group",
      "name": "resourcegroups_group",
      "provider": "provider[\"registry.terraform.io/hashicorp/aws\"]",
      "instances": [
        {
          "schema_version": 0,
          "attributes": {
            "arn": "arn:aws:resource-groups:ca-central-1:152368484097:group/ep-runner-group",
            "configuration": [],
            "description": "",
            "id": "ep-runner-group",
            "name": "ep-runner-group",
            "resource_query": [
              {
                "query": "{\n  \"ResourceTypeFilters\": [\"AWS::AllSupported\"],\n  \"TagFilters\": [\n    {\n      \"Key\": \"Example\",\n      \"Values\": [\"ep-runner\"]\n    }\n  ]\n}\n",
                "type": "TAG_FILTERS_1_0"
              }
            ],
            "tags": {},
            "tags_all": {
              "Example": "ep-runner"
            },
            "timeouts": null
          },
          "sensitive_attributes": [],
          "private": "eyJlMmJmYjczMC1lY2FhLTExZTYtOGY4OC0zNDM2M2JjN2M0YzAiOnsiY3JlYXRlIjo5MDAwMDAwMDAwMDAsInVwZGF0ZSI6OTAwMDAwMDAwMDAwfX0="
        }
      ]
    },
    {
      "module": "module.base.module.vpc",
      "mode": "managed",
      "type": "aws_eip",
      "name": "nat",
      "provider": "provider[\"registry.terraform.io/hashicorp/aws\"]",
      "instances": [
        {
          "index_key": 0,
          "schema_version": 0,
          "attributes": {
            "address": null,
            "allocation_id": "eipalloc-039cdd0e4b4ecdca1",
            "associate_with_private_ip": null,
            "association_id": "eipassoc-0d33b93c6bd60a28e",
            "carrier_ip": "",
            "customer_owned_ip": "",
            "customer_owned_ipv4_pool": "",
            "domain": "vpc",
            "id": "eipalloc-039cdd0e4b4ecdca1",
            "instance": "",
            "network_border_group": "ca-central-1",
            "network_interface": "eni-01e672d58db898f72",
            "private_dns": "ip-10-1-101-214.ca-central-1.compute.internal",
            "private_ip": "10.1.101.214",
            "public_dns": "ec2-3-98-255-210.ca-central-1.compute.amazonaws.com",
            "public_ip": "3.98.255.210",
            "public_ipv4_pool": "amazon",
            "tags": {
              "Name": "ep-runner-vpc-ca-central-1a"
            },
            "tags_all": {
              "Example": "ep-runner",
              "Name": "ep-runner-vpc-ca-central-1a"
            },
            "timeouts": null,
            "vpc": true
          },
          "sensitive_attributes": [],
          "private": "eyJlMmJmYjczMC1lY2FhLTExZTYtOGY4OC0zNDM2M2JjN2M0YzAiOnsiZGVsZXRlIjoxODAwMDAwMDAwMDAsInJlYWQiOjkwMDAwMDAwMDAwMCwidXBkYXRlIjozMDAwMDAwMDAwMDB9fQ=="
        }
      ]
    },
    {
      "module": "module.base.module.vpc",
      "mode": "managed",
      "type": "aws_internet_gateway",
      "name": "this",
      "provider": "provider[\"registry.terraform.io/hashicorp/aws\"]",
      "instances": [
        {
          "index_key": 0,
          "schema_version": 0,
          "attributes": {
            "arn": "arn:aws:ec2:ca-central-1:152368484097:internet-gateway/igw-057511e053b04a925",
            "id": "igw-057511e053b04a925",
            "owner_id": "152368484097",
            "tags": {
              "Name": "ep-runner-vpc"
            },
            "tags_all": {
              "Example": "ep-runner",
              "Name": "ep-runner-vpc"
            },
            "timeouts": null,
            "vpc_id": "vpc-0de9193fff8b5a748"
          },
          "sensitive_attributes": [],
          "private": "eyJlMmJmYjczMC1lY2FhLTExZTYtOGY4OC0zNDM2M2JjN2M0YzAiOnsiY3JlYXRlIjoxMjAwMDAwMDAwMDAwLCJkZWxldGUiOjEyMDAwMDAwMDAwMDAsInVwZGF0ZSI6MTIwMDAwMDAwMDAwMH19",
          "dependencies": [
            "module.base.module.vpc.aws_vpc.this",
            "module.base.module.vpc.aws_vpc_ipv4_cidr_block_association.this"
          ]
        }
      ]
    },
    {
      "module": "module.base.module.vpc",
      "mode": "managed",
      "type": "aws_nat_gateway",
      "name": "this",
      "provider": "provider[\"registry.terraform.io/hashicorp/aws\"]",
      "instances": [
        {
          "index_key": 0,
          "schema_version": 0,
          "attributes": {
            "allocation_id": "eipalloc-039cdd0e4b4ecdca1",
            "connectivity_type": "public",
            "id": "nat-0c0f8e46fcc73fdd2",
            "network_interface_id": "eni-01e672d58db898f72",
            "private_ip": "10.1.101.214",
            "public_ip": "3.98.255.210",
            "subnet_id": "subnet-07711a551ecba1f89",
            "tags": {
              "Name": "ep-runner-vpc-ca-central-1a"
            },
            "tags_all": {
              "Example": "ep-runner",
              "Name": "ep-runner-vpc-ca-central-1a"
            }
          },
          "sensitive_attributes": [],
          "private": "bnVsbA==",
          "dependencies": [
            "module.base.module.vpc.aws_eip.nat",
            "module.base.module.vpc.aws_internet_gateway.this",
            "module.base.module.vpc.aws_subnet.public",
            "module.base.module.vpc.aws_vpc.this",
            "module.base.module.vpc.aws_vpc_ipv4_cidr_block_association.this"
          ]
        }
      ]
    },
    {
      "module": "module.base.module.vpc",
      "mode": "managed",
      "type": "aws_route",
      "name": "private_nat_gateway",
      "provider": "provider[\"registry.terraform.io/hashicorp/aws\"]",
      "instances": [
        {
          "index_key": 0,
          "schema_version": 0,
          "attributes": {
            "carrier_gateway_id": "",
            "core_network_arn": "",
            "destination_cidr_block": "0.0.0.0/0",
            "destination_ipv6_cidr_block": "",
            "destination_prefix_list_id": "",
            "egress_only_gateway_id": "",
            "gateway_id": "",
            "id": "r-rtb-058bc1498bd4dd0131080289494",
            "instance_id": "",
            "instance_owner_id": "",
            "local_gateway_id": "",
            "nat_gateway_id": "nat-0c0f8e46fcc73fdd2",
            "network_interface_id": "",
            "origin": "CreateRoute",
            "route_table_id": "rtb-058bc1498bd4dd013",
            "state": "active",
            "timeouts": {
              "create": "5m",
              "delete": null,
              "update": null
            },
            "transit_gateway_id": "",
            "vpc_endpoint_id": "",
            "vpc_peering_connection_id": ""
          },
          "sensitive_attributes": [],
          "private": "eyJlMmJmYjczMC1lY2FhLTExZTYtOGY4OC0zNDM2M2JjN2M0YzAiOnsiY3JlYXRlIjozMDAwMDAwMDAwMDAsImRlbGV0ZSI6MzAwMDAwMDAwMDAwLCJ1cGRhdGUiOjEyMDAwMDAwMDAwMH19",
          "dependencies": [
            "module.base.module.vpc.aws_eip.nat",
            "module.base.module.vpc.aws_internet_gateway.this",
            "module.base.module.vpc.aws_nat_gateway.this",
            "module.base.module.vpc.aws_route_table.private",
            "module.base.module.vpc.aws_subnet.public",
            "module.base.module.vpc.aws_vpc.this",
            "module.base.module.vpc.aws_vpc_ipv4_cidr_block_association.this"
          ]
        }
      ]
    },
    {
      "module": "module.base.module.vpc",
      "mode": "managed",
      "type": "aws_route",
      "name": "public_internet_gateway",
      "provider": "provider[\"registry.terraform.io/hashicorp/aws\"]",
      "instances": [
        {
          "index_key": 0,
          "schema_version": 0,
          "attributes": {
            "carrier_gateway_id": "",
            "core_network_arn": "",
            "destination_cidr_block": "0.0.0.0/0",
            "destination_ipv6_cidr_block": "",
            "destination_prefix_list_id": "",
            "egress_only_gateway_id": "",
            "gateway_id": "igw-057511e053b04a925",
            "id": "r-rtb-07e39d894d9764e6a1080289494",
            "instance_id": "",
            "instance_owner_id": "",
            "local_gateway_id": "",
            "nat_gateway_id": "",
            "network_interface_id": "",
            "origin": "CreateRoute",
            "route_table_id": "rtb-07e39d894d9764e6a",
            "state": "active",
            "timeouts": {
              "create": "5m",
              "delete": null,
              "update": null
            },
            "transit_gateway_id": "",
            "vpc_endpoint_id": "",
            "vpc_peering_connection_id": ""
          },
          "sensitive_attributes": [],
          "private": "eyJlMmJmYjczMC1lY2FhLTExZTYtOGY4OC0zNDM2M2JjN2M0YzAiOnsiY3JlYXRlIjozMDAwMDAwMDAwMDAsImRlbGV0ZSI6MzAwMDAwMDAwMDAwLCJ1cGRhdGUiOjEyMDAwMDAwMDAwMH19",
          "dependencies": [
            "module.base.module.vpc.aws_internet_gateway.this",
            "module.base.module.vpc.aws_route_table.public",
            "module.base.module.vpc.aws_vpc.this",
            "module.base.module.vpc.aws_vpc_ipv4_cidr_block_association.this"
          ]
        }
      ]
    },
    {
      "module": "module.base.module.vpc",
      "mode": "managed",
      "type": "aws_route_table",
      "name": "private",
      "provider": "provider[\"registry.terraform.io/hashicorp/aws\"]",
      "instances": [
        {
          "index_key": 0,
          "schema_version": 0,
          "attributes": {
            "arn": "arn:aws:ec2:ca-central-1:152368484097:route-table/rtb-058bc1498bd4dd013",
            "id": "rtb-058bc1498bd4dd013",
            "owner_id": "152368484097",
            "propagating_vgws": [],
            "route": [
              {
                "carrier_gateway_id": "",
                "cidr_block": "0.0.0.0/0",
                "core_network_arn": "",
                "destination_prefix_list_id": "",
                "egress_only_gateway_id": "",
                "gateway_id": "",
                "instance_id": "",
                "ipv6_cidr_block": "",
                "local_gateway_id": "",
                "nat_gateway_id": "nat-0c0f8e46fcc73fdd2",
                "network_interface_id": "",
                "transit_gateway_id": "",
                "vpc_endpoint_id": "",
                "vpc_peering_connection_id": ""
              }
            ],
            "tags": {
              "Name": "ep-runner-vpc-private"
            },
            "tags_all": {
              "Example": "ep-runner",
              "Name": "ep-runner-vpc-private"
            },
            "timeouts": null,
            "vpc_id": "vpc-0de9193fff8b5a748"
          },
          "sensitive_attributes": [],
          "private": "eyJlMmJmYjczMC1lY2FhLTExZTYtOGY4OC0zNDM2M2JjN2M0YzAiOnsiY3JlYXRlIjozMDAwMDAwMDAwMDAsImRlbGV0ZSI6MzAwMDAwMDAwMDAwLCJ1cGRhdGUiOjEyMDAwMDAwMDAwMH19",
          "dependencies": [
            "module.base.module.vpc.aws_vpc.this",
            "module.base.module.vpc.aws_vpc_ipv4_cidr_block_association.this"
          ]
        }
      ]
    },
    {
      "module": "module.base.module.vpc",
      "mode": "managed",
      "type": "aws_route_table",
      "name": "public",
      "provider": "provider[\"registry.terraform.io/hashicorp/aws\"]",
      "instances": [
        {
          "index_key": 0,
          "schema_version": 0,
          "attributes": {
            "arn": "arn:aws:ec2:ca-central-1:152368484097:route-table/rtb-07e39d894d9764e6a",
            "id": "rtb-07e39d894d9764e6a",
            "owner_id": "152368484097",
            "propagating_vgws": [],
            "route": [
              {
                "carrier_gateway_id": "",
                "cidr_block": "0.0.0.0/0",
                "core_network_arn": "",
                "destination_prefix_list_id": "",
                "egress_only_gateway_id": "",
                "gateway_id": "igw-057511e053b04a925",
                "instance_id": "",
                "ipv6_cidr_block": "",
                "local_gateway_id": "",
                "nat_gateway_id": "",
                "network_interface_id": "",
                "transit_gateway_id": "",
                "vpc_endpoint_id": "",
                "vpc_peering_connection_id": ""
              }
            ],
            "tags": {
              "Name": "ep-runner-vpc-public"
            },
            "tags_all": {
              "Example": "ep-runner",
              "Name": "ep-runner-vpc-public"
            },
            "timeouts": null,
            "vpc_id": "vpc-0de9193fff8b5a748"
          },
          "sensitive_attributes": [],
          "private": "eyJlMmJmYjczMC1lY2FhLTExZTYtOGY4OC0zNDM2M2JjN2M0YzAiOnsiY3JlYXRlIjozMDAwMDAwMDAwMDAsImRlbGV0ZSI6MzAwMDAwMDAwMDAwLCJ1cGRhdGUiOjEyMDAwMDAwMDAwMH19",
          "dependencies": [
            "module.base.module.vpc.aws_vpc.this",
            "module.base.module.vpc.aws_vpc_ipv4_cidr_block_association.this"
          ]
        }
      ]
    },
    {
      "module": "module.base.module.vpc",
      "mode": "managed",
      "type": "aws_route_table_association",
      "name": "private",
      "provider": "provider[\"registry.terraform.io/hashicorp/aws\"]",
      "instances": [
        {
          "index_key": 0,
          "schema_version": 0,
          "attributes": {
            "gateway_id": "",
            "id": "rtbassoc-057757651a0ced9ee",
            "route_table_id": "rtb-058bc1498bd4dd013",
            "subnet_id": "subnet-060cdb920e8c3df22"
          },
          "sensitive_attributes": [],
          "private": "bnVsbA==",
          "dependencies": [
            "module.base.module.vpc.aws_route_table.private",
            "module.base.module.vpc.aws_subnet.private",
            "module.base.module.vpc.aws_vpc.this",
            "module.base.module.vpc.aws_vpc_ipv4_cidr_block_association.this"
          ]
        }
      ]
    },
    {
      "module": "module.base.module.vpc",
      "mode": "managed",
      "type": "aws_route_table_association",
      "name": "public",
      "provider": "provider[\"registry.terraform.io/hashicorp/aws\"]",
      "instances": [
        {
          "index_key": 0,
          "schema_version": 0,
          "attributes": {
            "gateway_id": "",
            "id": "rtbassoc-0c7ad08d6985005d7",
            "route_table_id": "rtb-07e39d894d9764e6a",
            "subnet_id": "subnet-07711a551ecba1f89"
          },
          "sensitive_attributes": [],
          "private": "bnVsbA==",
          "dependencies": [
            "module.base.module.vpc.aws_route_table.public",
            "module.base.module.vpc.aws_subnet.public",
            "module.base.module.vpc.aws_vpc.this",
            "module.base.module.vpc.aws_vpc_ipv4_cidr_block_association.this"
          ]
        }
      ]
    },
    {
      "module": "module.base.module.vpc",
      "mode": "managed",
      "type": "aws_subnet",
      "name": "private",
      "provider": "provider[\"registry.terraform.io/hashicorp/aws\"]",
      "instances": [
        {
          "index_key": 0,
          "schema_version": 1,
          "attributes": {
            "arn": "arn:aws:ec2:ca-central-1:152368484097:subnet/subnet-060cdb920e8c3df22",
            "assign_ipv6_address_on_creation": false,
            "availability_zone": "ca-central-1a",
            "availability_zone_id": "cac1-az1",
            "cidr_block": "10.1.1.0/24",
            "customer_owned_ipv4_pool": "",
            "enable_dns64": false,
            "enable_resource_name_dns_a_record_on_launch": false,
            "enable_resource_name_dns_aaaa_record_on_launch": false,
            "id": "subnet-060cdb920e8c3df22",
            "ipv6_cidr_block": "",
            "ipv6_cidr_block_association_id": "",
            "ipv6_native": false,
            "map_customer_owned_ip_on_launch": false,
            "map_public_ip_on_launch": false,
            "outpost_arn": "",
            "owner_id": "152368484097",
            "private_dns_hostname_type_on_launch": "ip-name",
            "tags": {
              "Name": "ep-runner-vpc-private-ca-central-1a"
            },
            "tags_all": {
              "Example": "ep-runner",
              "Name": "ep-runner-vpc-private-ca-central-1a"
            },
            "timeouts": null,
            "vpc_id": "vpc-0de9193fff8b5a748"
          },
          "sensitive_attributes": [],
          "private": "eyJlMmJmYjczMC1lY2FhLTExZTYtOGY4OC0zNDM2M2JjN2M0YzAiOnsiY3JlYXRlIjo2MDAwMDAwMDAwMDAsImRlbGV0ZSI6MTIwMDAwMDAwMDAwMH0sInNjaGVtYV92ZXJzaW9uIjoiMSJ9",
          "dependencies": [
            "module.base.module.vpc.aws_vpc.this",
            "module.base.module.vpc.aws_vpc_ipv4_cidr_block_association.this"
          ]
        }
      ]
    },
    {
      "module": "module.base.module.vpc",
      "mode": "managed",
      "type": "aws_subnet",
      "name": "public",
      "provider": "provider[\"registry.terraform.io/hashicorp/aws\"]",
      "instances": [
        {
          "index_key": 0,
          "schema_version": 1,
          "attributes": {
            "arn": "arn:aws:ec2:ca-central-1:152368484097:subnet/subnet-07711a551ecba1f89",
            "assign_ipv6_address_on_creation": false,
            "availability_zone": "ca-central-1a",
            "availability_zone_id": "cac1-az1",
            "cidr_block": "10.1.101.0/24",
            "customer_owned_ipv4_pool": "",
            "enable_dns64": false,
            "enable_resource_name_dns_a_record_on_launch": false,
            "enable_resource_name_dns_aaaa_record_on_launch": false,
            "id": "subnet-07711a551ecba1f89",
            "ipv6_cidr_block": "",
            "ipv6_cidr_block_association_id": "",
            "ipv6_native": false,
            "map_customer_owned_ip_on_launch": false,
            "map_public_ip_on_launch": false,
            "outpost_arn": "",
            "owner_id": "152368484097",
            "private_dns_hostname_type_on_launch": "ip-name",
            "tags": {
              "Name": "ep-runner-vpc-public-ca-central-1a"
            },
            "tags_all": {
              "Example": "ep-runner",
              "Name": "ep-runner-vpc-public-ca-central-1a"
            },
            "timeouts": null,
            "vpc_id": "vpc-0de9193fff8b5a748"
          },
          "sensitive_attributes": [],
          "private": "eyJlMmJmYjczMC1lY2FhLTExZTYtOGY4OC0zNDM2M2JjN2M0YzAiOnsiY3JlYXRlIjo2MDAwMDAwMDAwMDAsImRlbGV0ZSI6MTIwMDAwMDAwMDAwMH0sInNjaGVtYV92ZXJzaW9uIjoiMSJ9",
          "dependencies": [
            "module.base.module.vpc.aws_vpc.this",
            "module.base.module.vpc.aws_vpc_ipv4_cidr_block_association.this"
          ]
        }
      ]
    },
    {
      "module": "module.base.module.vpc",
      "mode": "managed",
      "type": "aws_vpc",
      "name": "this",
      "provider": "provider[\"registry.terraform.io/hashicorp/aws\"]",
      "instances": [
        {
          "index_key": 0,
          "schema_version": 1,
          "attributes": {
            "arn": "arn:aws:ec2:ca-central-1:152368484097:vpc/vpc-0de9193fff8b5a748",
            "assign_generated_ipv6_cidr_block": false,
            "cidr_block": "10.1.0.0/16",
            "default_network_acl_id": "acl-0c8b52be42e0c754d",
            "default_route_table_id": "rtb-0b9aefafa34e3d6e6",
            "default_security_group_id": "sg-09a3392b2fd7cc612",
            "dhcp_options_id": "dopt-69e2e201",
            "enable_classiclink": false,
            "enable_classiclink_dns_support": false,
            "enable_dns_hostnames": true,
            "enable_dns_support": true,
            "enable_network_address_usage_metrics": false,
            "id": "vpc-0de9193fff8b5a748",
            "instance_tenancy": "default",
            "ipv4_ipam_pool_id": null,
            "ipv4_netmask_length": null,
            "ipv6_association_id": "",
            "ipv6_cidr_block": "",
            "ipv6_cidr_block_network_border_group": "",
            "ipv6_ipam_pool_id": "",
            "ipv6_netmask_length": 0,
            "main_route_table_id": "rtb-0b9aefafa34e3d6e6",
            "owner_id": "152368484097",
            "tags": {
              "Name": "ep-runner-vpc"
            },
            "tags_all": {
              "Example": "ep-runner",
              "Name": "ep-runner-vpc"
            }
          },
          "sensitive_attributes": [],
          "private": "eyJzY2hlbWFfdmVyc2lvbiI6IjEifQ=="
        }
      ]
    },
    {
      "module": "module.runners",
      "mode": "data",
      "type": "aws_iam_policy_document",
      "name": "deny_unsecure_transport",
      "provider": "provider[\"registry.terraform.io/hashicorp/aws\"]",
      "instances": [
        {
          "schema_version": 0,
          "attributes": {
            "id": "4070628872",
            "json": "{\n  \"Version\": \"2012-10-17\",\n  \"Statement\": [\n    {\n      \"Sid\": \"DenyUnsecureTransport\",\n      \"Effect\": \"Deny\",\n      \"Action\": \"sqs:*\",\n      \"Resource\": \"*\",\n      \"Principal\": {\n        \"AWS\": \"*\"\n      },\n      \"Condition\": {\n        \"Bool\": {\n          \"aws:SecureTransport\": \"false\"\n        }\n      }\n    }\n  ]\n}",
            "override_json": null,
            "override_policy_documents": null,
            "policy_id": null,
            "source_json": null,
            "source_policy_documents": null,
            "statement": [
              {
                "actions": [
                  "sqs:*"
                ],
                "condition": [
                  {
                    "test": "Bool",
                    "values": [
                      "false"
                    ],
                    "variable": "aws:SecureTransport"
                  }
                ],
                "effect": "Deny",
                "not_actions": [],
                "not_principals": [],
                "not_resources": [],
                "principals": [
                  {
                    "identifiers": [
                      "*"
                    ],
                    "type": "AWS"
                  }
                ],
                "resources": [
                  "*"
                ],
                "sid": "DenyUnsecureTransport"
              }
            ],
            "version": "2012-10-17"
          },
          "sensitive_attributes": []
        }
      ]
    },
    {
      "module": "module.runners",
      "mode": "managed",
      "type": "aws_sqs_queue",
      "name": "queued_builds",
      "provider": "provider[\"registry.terraform.io/hashicorp/aws\"]",
      "instances": [
        {
          "schema_version": 0,
          "attributes": {
            "arn": "arn:aws:sqs:ca-central-1:152368484097:ep-runner-queued-builds",
            "content_based_deduplication": false,
            "deduplication_scope": "",
            "delay_seconds": 30,
            "fifo_queue": false,
            "fifo_throughput_limit": "",
            "id": "https://sqs.ca-central-1.amazonaws.com/152368484097/ep-runner-queued-builds",
            "kms_data_key_reuse_period_seconds": 300,
            "kms_master_key_id": "",
            "max_message_size": 262144,
            "message_retention_seconds": 86400,
            "name": "ep-runner-queued-builds",
            "name_prefix": "",
            "policy": "{\"Statement\":[{\"Action\":\"sqs:*\",\"Condition\":{\"Bool\":{\"aws:SecureTransport\":\"false\"}},\"Effect\":\"Deny\",\"Principal\":{\"AWS\":\"*\"},\"Resource\":\"*\",\"Sid\":\"DenyUnsecureTransport\"}],\"Version\":\"2012-10-17\"}",
            "receive_wait_time_seconds": 0,
            "redrive_allow_policy": "",
            "redrive_policy": "",
            "sqs_managed_sse_enabled": true,
            "tags": {
              "Project": "ep-runner"
            },
            "tags_all": {
              "Example": "ep-runner",
              "Project": "ep-runner"
            },
            "url": "https://sqs.ca-central-1.amazonaws.com/152368484097/ep-runner-queued-builds",
            "visibility_timeout_seconds": 30
          },
          "sensitive_attributes": [],
          "private": "bnVsbA==",
          "dependencies": [
            "module.runners.aws_sqs_queue.queued_builds_dlq"
          ]
        }
      ]
    },
    {
      "module": "module.runners",
      "mode": "managed",
      "type": "aws_sqs_queue_policy",
      "name": "build_queue_policy",
      "provider": "provider[\"registry.terraform.io/hashicorp/aws\"]",
      "instances": [
        {
          "schema_version": 1,
          "attributes": {
            "id": "https://sqs.ca-central-1.amazonaws.com/152368484097/ep-runner-queued-builds",
            "policy": "{\"Statement\":[{\"Action\":\"sqs:*\",\"Condition\":{\"Bool\":{\"aws:SecureTransport\":\"false\"}},\"Effect\":\"Deny\",\"Principal\":{\"AWS\":\"*\"},\"Resource\":\"*\",\"Sid\":\"DenyUnsecureTransport\"}],\"Version\":\"2012-10-17\"}",
            "queue_url": "https://sqs.ca-central-1.amazonaws.com/152368484097/ep-runner-queued-builds"
          },
          "sensitive_attributes": [],
          "private": "eyJzY2hlbWFfdmVyc2lvbiI6IjEifQ==",
          "dependencies": [
            "module.runners.aws_sqs_queue.queued_builds",
            "module.runners.aws_sqs_queue.queued_builds_dlq",
            "module.runners.data.aws_iam_policy_document.deny_unsecure_transport"
          ]
        }
      ]
    },
    {
      "module": "module.runners",
      "mode": "managed",
      "type": "random_string",
      "name": "random",
      "provider": "provider[\"registry.terraform.io/hashicorp/random\"]",
      "instances": [
        {
          "schema_version": 2,
          "attributes": {
            "id": "n7mr2aq6dgyvpcb2tj2ppglr",
            "keepers": null,
            "length": 24,
            "lower": true,
            "min_lower": 0,
            "min_numeric": 0,
            "min_special": 0,
            "min_upper": 0,
            "number": true,
            "numeric": true,
            "override_special": null,
            "result": "n7mr2aq6dgyvpcb2tj2ppglr",
            "special": false,
            "upper": false
          },
          "sensitive_attributes": []
        }
      ]
    },
    {
      "module": "module.runners.module.runner_binaries[0]",
      "mode": "data",
      "type": "aws_caller_identity",
      "name": "current",
      "provider": "provider[\"registry.terraform.io/hashicorp/aws\"]",
      "instances": [
        {
          "schema_version": 0,
          "attributes": {
            "account_id": "152368484097",
            "arn": "arn:aws:iam::152368484097:user/demo",
            "id": "152368484097",
            "user_id": "AIDASG6O6R4AX2TXIIAJ4"
          },
          "sensitive_attributes": []
        }
      ]
    },
    {
      "module": "module.runners.module.runner_binaries[0]",
      "mode": "data",
      "type": "aws_iam_policy_document",
      "name": "lambda_assume_role_policy",
      "provider": "provider[\"registry.terraform.io/hashicorp/aws\"]",
      "instances": [
        {
          "schema_version": 0,
          "attributes": {
            "id": "3693445097",
            "json": "{\n  \"Version\": \"2012-10-17\",\n  \"Statement\": [\n    {\n      \"Sid\": \"\",\n      \"Effect\": \"Allow\",\n      \"Action\": \"sts:AssumeRole\",\n      \"Principal\": {\n        \"Service\": \"lambda.amazonaws.com\"\n      }\n    }\n  ]\n}",
            "override_json": null,
            "override_policy_documents": null,
            "policy_id": null,
            "source_json": null,
            "source_policy_documents": null,
            "statement": [
              {
                "actions": [
                  "sts:AssumeRole"
                ],
                "condition": [],
                "effect": "Allow",
                "not_actions": [],
                "not_principals": [],
                "not_resources": [],
                "principals": [
                  {
                    "identifiers": [
                      "lambda.amazonaws.com"
                    ],
                    "type": "Service"
                  }
                ],
                "resources": [],
                "sid": ""
              }
            ],
            "version": "2012-10-17"
          },
          "sensitive_attributes": []
        }
      ]
    },
    {
      "module": "module.runners.module.runner_binaries[0]",
      "mode": "managed",
      "type": "aws_cloudwatch_event_rule",
      "name": "syncer",
      "provider": "provider[\"registry.terraform.io/hashicorp/aws\"]",
      "instances": [
        {
          "schema_version": 0,
          "attributes": {
            "arn": "arn:aws:events:ca-central-1:152368484097:rule/ep-runner-syncer-rule",
            "description": "",
            "event_bus_name": "default",
            "event_pattern": null,
            "id": "ep-runner-syncer-rule",
            "is_enabled": true,
            "name": "ep-runner-syncer-rule",
            "name_prefix": "",
            "role_arn": "",
            "schedule_expression": "cron(27 * * * ? *)",
            "tags": {
              "Project": "ep-runner",
              "ghr:environment": "ep-runner"
            },
            "tags_all": {
              "Example": "ep-runner",
              "Project": "ep-runner",
              "ghr:environment": "ep-runner"
            }
          },
          "sensitive_attributes": [],
          "private": "bnVsbA=="
        }
      ]
    },
    {
      "module": "module.runners.module.runner_binaries[0]",
      "mode": "managed",
      "type": "aws_cloudwatch_event_target",
      "name": "syncer",
      "provider": "provider[\"registry.terraform.io/hashicorp/aws\"]",
      "instances": [
        {
          "schema_version": 1,
          "attributes": {
            "arn": "arn:aws:lambda:ca-central-1:152368484097:function:ep-runner-syncer",
            "batch_target": [],
            "dead_letter_config": [],
            "ecs_target": [],
            "event_bus_name": "default",
            "http_target": [],
            "id": "ep-runner-syncer-rule-terraform-20230117184507360600000003",
            "input": "",
            "input_path": "",
            "input_transformer": [],
            "kinesis_target": [],
            "redshift_target": [],
            "retry_policy": [],
            "role_arn": "",
            "rule": "ep-runner-syncer-rule",
            "run_command_targets": [],
            "sqs_target": [],
            "target_id": "terraform-20230117184507360600000003"
          },
          "sensitive_attributes": [],
          "private": "eyJzY2hlbWFfdmVyc2lvbiI6IjEifQ==",
          "dependencies": [
            "module.runners.module.runner_binaries.aws_cloudwatch_event_rule.syncer",
            "module.runners.module.runner_binaries.aws_iam_role.syncer_lambda",
            "module.runners.module.runner_binaries.aws_lambda_function.syncer",
            "module.runners.module.runner_binaries.aws_s3_bucket.action_dist",
            "module.runners.module.runner_binaries.data.aws_iam_policy_document.lambda_assume_role_policy",
            "module.runners.random_string.random"
          ]
        }
      ]
    },
    {
      "module": "module.runners.module.runner_binaries[0]",
      "mode": "managed",
      "type": "aws_cloudwatch_log_group",
      "name": "syncer",
      "provider": "provider[\"registry.terraform.io/hashicorp/aws\"]",
      "instances": [
        {
          "schema_version": 0,
          "attributes": {
            "arn": "arn:aws:logs:ca-central-1:152368484097:log-group:/aws/lambda/ep-runner-syncer",
            "id": "/aws/lambda/ep-runner-syncer",
            "kms_key_id": "",
            "name": "/aws/lambda/ep-runner-syncer",
            "name_prefix": "",
            "retention_in_days": 180,
            "skip_destroy": false,
            "tags": {
              "Project": "ep-runner",
              "ghr:environment": "ep-runner"
            },
            "tags_all": {
              "Example": "ep-runner",
              "Project": "ep-runner",
              "ghr:environment": "ep-runner"
            }
          },
          "sensitive_attributes": [],
          "private": "bnVsbA==",
          "dependencies": [
            "module.runners.module.runner_binaries.aws_iam_role.syncer_lambda",
            "module.runners.module.runner_binaries.aws_lambda_function.syncer",
            "module.runners.module.runner_binaries.aws_s3_bucket.action_dist",
            "module.runners.module.runner_binaries.data.aws_iam_policy_document.lambda_assume_role_policy",
            "module.runners.random_string.random"
          ]
        }
      ]
    },
    {
      "module": "module.runners.module.runner_binaries[0]",
      "mode": "managed",
      "type": "aws_iam_role",
      "name": "syncer_lambda",
      "provider": "provider[\"registry.terraform.io/hashicorp/aws\"]",
      "instances": [
        {
          "schema_version": 0,
          "attributes": {
            "arn": "arn:aws:iam::152368484097:role/ep-runner/ep-runner-action-syncer-lambda-role",
            "assume_role_policy": "{\"Statement\":[{\"Action\":\"sts:AssumeRole\",\"Effect\":\"Allow\",\"Principal\":{\"Service\":\"lambda.amazonaws.com\"},\"Sid\":\"\"}],\"Version\":\"2012-10-17\"}",
            "create_date": "2023-01-17T18:44:40Z",
            "description": "",
            "force_detach_policies": false,
            "id": "ep-runner-action-syncer-lambda-role",
            "inline_policy": [
              {
                "name": "ep-runner-lambda-logging-policy-syncer",
                "policy": "{\"Version\":\"2012-10-17\",\"Statement\":[{\"Action\":[\"logs:CreateLogStream\",\"logs:PutLogEvents\"],\"Effect\":\"Allow\",\"Resource\":\"arn:aws:logs:ca-central-1:152368484097:log-group:/aws/lambda/ep-runner-syncer*\"}]}"
              },
              {
                "name": "ep-runner-lambda-syncer-s3-policy",
                "policy": "{\"Version\":\"2012-10-17\",\"Statement\":[{\"Action\":[\"s3:GetObjectTagging\",\"s3:GetObjectVersionTagging\",\"s3:PutObject\",\"s3:PutObjectTagging\"],\"Effect\":\"Allow\",\"Resource\":[\"arn:aws:s3:::ep-runner-dist-n7mr2aq6dgyvpcb2tj2ppglr/actions-runner-linux.tar.gz\"]}]}"
              }
            ],
            "managed_policy_arns": [],
            "max_session_duration": 3600,
            "name": "ep-runner-action-syncer-lambda-role",
            "name_prefix": "",
            "path": "/ep-runner/",
            "permissions_boundary": null,
            "tags": {
              "Project": "ep-runner",
              "ghr:environment": "ep-runner"
            },
            "tags_all": {
              "Example": "ep-runner",
              "Project": "ep-runner",
              "ghr:environment": "ep-runner"
            },
            "unique_id": "AROASG6O6R4AVXEMTPGND"
          },
          "sensitive_attributes": [],
          "private": "bnVsbA==",
          "dependencies": [
            "module.runners.module.runner_binaries.data.aws_iam_policy_document.lambda_assume_role_policy"
          ]
        }
      ]
    },
    {
      "module": "module.runners.module.runner_binaries[0]",
      "mode": "managed",
      "type": "aws_iam_role_policy",
      "name": "lambda_logging",
      "provider": "provider[\"registry.terraform.io/hashicorp/aws\"]",
      "instances": [
        {
          "schema_version": 0,
          "attributes": {
            "id": "ep-runner-action-syncer-lambda-role:ep-runner-lambda-logging-policy-syncer",
            "name": "ep-runner-lambda-logging-policy-syncer",
            "name_prefix": null,
            "policy": "{\"Version\":\"2012-10-17\",\"Statement\":[{\"Action\":[\"logs:CreateLogStream\",\"logs:PutLogEvents\"],\"Effect\":\"Allow\",\"Resource\":\"arn:aws:logs:ca-central-1:152368484097:log-group:/aws/lambda/ep-runner-syncer*\"}]}",
            "role": "ep-runner-action-syncer-lambda-role"
          },
          "sensitive_attributes": [],
          "private": "bnVsbA==",
          "dependencies": [
            "module.runners.module.runner_binaries.aws_cloudwatch_log_group.syncer",
            "module.runners.module.runner_binaries.aws_iam_role.syncer_lambda",
            "module.runners.module.runner_binaries.aws_lambda_function.syncer",
            "module.runners.module.runner_binaries.aws_s3_bucket.action_dist",
            "module.runners.module.runner_binaries.data.aws_iam_policy_document.lambda_assume_role_policy",
            "module.runners.random_string.random"
          ]
        }
      ]
    },
    {
      "module": "module.runners.module.runner_binaries[0]",
      "mode": "managed",
      "type": "aws_iam_role_policy",
      "name": "syncer",
      "provider": "provider[\"registry.terraform.io/hashicorp/aws\"]",
      "instances": [
        {
          "schema_version": 0,
          "attributes": {
            "id": "ep-runner-action-syncer-lambda-role:ep-runner-lambda-syncer-s3-policy",
            "name": "ep-runner-lambda-syncer-s3-policy",
            "name_prefix": null,
            "policy": "{\"Version\":\"2012-10-17\",\"Statement\":[{\"Action\":[\"s3:GetObjectTagging\",\"s3:GetObjectVersionTagging\",\"s3:PutObject\",\"s3:PutObjectTagging\"],\"Effect\":\"Allow\",\"Resource\":[\"arn:aws:s3:::ep-runner-dist-n7mr2aq6dgyvpcb2tj2ppglr/actions-runner-linux.tar.gz\"]}]}",
            "role": "ep-runner-action-syncer-lambda-role"
          },
          "sensitive_attributes": [],
          "private": "bnVsbA==",
          "dependencies": [
            "module.runners.module.runner_binaries.aws_iam_role.syncer_lambda",
            "module.runners.module.runner_binaries.aws_s3_bucket.action_dist",
            "module.runners.module.runner_binaries.data.aws_iam_policy_document.lambda_assume_role_policy",
            "module.runners.random_string.random"
          ]
        }
      ]
    },
    {
      "module": "module.runners.module.runner_binaries[0]",
      "mode": "managed",
      "type": "aws_lambda_function",
      "name": "syncer",
      "provider": "provider[\"registry.terraform.io/hashicorp/aws\"]",
      "instances": [
        {
          "schema_version": 0,
          "attributes": {
            "architectures": [
              "arm64"
            ],
            "arn": "arn:aws:lambda:ca-central-1:152368484097:function:ep-runner-syncer",
            "code_signing_config_arn": "",
            "dead_letter_config": [],
            "description": "",
            "environment": [
              {
                "variables": {
                  "GITHUB_RUNNER_ARCHITECTURE": "x64",
                  "GITHUB_RUNNER_OS": "linux",
                  "LOG_LEVEL": "info",
                  "LOG_TYPE": "pretty",
                  "S3_BUCKET_NAME": "ep-runner-dist-n7mr2aq6dgyvpcb2tj2ppglr",
                  "S3_OBJECT_KEY": "actions-runner-linux.tar.gz"
                }
              }
            ],
            "ephemeral_storage": [
              {
                "size": 512
              }
            ],
            "file_system_config": [],
            "filename": "./lambdas/runner-binaries-syncer.zip",
            "function_name": "ep-runner-syncer",
            "handler": "index.handler",
            "id": "ep-runner-syncer",
            "image_config": [],
            "image_uri": "",
            "invoke_arn": "arn:aws:apigateway:ca-central-1:lambda:path/2015-03-31/functions/arn:aws:lambda:ca-central-1:152368484097:function:ep-runner-syncer/invocations",
            "kms_key_arn": "",
            "last_modified": "2023-01-17T18:45:07.727+0000",
            "layers": [],
            "memory_size": 256,
            "package_type": "Zip",
            "publish": false,
            "qualified_arn": "arn:aws:lambda:ca-central-1:152368484097:function:ep-runner-syncer:$LATEST",
            "qualified_invoke_arn": "arn:aws:apigateway:ca-central-1:lambda:path/2015-03-31/functions/arn:aws:lambda:ca-central-1:152368484097:function:ep-runner-syncer:$LATEST/invocations",
            "reserved_concurrent_executions": -1,
            "role": "arn:aws:iam::152368484097:role/ep-runner/ep-runner-action-syncer-lambda-role",
            "runtime": "nodejs18.x",
            "s3_bucket": null,
            "s3_key": null,
            "s3_object_version": null,
            "signing_job_arn": "",
            "signing_profile_version_arn": "",
            "snap_start": [],
            "source_code_hash": "IIpI6mmZ0mm6IsqyffcC2TYI+ljC6w7LCSNF9J9ZpaQ=",
            "source_code_size": 1298017,
            "tags": {
              "Project": "ep-runner",
              "ghr:environment": "ep-runner"
            },
            "tags_all": {
              "Example": "ep-runner",
              "Project": "ep-runner",
              "ghr:environment": "ep-runner"
            },
            "timeout": 300,
            "timeouts": null,
            "tracing_config": [
              {
                "mode": "PassThrough"
              }
            ],
            "version": "$LATEST",
            "vpc_config": []
          },
          "sensitive_attributes": [],
          "private": "eyJlMmJmYjczMC1lY2FhLTExZTYtOGY4OC0zNDM2M2JjN2M0YzAiOnsiY3JlYXRlIjo2MDAwMDAwMDAwMDB9fQ==",
          "dependencies": [
            "module.runners.module.runner_binaries.aws_iam_role.syncer_lambda",
            "module.runners.module.runner_binaries.aws_s3_bucket.action_dist",
            "module.runners.module.runner_binaries.data.aws_iam_policy_document.lambda_assume_role_policy",
            "module.runners.random_string.random"
          ]
        }
      ]
    },
    {
      "module": "module.runners.module.runner_binaries[0]",
      "mode": "managed",
      "type": "aws_lambda_permission",
      "name": "on_deploy",
      "provider": "provider[\"registry.terraform.io/hashicorp/aws\"]",
      "instances": [
        {
          "schema_version": 0,
          "attributes": {
            "action": "lambda:InvokeFunction",
            "event_source_token": "",
            "function_name": "arn:aws:lambda:ca-central-1:152368484097:function:ep-runner-syncer",
            "function_url_auth_type": "",
            "id": "AllowExecutionFromS3Bucket",
            "principal": "s3.amazonaws.com",
            "principal_org_id": "",
            "qualifier": "",
            "source_account": "152368484097",
            "source_arn": "arn:aws:s3:::ep-runner-dist-n7mr2aq6dgyvpcb2tj2ppglr",
            "statement_id": "AllowExecutionFromS3Bucket",
            "statement_id_prefix": ""
          },
          "sensitive_attributes": [],
          "private": "bnVsbA==",
          "dependencies": [
            "module.runners.module.runner_binaries.aws_iam_role.syncer_lambda",
            "module.runners.module.runner_binaries.aws_lambda_function.syncer",
            "module.runners.module.runner_binaries.aws_s3_bucket.action_dist",
            "module.runners.module.runner_binaries.data.aws_caller_identity.current",
            "module.runners.module.runner_binaries.data.aws_iam_policy_document.lambda_assume_role_policy",
            "module.runners.random_string.random"
          ]
        }
      ]
    },
    {
      "module": "module.runners.module.runner_binaries[0]",
      "mode": "managed",
      "type": "aws_lambda_permission",
      "name": "syncer",
      "provider": "provider[\"registry.terraform.io/hashicorp/aws\"]",
      "instances": [
        {
          "schema_version": 0,
          "attributes": {
            "action": "lambda:InvokeFunction",
            "event_source_token": null,
            "function_name": "ep-runner-syncer",
            "function_url_auth_type": null,
            "id": "AllowExecutionFromCloudWatch",
            "principal": "events.amazonaws.com",
            "principal_org_id": null,
            "qualifier": "",
            "source_account": null,
            "source_arn": "arn:aws:events:ca-central-1:152368484097:rule/ep-runner-syncer-rule",
            "statement_id": "AllowExecutionFromCloudWatch",
            "statement_id_prefix": ""
          },
          "sensitive_attributes": [],
          "private": "bnVsbA==",
          "dependencies": [
            "module.runners.module.runner_binaries.aws_cloudwatch_event_rule.syncer",
            "module.runners.module.runner_binaries.aws_iam_role.syncer_lambda",
            "module.runners.module.runner_binaries.aws_lambda_function.syncer",
            "module.runners.module.runner_binaries.aws_s3_bucket.action_dist",
            "module.runners.module.runner_binaries.data.aws_iam_policy_document.lambda_assume_role_policy",
            "module.runners.random_string.random"
          ]
        }
      ]
    },
    {
      "module": "module.runners.module.runner_binaries[0]",
      "mode": "managed",
      "type": "aws_s3_bucket",
      "name": "action_dist",
      "provider": "provider[\"registry.terraform.io/hashicorp/aws\"]",
      "instances": [
        {
          "schema_version": 0,
          "attributes": {
            "acceleration_status": "",
            "acl": null,
            "arn": "arn:aws:s3:::ep-runner-dist-n7mr2aq6dgyvpcb2tj2ppglr",
            "bucket": "ep-runner-dist-n7mr2aq6dgyvpcb2tj2ppglr",
            "bucket_domain_name": "ep-runner-dist-n7mr2aq6dgyvpcb2tj2ppglr.s3.amazonaws.com",
            "bucket_prefix": null,
            "bucket_regional_domain_name": "ep-runner-dist-n7mr2aq6dgyvpcb2tj2ppglr.s3.ca-central-1.amazonaws.com",
            "cors_rule": [],
            "force_destroy": true,
            "grant": [
              {
                "id": "040119ca5444a04073730df71fc6a859f38b6c9075307715e7670d0e5f4c5e49",
                "permissions": [
                  "FULL_CONTROL"
                ],
                "type": "CanonicalUser",
                "uri": ""
              }
            ],
            "hosted_zone_id": "Z1QDHH18159H29",
            "id": "ep-runner-dist-n7mr2aq6dgyvpcb2tj2ppglr",
            "lifecycle_rule": [
              {
                "abort_incomplete_multipart_upload_days": 7,
                "enabled": true,
                "expiration": [],
                "id": "lifecycle_config",
                "noncurrent_version_expiration": [],
                "noncurrent_version_transition": [],
                "prefix": "",
                "tags": {},
                "transition": [
                  {
                    "date": "",
                    "days": 35,
                    "storage_class": "INTELLIGENT_TIERING"
                  }
                ]
              }
            ],
            "logging": [],
            "object_lock_configuration": [],
            "object_lock_enabled": false,
            "policy": "",
            "region": "ca-central-1",
            "replication_configuration": [],
            "request_payer": "BucketOwner",
            "server_side_encryption_configuration": [
              {
                "rule": [
                  {
                    "apply_server_side_encryption_by_default": [],
                    "bucket_key_enabled": false
                  }
                ]
              }
            ],
            "tags": {
              "Project": "ep-runner",
              "ghr:environment": "ep-runner"
            },
            "tags_all": {
              "Example": "ep-runner",
              "Project": "ep-runner",
              "ghr:environment": "ep-runner"
            },
            "timeouts": null,
            "versioning": [
              {
                "enabled": false,
                "mfa_delete": false
              }
            ],
            "website": [],
            "website_domain": null,
            "website_endpoint": null
          },
          "sensitive_attributes": [],
          "private": "eyJlMmJmYjczMC1lY2FhLTExZTYtOGY4OC0zNDM2M2JjN2M0YzAiOnsiY3JlYXRlIjoxMjAwMDAwMDAwMDAwLCJkZWxldGUiOjM2MDAwMDAwMDAwMDAsInJlYWQiOjEyMDAwMDAwMDAwMDAsInVwZGF0ZSI6MTIwMDAwMDAwMDAwMH19",
          "dependencies": [
            "module.runners.random_string.random"
          ]
        }
      ]
    },
    {
      "module": "module.runners.module.runner_binaries[0]",
      "mode": "managed",
      "type": "aws_s3_bucket_acl",
      "name": "action_dist_acl",
      "provider": "provider[\"registry.terraform.io/hashicorp/aws\"]",
      "instances": [
        {
          "schema_version": 0,
          "attributes": {
            "access_control_policy": [
              {
                "grant": [
                  {
                    "grantee": [
                      {
                        "display_name": "",
                        "email_address": "",
                        "id": "040119ca5444a04073730df71fc6a859f38b6c9075307715e7670d0e5f4c5e49",
                        "type": "CanonicalUser",
                        "uri": ""
                      }
                    ],
                    "permission": "FULL_CONTROL"
                  }
                ],
                "owner": [
                  {
                    "display_name": "",
                    "id": "040119ca5444a04073730df71fc6a859f38b6c9075307715e7670d0e5f4c5e49"
                  }
                ]
              }
            ],
            "acl": "private",
            "bucket": "ep-runner-dist-n7mr2aq6dgyvpcb2tj2ppglr",
            "expected_bucket_owner": "",
            "id": "ep-runner-dist-n7mr2aq6dgyvpcb2tj2ppglr,private"
          },
          "sensitive_attributes": [],
          "private": "bnVsbA==",
          "dependencies": [
            "module.runners.module.runner_binaries.aws_s3_bucket.action_dist",
            "module.runners.random_string.random"
          ]
        }
      ]
    },
    {
      "module": "module.runners.module.runner_binaries[0]",
      "mode": "managed",
      "type": "aws_s3_bucket_lifecycle_configuration",
      "name": "bucket-config",
      "provider": "provider[\"registry.terraform.io/hashicorp/aws\"]",
      "instances": [
        {
          "schema_version": 0,
          "attributes": {
            "bucket": "ep-runner-dist-n7mr2aq6dgyvpcb2tj2ppglr",
            "expected_bucket_owner": "",
            "id": "ep-runner-dist-n7mr2aq6dgyvpcb2tj2ppglr",
            "rule": [
              {
                "abort_incomplete_multipart_upload": [
                  {
                    "days_after_initiation": 7
                  }
                ],
                "expiration": [],
                "filter": [
                  {
                    "and": [],
                    "object_size_greater_than": "",
                    "object_size_less_than": "",
                    "prefix": "",
                    "tag": []
                  }
                ],
                "id": "lifecycle_config",
                "noncurrent_version_expiration": [],
                "noncurrent_version_transition": [],
                "prefix": "",
                "status": "Enabled",
                "transition": [
                  {
                    "date": "",
                    "days": 35,
                    "storage_class": "INTELLIGENT_TIERING"
                  }
                ]
              }
            ]
          },
          "sensitive_attributes": [],
          "private": "bnVsbA==",
          "dependencies": [
            "module.runners.module.runner_binaries.aws_s3_bucket.action_dist",
            "module.runners.random_string.random"
          ]
        }
      ]
    },
    {
      "module": "module.runners.module.runner_binaries[0]",
      "mode": "managed",
      "type": "aws_s3_bucket_notification",
      "name": "on_deploy",
      "provider": "provider[\"registry.terraform.io/hashicorp/aws\"]",
      "instances": [
        {
          "schema_version": 0,
          "attributes": {
            "bucket": "ep-runner-dist-n7mr2aq6dgyvpcb2tj2ppglr",
            "eventbridge": false,
            "id": "ep-runner-dist-n7mr2aq6dgyvpcb2tj2ppglr",
            "lambda_function": [
              {
                "events": [
                  "s3:ObjectCreated:*"
                ],
                "filter_prefix": "triggers/",
                "filter_suffix": ".json",
                "id": "tf-s3-lambda-20230117184507819100000004",
                "lambda_function_arn": "arn:aws:lambda:ca-central-1:152368484097:function:ep-runner-syncer"
              }
            ],
            "queue": [],
            "topic": []
          },
          "sensitive_attributes": [],
          "private": "bnVsbA==",
          "dependencies": [
            "module.runners.module.runner_binaries.aws_iam_role.syncer_lambda",
            "module.runners.module.runner_binaries.aws_lambda_function.syncer",
            "module.runners.module.runner_binaries.aws_lambda_permission.on_deploy",
            "module.runners.module.runner_binaries.aws_s3_bucket.action_dist",
            "module.runners.module.runner_binaries.data.aws_caller_identity.current",
            "module.runners.module.runner_binaries.data.aws_iam_policy_document.lambda_assume_role_policy",
            "module.runners.random_string.random"
          ]
        }
      ]
    },
    {
      "module": "module.runners.module.runner_binaries[0]",
      "mode": "managed",
      "type": "aws_s3_bucket_public_access_block",
      "name": "action_dist",
      "provider": "provider[\"registry.terraform.io/hashicorp/aws\"]",
      "instances": [
        {
          "schema_version": 0,
          "attributes": {
            "block_public_acls": true,
            "block_public_policy": true,
            "bucket": "ep-runner-dist-n7mr2aq6dgyvpcb2tj2ppglr",
            "id": "ep-runner-dist-n7mr2aq6dgyvpcb2tj2ppglr",
            "ignore_public_acls": true,
            "restrict_public_buckets": true
          },
          "sensitive_attributes": [],
          "private": "bnVsbA==",
          "dependencies": [
            "module.runners.module.runner_binaries.aws_s3_bucket.action_dist",
            "module.runners.random_string.random"
          ]
        }
      ]
    },
    {
      "module": "module.runners.module.runner_binaries[0]",
      "mode": "managed",
      "type": "aws_s3_bucket_server_side_encryption_configuration",
      "name": "action_dist",
      "provider": "provider[\"registry.terraform.io/hashicorp/aws\"]",
      "instances": [
        {
          "index_key": 0,
          "schema_version": 0,
          "attributes": {
            "bucket": "ep-runner-dist-n7mr2aq6dgyvpcb2tj2ppglr",
            "expected_bucket_owner": "",
            "id": "ep-runner-dist-n7mr2aq6dgyvpcb2tj2ppglr",
            "rule": [
              {
                "apply_server_side_encryption_by_default": [],
                "bucket_key_enabled": false
              }
            ]
          },
          "sensitive_attributes": [],
          "private": "bnVsbA==",
          "dependencies": [
            "module.runners.module.runner_binaries.aws_s3_bucket.action_dist",
            "module.runners.random_string.random"
          ]
        }
      ]
    },
    {
      "module": "module.runners.module.runner_binaries[0]",
      "mode": "managed",
      "type": "aws_s3_object",
      "name": "trigger",
      "provider": "provider[\"registry.terraform.io/hashicorp/aws\"]",
      "instances": [
        {
          "schema_version": 0,
          "attributes": {
            "acl": "private",
            "bucket": "ep-runner-dist-n7mr2aq6dgyvpcb2tj2ppglr",
            "bucket_key_enabled": false,
            "cache_control": "",
            "content": null,
            "content_base64": null,
            "content_disposition": "",
            "content_encoding": "",
            "content_language": "",
            "content_type": "binary/octet-stream",
            "etag": "20355efabaae9ed4d51fbc5a68eb4ce3",
            "force_destroy": false,
            "id": "triggers/ep-runner-syncer-trigger.json",
            "key": "triggers/ep-runner-syncer-trigger.json",
            "kms_key_id": null,
            "metadata": {},
            "object_lock_legal_hold_status": "",
            "object_lock_mode": "",
            "object_lock_retain_until_date": "",
            "server_side_encryption": "",
            "source": ".terraform/modules/runners/modules/runner-binaries-syncer/trigger.json",
            "source_hash": null,
            "storage_class": "STANDARD",
            "tags": {},
            "tags_all": {
              "Example": "ep-runner"
            },
            "version_id": "",
            "website_redirect": ""
          },
          "sensitive_attributes": [],
          "private": "bnVsbA==",
          "dependencies": [
            "module.runners.module.runner_binaries.aws_iam_role.syncer_lambda",
            "module.runners.module.runner_binaries.aws_lambda_function.syncer",
            "module.runners.module.runner_binaries.aws_lambda_permission.on_deploy",
            "module.runners.module.runner_binaries.aws_s3_bucket.action_dist",
            "module.runners.module.runner_binaries.aws_s3_bucket_notification.on_deploy",
            "module.runners.module.runner_binaries.data.aws_caller_identity.current",
            "module.runners.module.runner_binaries.data.aws_iam_policy_document.lambda_assume_role_policy",
            "module.runners.random_string.random"
          ]
        }
      ]
    },
    {
      "module": "module.runners.module.runners",
      "mode": "data",
      "type": "aws_ami",
      "name": "runner",
      "provider": "provider[\"registry.terraform.io/hashicorp/aws\"]",
      "instances": [
        {
          "schema_version": 0,
          "attributes": {
            "architecture": "x86_64",
            "arn": "arn:aws:ec2:ca-central-1::image/ami-0dae3a932d090b3de",
            "block_device_mappings": [
              {
                "device_name": "/dev/sda1",
                "ebs": {
                  "delete_on_termination": "true",
                  "encrypted": "false",
                  "iops": "0",
                  "snapshot_id": "snap-0b8c2283c32d79a03",
                  "throughput": "0",
                  "volume_size": "8",
                  "volume_type": "gp2"
                },
                "no_device": "",
                "virtual_name": ""
              },
              {
                "device_name": "/dev/sdb",
                "ebs": {},
                "no_device": "",
                "virtual_name": "ephemeral0"
              },
              {
                "device_name": "/dev/sdc",
                "ebs": {},
                "no_device": "",
                "virtual_name": "ephemeral1"
              }
            ],
            "boot_mode": "",
            "creation_date": "2023-01-15T02:51:37.000Z",
            "deprecation_time": "2025-01-15T02:51:37.000Z",
            "description": "Canonical, Ubuntu, 22.04 LTS, amd64 jammy image build on 2023-01-15",
            "ena_support": true,
            "executable_users": null,
            "filter": [
              {
                "name": "name",
                "values": [
                  "ubuntu/images/hvm-ssd/ubuntu-jammy-22.04-amd64-server-*"
                ]
              }
            ],
            "hypervisor": "xen",
            "id": "ami-0dae3a932d090b3de",
            "image_id": "ami-0dae3a932d090b3de",
            "image_location": "amazon/ubuntu/images/hvm-ssd/ubuntu-jammy-22.04-amd64-server-20230115",
            "image_owner_alias": "amazon",
            "image_type": "machine",
            "imds_support": "",
            "include_deprecated": false,
            "kernel_id": "",
            "most_recent": true,
            "name": "ubuntu/images/hvm-ssd/ubuntu-jammy-22.04-amd64-server-20230115",
            "name_regex": null,
            "owner_id": "099720109477",
            "owners": [
              "099720109477"
            ],
            "platform": "",
            "platform_details": "Linux/UNIX",
            "product_codes": [],
            "public": true,
            "ramdisk_id": "",
            "root_device_name": "/dev/sda1",
            "root_device_type": "ebs",
            "root_snapshot_id": "snap-0b8c2283c32d79a03",
            "sriov_net_support": "simple",
            "state": "available",
            "state_reason": {
              "code": "UNSET",
              "message": "UNSET"
            },
            "tags": {},
            "timeouts": null,
            "tpm_support": "",
            "usage_operation": "RunInstances",
            "virtualization_type": "hvm"
          },
          "sensitive_attributes": []
        }
      ]
    },
    {
      "module": "module.runners.module.runners",
      "mode": "data",
      "type": "aws_caller_identity",
      "name": "current",
      "provider": "provider[\"registry.terraform.io/hashicorp/aws\"]",
      "instances": [
        {
          "schema_version": 0,
          "attributes": {
            "account_id": "152368484097",
            "arn": "arn:aws:iam::152368484097:user/demo",
            "id": "152368484097",
            "user_id": "AIDASG6O6R4AX2TXIIAJ4"
          },
          "sensitive_attributes": []
        }
      ]
    },
    {
      "module": "module.runners.module.runners",
      "mode": "data",
      "type": "aws_iam_policy_document",
      "name": "lambda_assume_role_policy",
      "provider": "provider[\"registry.terraform.io/hashicorp/aws\"]",
      "instances": [
        {
          "schema_version": 0,
          "attributes": {
            "id": "3693445097",
            "json": "{\n  \"Version\": \"2012-10-17\",\n  \"Statement\": [\n    {\n      \"Sid\": \"\",\n      \"Effect\": \"Allow\",\n      \"Action\": \"sts:AssumeRole\",\n      \"Principal\": {\n        \"Service\": \"lambda.amazonaws.com\"\n      }\n    }\n  ]\n}",
            "override_json": null,
            "override_policy_documents": null,
            "policy_id": null,
            "source_json": null,
            "source_policy_documents": null,
            "statement": [
              {
                "actions": [
                  "sts:AssumeRole"
                ],
                "condition": [],
                "effect": "Allow",
                "not_actions": [],
                "not_principals": [],
                "not_resources": [],
                "principals": [
                  {
                    "identifiers": [
                      "lambda.amazonaws.com"
                    ],
                    "type": "Service"
                  }
                ],
                "resources": [],
                "sid": ""
              }
            ],
            "version": "2012-10-17"
          },
          "sensitive_attributes": []
        }
      ]
    },
    {
      "module": "module.runners.module.runners",
      "mode": "managed",
      "type": "aws_cloudwatch_event_rule",
      "name": "scale_down",
      "provider": "provider[\"registry.terraform.io/hashicorp/aws\"]",
      "instances": [
        {
          "schema_version": 0,
          "attributes": {
            "arn": "arn:aws:events:ca-central-1:152368484097:rule/ep-runner-scale-down-rule",
            "description": "",
            "event_bus_name": "default",
            "event_pattern": null,
            "id": "ep-runner-scale-down-rule",
            "is_enabled": true,
            "name": "ep-runner-scale-down-rule",
            "name_prefix": "",
            "role_arn": "",
            "schedule_expression": "cron(*/5 * * * ? *)",
            "tags": {
              "Project": "ep-runner",
              "ghr:environment": "ep-runner"
            },
            "tags_all": {
              "Example": "ep-runner",
              "Project": "ep-runner",
              "ghr:environment": "ep-runner"
            }
          },
          "sensitive_attributes": [],
          "private": "bnVsbA=="
        }
      ]
    },
    {
      "module": "module.runners.module.runners",
      "mode": "managed",
      "type": "aws_cloudwatch_event_target",
      "name": "scale_down",
      "provider": "provider[\"registry.terraform.io/hashicorp/aws\"]",
      "instances": [
        {
          "schema_version": 1,
          "attributes": {
            "arn": "arn:aws:lambda:ca-central-1:152368484097:function:ep-runner-scale-down",
            "batch_target": [],
            "dead_letter_config": [],
            "ecs_target": [],
            "event_bus_name": "default",
            "http_target": [],
            "id": "ep-runner-scale-down-rule-terraform-20230117184458905200000002",
            "input": "",
            "input_path": "",
            "input_transformer": [],
            "kinesis_target": [],
            "redshift_target": [],
            "retry_policy": [],
            "role_arn": "",
            "rule": "ep-runner-scale-down-rule",
            "run_command_targets": [],
            "sqs_target": [],
            "target_id": "terraform-20230117184458905200000002"
          },
          "sensitive_attributes": [],
          "private": "eyJzY2hlbWFfdmVyc2lvbiI6IjEifQ==",
          "dependencies": [
            "module.runners.module.runners.aws_cloudwatch_event_rule.scale_down",
            "module.runners.module.runners.aws_iam_role.scale_down",
            "module.runners.module.runners.aws_lambda_function.scale_down",
            "module.runners.module.runners.data.aws_iam_policy_document.lambda_assume_role_policy",
            "module.runners.module.ssm.aws_ssm_parameter.github_app_id",
            "module.runners.module.ssm.aws_ssm_parameter.github_app_key_base64",
            "module.runners.module.ssm.aws_ssm_parameter.github_app_webhook_secret",
            "random_id.random"
          ]
        }
      ]
    },
    {
      "module": "module.runners.module.runners",
      "mode": "managed",
      "type": "aws_cloudwatch_log_group",
      "name": "gh_runners",
      "provider": "provider[\"registry.terraform.io/hashicorp/aws\"]",
      "instances": [
        {
          "index_key": 0,
          "schema_version": 0,
          "attributes": {
            "arn": "arn:aws:logs:ca-central-1:152368484097:log-group:/github-self-hosted-runners/ep-runner/syslog",
            "id": "/github-self-hosted-runners/ep-runner/syslog",
            "kms_key_id": "",
            "name": "/github-self-hosted-runners/ep-runner/syslog",
            "name_prefix": "",
            "retention_in_days": 180,
            "skip_destroy": false,
            "tags": {
              "Name": "ep-runner-action-runner",
              "Project": "ep-runner",
              "ghr:environment": "ep-runner",
              "ghr:ssm_config_path": "/github-action-runners/ep-runner/runners/config"
            },
            "tags_all": {
              "Example": "ep-runner",
              "Name": "ep-runner-action-runner",
              "Project": "ep-runner",
              "ghr:environment": "ep-runner",
              "ghr:ssm_config_path": "/github-action-runners/ep-runner/runners/config"
            }
          },
          "sensitive_attributes": [],
          "private": "bnVsbA=="
        },
        {
          "index_key": 1,
          "schema_version": 0,
          "attributes": {
            "arn": "arn:aws:logs:ca-central-1:152368484097:log-group:/github-self-hosted-runners/ep-runner/user_data",
            "id": "/github-self-hosted-runners/ep-runner/user_data",
            "kms_key_id": "",
            "name": "/github-self-hosted-runners/ep-runner/user_data",
            "name_prefix": "",
            "retention_in_days": 180,
            "skip_destroy": false,
            "tags": {
              "Name": "ep-runner-action-runner",
              "Project": "ep-runner",
              "ghr:environment": "ep-runner",
              "ghr:ssm_config_path": "/github-action-runners/ep-runner/runners/config"
            },
            "tags_all": {
              "Example": "ep-runner",
              "Name": "ep-runner-action-runner",
              "Project": "ep-runner",
              "ghr:environment": "ep-runner",
              "ghr:ssm_config_path": "/github-action-runners/ep-runner/runners/config"
            }
          },
          "sensitive_attributes": [],
          "private": "bnVsbA=="
        },
        {
          "index_key": 2,
          "schema_version": 0,
          "attributes": {
            "arn": "arn:aws:logs:ca-central-1:152368484097:log-group:/github-self-hosted-runners/ep-runner/runner",
            "id": "/github-self-hosted-runners/ep-runner/runner",
            "kms_key_id": "",
            "name": "/github-self-hosted-runners/ep-runner/runner",
            "name_prefix": "",
            "retention_in_days": 180,
            "skip_destroy": false,
            "tags": {
              "Name": "ep-runner-action-runner",
              "Project": "ep-runner",
              "ghr:environment": "ep-runner",
              "ghr:ssm_config_path": "/github-action-runners/ep-runner/runners/config"
            },
            "tags_all": {
              "Example": "ep-runner",
              "Name": "ep-runner-action-runner",
              "Project": "ep-runner",
              "ghr:environment": "ep-runner",
              "ghr:ssm_config_path": "/github-action-runners/ep-runner/runners/config"
            }
          },
          "sensitive_attributes": [],
          "private": "bnVsbA=="
        }
      ]
    },
    {
      "module": "module.runners.module.runners",
      "mode": "managed",
      "type": "aws_cloudwatch_log_group",
      "name": "scale_down",
      "provider": "provider[\"registry.terraform.io/hashicorp/aws\"]",
      "instances": [
        {
          "schema_version": 0,
          "attributes": {
            "arn": "arn:aws:logs:ca-central-1:152368484097:log-group:/aws/lambda/ep-runner-scale-down",
            "id": "/aws/lambda/ep-runner-scale-down",
            "kms_key_id": "",
            "name": "/aws/lambda/ep-runner-scale-down",
            "name_prefix": "",
            "retention_in_days": 180,
            "skip_destroy": false,
            "tags": {
              "Project": "ep-runner",
              "ghr:environment": "ep-runner"
            },
            "tags_all": {
              "Example": "ep-runner",
              "Project": "ep-runner",
              "ghr:environment": "ep-runner"
            }
          },
          "sensitive_attributes": [],
          "private": "bnVsbA==",
          "dependencies": [
            "module.runners.module.runners.aws_iam_role.scale_down",
            "module.runners.module.runners.aws_lambda_function.scale_down",
            "module.runners.module.runners.data.aws_iam_policy_document.lambda_assume_role_policy",
            "module.runners.module.ssm.aws_ssm_parameter.github_app_id",
            "module.runners.module.ssm.aws_ssm_parameter.github_app_key_base64",
            "module.runners.module.ssm.aws_ssm_parameter.github_app_webhook_secret",
            "random_id.random"
          ]
        }
      ]
    },
    {
      "module": "module.runners.module.runners",
      "mode": "managed",
      "type": "aws_cloudwatch_log_group",
      "name": "scale_up",
      "provider": "provider[\"registry.terraform.io/hashicorp/aws\"]",
      "instances": [
        {
          "schema_version": 0,
          "attributes": {
            "arn": "arn:aws:logs:ca-central-1:152368484097:log-group:/aws/lambda/ep-runner-scale-up",
            "id": "/aws/lambda/ep-runner-scale-up",
            "kms_key_id": "",
            "name": "/aws/lambda/ep-runner-scale-up",
            "name_prefix": "",
            "retention_in_days": 180,
            "skip_destroy": false,
            "tags": {
              "Project": "ep-runner",
              "ghr:environment": "ep-runner"
            },
            "tags_all": {
              "Example": "ep-runner",
              "Project": "ep-runner",
              "ghr:environment": "ep-runner"
            }
          },
          "sensitive_attributes": [],
          "private": "bnVsbA==",
          "dependencies": [
            "module.base.module.vpc.aws_cloudwatch_log_group.flow_log",
            "module.base.module.vpc.aws_customer_gateway.this",
            "module.base.module.vpc.aws_db_subnet_group.database",
            "module.base.module.vpc.aws_default_network_acl.this",
            "module.base.module.vpc.aws_default_route_table.default",
            "module.base.module.vpc.aws_default_security_group.this",
            "module.base.module.vpc.aws_default_vpc.this",
            "module.base.module.vpc.aws_egress_only_internet_gateway.this",
            "module.base.module.vpc.aws_eip.nat",
            "module.base.module.vpc.aws_elasticache_subnet_group.elasticache",
            "module.base.module.vpc.aws_flow_log.this",
            "module.base.module.vpc.aws_iam_policy.vpc_flow_log_cloudwatch",
            "module.base.module.vpc.aws_iam_role.vpc_flow_log_cloudwatch",
            "module.base.module.vpc.aws_iam_role_policy_attachment.vpc_flow_log_cloudwatch",
            "module.base.module.vpc.aws_internet_gateway.this",
            "module.base.module.vpc.aws_nat_gateway.this",
            "module.base.module.vpc.aws_network_acl.database",
            "module.base.module.vpc.aws_network_acl.elasticache",
            "module.base.module.vpc.aws_network_acl.intra",
            "module.base.module.vpc.aws_network_acl.outpost",
            "module.base.module.vpc.aws_network_acl.private",
            "module.base.module.vpc.aws_network_acl.public",
            "module.base.module.vpc.aws_network_acl.redshift",
            "module.base.module.vpc.aws_network_acl_rule.database_inbound",
            "module.base.module.vpc.aws_network_acl_rule.database_outbound",
            "module.base.module.vpc.aws_network_acl_rule.elasticache_inbound",
            "module.base.module.vpc.aws_network_acl_rule.elasticache_outbound",
            "module.base.module.vpc.aws_network_acl_rule.intra_inbound",
            "module.base.module.vpc.aws_network_acl_rule.intra_outbound",
            "module.base.module.vpc.aws_network_acl_rule.outpost_inbound",
            "module.base.module.vpc.aws_network_acl_rule.outpost_outbound",
            "module.base.module.vpc.aws_network_acl_rule.private_inbound",
            "module.base.module.vpc.aws_network_acl_rule.private_outbound",
            "module.base.module.vpc.aws_network_acl_rule.public_inbound",
            "module.base.module.vpc.aws_network_acl_rule.public_outbound",
            "module.base.module.vpc.aws_network_acl_rule.redshift_inbound",
            "module.base.module.vpc.aws_network_acl_rule.redshift_outbound",
            "module.base.module.vpc.aws_redshift_subnet_group.redshift",
            "module.base.module.vpc.aws_route.database_internet_gateway",
            "module.base.module.vpc.aws_route.database_ipv6_egress",
            "module.base.module.vpc.aws_route.database_nat_gateway",
            "module.base.module.vpc.aws_route.private_ipv6_egress",
            "module.base.module.vpc.aws_route.private_nat_gateway",
            "module.base.module.vpc.aws_route.public_internet_gateway",
            "module.base.module.vpc.aws_route.public_internet_gateway_ipv6",
            "module.base.module.vpc.aws_route_table.database",
            "module.base.module.vpc.aws_route_table.elasticache",
            "module.base.module.vpc.aws_route_table.intra",
            "module.base.module.vpc.aws_route_table.private",
            "module.base.module.vpc.aws_route_table.public",
            "module.base.module.vpc.aws_route_table.redshift",
            "module.base.module.vpc.aws_route_table_association.database",
            "module.base.module.vpc.aws_route_table_association.elasticache",
            "module.base.module.vpc.aws_route_table_association.intra",
            "module.base.module.vpc.aws_route_table_association.outpost",
            "module.base.module.vpc.aws_route_table_association.private",
            "module.base.module.vpc.aws_route_table_association.public",
            "module.base.module.vpc.aws_route_table_association.redshift",
            "module.base.module.vpc.aws_route_table_association.redshift_public",
            "module.base.module.vpc.aws_subnet.database",
            "module.base.module.vpc.aws_subnet.elasticache",
            "module.base.module.vpc.aws_subnet.intra",
            "module.base.module.vpc.aws_subnet.outpost",
            "module.base.module.vpc.aws_subnet.private",
            "module.base.module.vpc.aws_subnet.public",
            "module.base.module.vpc.aws_subnet.redshift",
            "module.base.module.vpc.aws_vpc.this",
            "module.base.module.vpc.aws_vpc_dhcp_options.this",
            "module.base.module.vpc.aws_vpc_dhcp_options_association.this",
            "module.base.module.vpc.aws_vpc_ipv4_cidr_block_association.this",
            "module.base.module.vpc.aws_vpn_gateway.this",
            "module.base.module.vpc.aws_vpn_gateway_attachment.this",
            "module.base.module.vpc.aws_vpn_gateway_route_propagation.intra",
            "module.base.module.vpc.aws_vpn_gateway_route_propagation.private",
            "module.base.module.vpc.aws_vpn_gateway_route_propagation.public",
            "module.base.module.vpc.data.aws_iam_policy_document.flow_log_cloudwatch_assume_role",
            "module.base.module.vpc.data.aws_iam_policy_document.vpc_flow_log_cloudwatch",
            "module.runners.module.runner_binaries.aws_s3_bucket.action_dist",
            "module.runners.module.runners.aws_iam_instance_profile.runner",
            "module.runners.module.runners.aws_iam_role.runner",
            "module.runners.module.runners.aws_iam_role.scale_up",
            "module.runners.module.runners.aws_lambda_function.scale_up",
            "module.runners.module.runners.aws_launch_template.runner",
            "module.runners.module.runners.aws_security_group.runner_sg",
            "module.runners.module.runners.aws_ssm_parameter.cloudwatch_agent_config_runner",
            "module.runners.module.runners.data.aws_ami.runner",
            "module.runners.module.runners.data.aws_iam_policy_document.lambda_assume_role_policy",
            "module.runners.module.ssm.aws_ssm_parameter.github_app_id",
            "module.runners.module.ssm.aws_ssm_parameter.github_app_key_base64",
            "module.runners.module.ssm.aws_ssm_parameter.github_app_webhook_secret",
            "module.runners.random_string.random",
            "random_id.random"
          ]
        }
      ]
    },
    {
      "module": "module.runners.module.runners",
      "mode": "managed",
      "type": "aws_iam_instance_profile",
      "name": "runner",
      "provider": "provider[\"registry.terraform.io/hashicorp/aws\"]",
      "instances": [
        {
          "schema_version": 0,
          "attributes": {
            "arn": "arn:aws:iam::152368484097:instance-profile/ep-runner/ep-runner-runner-profile",
            "create_date": "2023-01-17T18:45:02Z",
            "id": "ep-runner-runner-profile",
            "name": "ep-runner-runner-profile",
            "name_prefix": null,
            "path": "/ep-runner/",
            "role": "ep-runner-runner-role",
            "tags": {},
            "tags_all": {
              "Example": "ep-runner"
            },
            "unique_id": "AIPASG6O6R4AU2G2K3GAL"
          },
          "sensitive_attributes": [],
          "private": "bnVsbA==",
          "dependencies": [
            "module.runners.module.runners.aws_iam_role.runner"
          ]
        }
      ]
    },
    {
      "module": "module.runners.module.runners",
      "mode": "managed",
      "type": "aws_iam_role",
      "name": "runner",
      "provider": "provider[\"registry.terraform.io/hashicorp/aws\"]",
      "instances": [
        {
          "schema_version": 0,
          "attributes": {
            "arn": "arn:aws:iam::152368484097:role/ep-runner/ep-runner-runner-role",
            "assume_role_policy": "{\"Statement\":[{\"Action\":\"sts:AssumeRole\",\"Effect\":\"Allow\",\"Principal\":{\"Service\":\"ec2.amazonaws.com\"},\"Sid\":\"\"}],\"Version\":\"2012-10-17\"}",
            "create_date": "2023-01-17T18:45:01Z",
            "description": "",
            "force_detach_policies": false,
            "id": "ep-runner-runner-role",
            "inline_policy": [
              {
                "name": "CloudWatchLogginAndMetrics",
                "policy": "{\"Version\":\"2012-10-17\",\"Statement\":[{\"Action\":[\"cloudwatch:PutMetricData\",\"ec2:DescribeVolumes\",\"ec2:DescribeTags\",\"logs:PutLogEvents\",\"logs:DescribeLogStreams\",\"logs:DescribeLogGroups\",\"logs:CreateLogStream\"],\"Effect\":\"Allow\",\"Resource\":\"*\"},{\"Action\":[\"ssm:GetParameter\"],\"Effect\":\"Allow\",\"Resource\":\"arn:aws:ssm:ca-central-1:152368484097:parameter/github-action-runners/ep-runner/runners/config/cloudwatch_agent_config_runner/*\"}]}"
              },
              {
                "name": "distribution-bucket",
                "policy": "{\"Version\":\"2012-10-17\",\"Statement\":[{\"Action\":[\"s3:GetObject\",\"s3:GetObjectAcl\"],\"Effect\":\"Allow\",\"Resource\":[\"arn:aws:s3:::ep-runner-dist-n7mr2aq6dgyvpcb2tj2ppglr/actions-runner-linux.tar.gz\"],\"Sid\":\"githubActionDist\"}]}"
              },
              {
                "name": "ec2",
                "policy": "{\"Version\":\"2012-10-17\",\"Statement\":[{\"Action\":\"ec2:TerminateInstances\",\"Condition\":{\"StringEquals\":{\"aws:ARN\":\"${ec2:SourceInstanceARN}\"}},\"Effect\":\"Allow\",\"Resource\":\"*\"}]}"
              },
              {
                "name": "runner-describe-tags",
                "policy": "{\"Version\":\"2012-10-17\",\"Statement\":[{\"Action\":\"ec2:DescribeTags\",\"Effect\":\"Allow\",\"Resource\":\"*\"}]}"
              },
              {
                "name": "runner-ssm-parameters",
                "policy": "{\"Version\":\"2012-10-17\",\"Statement\":[{\"Action\":[\"ssm:DeleteParameter\",\"ssm:GetParameters\",\"ssm:GetParameter\"],\"Effect\":\"Allow\",\"Resource\":\"arn:aws:ssm:ca-central-1:152368484097:parameter/github-action-runners/ep-runner/runners/tokens*\"},{\"Action\":[\"ssm:GetParameter\",\"ssm:GetParameters\",\"ssm:GetParametersByPath\"],\"Effect\":\"Allow\",\"Resource\":[\"arn:aws:ssm:ca-central-1:152368484097:parameter/github-action-runners/ep-runner/runners/config\",\"arn:aws:ssm:ca-central-1:152368484097:parameter/github-action-runners/ep-runner/runners/config/*\"]}]}"
              },
              {
                "name": "runner-ssm-session",
                "policy": "{\"Version\":\"2012-10-17\",\"Statement\":[{\"Action\":[\"ssm:DescribeAssociation\",\"ssm:GetDeployablePatchSnapshotForInstance\",\"ssm:GetDocument\",\"ssm:DescribeDocument\",\"ssm:GetManifest\",\"ssm:ListAssociations\",\"ssm:ListInstanceAssociations\",\"ssm:PutInventory\",\"ssm:PutComplianceItems\",\"ssm:PutConfigurePackageResult\",\"ssm:UpdateAssociationStatus\",\"ssm:UpdateInstanceAssociationStatus\",\"ssm:UpdateInstanceInformation\"],\"Effect\":\"Allow\",\"Resource\":\"*\"},{\"Action\":[\"ssmmessages:CreateControlChannel\",\"ssmmessages:CreateDataChannel\",\"ssmmessages:OpenControlChannel\",\"ssmmessages:OpenDataChannel\"],\"Effect\":\"Allow\",\"Resource\":\"*\"},{\"Action\":[\"ec2messages:AcknowledgeMessage\",\"ec2messages:DeleteMessage\",\"ec2messages:FailMessage\",\"ec2messages:GetEndpoint\",\"ec2messages:GetMessages\",\"ec2messages:SendReply\"],\"Effect\":\"Allow\",\"Resource\":\"*\"}]}"
              }
            ],
            "managed_policy_arns": [],
            "max_session_duration": 3600,
            "name": "ep-runner-runner-role",
            "name_prefix": "",
            "path": "/ep-runner/",
            "permissions_boundary": null,
            "tags": {
              "Name": "ep-runner-action-runner",
              "Project": "ep-runner",
              "ghr:environment": "ep-runner",
              "ghr:ssm_config_path": "/github-action-runners/ep-runner/runners/config"
            },
            "tags_all": {
              "Example": "ep-runner",
              "Name": "ep-runner-action-runner",
              "Project": "ep-runner",
              "ghr:environment": "ep-runner",
              "ghr:ssm_config_path": "/github-action-runners/ep-runner/runners/config"
            },
            "unique_id": "AROASG6O6R4A3R2OOY72S"
          },
          "sensitive_attributes": [],
          "private": "bnVsbA=="
        }
      ]
    },
    {
      "module": "module.runners.module.runners",
      "mode": "managed",
      "type": "aws_iam_role",
      "name": "scale_down",
      "provider": "provider[\"registry.terraform.io/hashicorp/aws\"]",
      "instances": [
        {
          "schema_version": 0,
          "attributes": {
            "arn": "arn:aws:iam::152368484097:role/ep-runner/ep-runner-action-scale-down-lambda-role",
            "assume_role_policy": "{\"Statement\":[{\"Action\":\"sts:AssumeRole\",\"Effect\":\"Allow\",\"Principal\":{\"Service\":\"lambda.amazonaws.com\"},\"Sid\":\"\"}],\"Version\":\"2012-10-17\"}",
            "create_date": "2023-01-17T18:44:41Z",
            "description": "",
            "force_detach_policies": false,
            "id": "ep-runner-action-scale-down-lambda-role",
            "inline_policy": [
              {
                "name": "ep-runner-lambda-logging",
                "policy": "{\"Version\":\"2012-10-17\",\"Statement\":[{\"Action\":[\"logs:CreateLogStream\",\"logs:PutLogEvents\"],\"Effect\":\"Allow\",\"Resource\":\"arn:aws:logs:ca-central-1:152368484097:log-group:/aws/lambda/ep-runner-scale-down*\"}]}"
              },
              {
                "name": "ep-runner-lambda-scale-down-policy",
                "policy": "{\"Version\":\"2012-10-17\",\"Statement\":[{\"Action\":[\"ec2:DescribeInstances\",\"ec2:DescribeTags\"],\"Effect\":\"Allow\",\"Resource\":[\"*\"]},{\"Action\":[\"ec2:TerminateInstances\"],\"Condition\":{\"StringEquals\":{\"ec2:ResourceTag/ghr:Application\":\"github-action-runner\"}},\"Effect\":\"Allow\",\"Resource\":[\"*\"]},{\"Action\":[\"ec2:TerminateInstances\"],\"Condition\":{\"StringEquals\":{\"ec2:ResourceTag/Application\":\"github-action-runner\"}},\"Effect\":\"Allow\",\"Resource\":[\"*\"]},{\"Action\":[\"ssm:GetParameter\"],\"Effect\":\"Allow\",\"Resource\":[\"arn:aws:ssm:ca-central-1:152368484097:parameter/github-action-runners/ep-runner/app/github_app_key_base64\",\"arn:aws:ssm:ca-central-1:152368484097:parameter/github-action-runners/ep-runner/app/github_app_id\"]}]}"
              }
            ],
            "managed_policy_arns": [],
            "max_session_duration": 3600,
            "name": "ep-runner-action-scale-down-lambda-role",
            "name_prefix": "",
            "path": "/ep-runner/",
            "permissions_boundary": null,
            "tags": {
              "Name": "ep-runner-action-runner",
              "Project": "ep-runner",
              "ghr:environment": "ep-runner",
              "ghr:ssm_config_path": "/github-action-runners/ep-runner/runners/config"
            },
            "tags_all": {
              "Example": "ep-runner",
              "Name": "ep-runner-action-runner",
              "Project": "ep-runner",
              "ghr:environment": "ep-runner",
              "ghr:ssm_config_path": "/github-action-runners/ep-runner/runners/config"
            },
            "unique_id": "AROASG6O6R4ASZ4VWFEIO"
          },
          "sensitive_attributes": [],
          "private": "bnVsbA==",
          "dependencies": [
            "module.runners.module.runners.data.aws_iam_policy_document.lambda_assume_role_policy"
          ]
        }
      ]
    },
    {
      "module": "module.runners.module.runners",
      "mode": "managed",
      "type": "aws_iam_role",
      "name": "scale_up",
      "provider": "provider[\"registry.terraform.io/hashicorp/aws\"]",
      "instances": [
        {
          "schema_version": 0,
          "attributes": {
            "arn": "arn:aws:iam::152368484097:role/ep-runner/ep-runner-action-scale-up-lambda-role",
            "assume_role_policy": "{\"Statement\":[{\"Action\":\"sts:AssumeRole\",\"Effect\":\"Allow\",\"Principal\":{\"Service\":\"lambda.amazonaws.com\"},\"Sid\":\"\"}],\"Version\":\"2012-10-17\"}",
            "create_date": "2023-01-17T18:44:41Z",
            "description": "",
            "force_detach_policies": false,
            "id": "ep-runner-action-scale-up-lambda-role",
            "inline_policy": [
              {
                "name": "ep-runner-lambda-logging",
                "policy": "{\"Version\":\"2012-10-17\",\"Statement\":[{\"Action\":[\"logs:CreateLogStream\",\"logs:PutLogEvents\"],\"Effect\":\"Allow\",\"Resource\":\"arn:aws:logs:ca-central-1:152368484097:log-group:/aws/lambda/ep-runner-scale-up*\"}]}"
              },
              {
                "name": "ep-runner-lambda-scale-up-policy",
                "policy": "{\"Version\":\"2012-10-17\",\"Statement\":[{\"Action\":[\"ec2:DescribeInstances\",\"ec2:DescribeTags\",\"ec2:RunInstances\",\"ec2:CreateFleet\",\"ec2:CreateTags\"],\"Effect\":\"Allow\",\"Resource\":[\"*\"]},{\"Action\":\"iam:PassRole\",\"Effect\":\"Allow\",\"Resource\":\"arn:aws:iam::152368484097:role/ep-runner/ep-runner-runner-role\"},{\"Action\":[\"ssm:PutParameter\"],\"Effect\":\"Allow\",\"Resource\":\"*\"},{\"Action\":[\"ssm:GetParameter\"],\"Effect\":\"Allow\",\"Resource\":[\"arn:aws:ssm:ca-central-1:152368484097:parameter/github-action-runners/ep-runner/app/github_app_key_base64\",\"arn:aws:ssm:ca-central-1:152368484097:parameter/github-action-runners/ep-runner/app/github_app_id\"]},{\"Action\":[\"sqs:ReceiveMessage\",\"sqs:GetQueueAttributes\",\"sqs:DeleteMessage\"],\"Effect\":\"Allow\",\"Resource\":\"arn:aws:sqs:ca-central-1:152368484097:ep-runner-queued-builds\"}]}"
              }
            ],
            "managed_policy_arns": [],
            "max_session_duration": 3600,
            "name": "ep-runner-action-scale-up-lambda-role",
            "name_prefix": "",
            "path": "/ep-runner/",
            "permissions_boundary": null,
            "tags": {
              "Name": "ep-runner-action-runner",
              "Project": "ep-runner",
              "ghr:environment": "ep-runner",
              "ghr:ssm_config_path": "/github-action-runners/ep-runner/runners/config"
            },
            "tags_all": {
              "Example": "ep-runner",
              "Name": "ep-runner-action-runner",
              "Project": "ep-runner",
              "ghr:environment": "ep-runner",
              "ghr:ssm_config_path": "/github-action-runners/ep-runner/runners/config"
            },
            "unique_id": "AROASG6O6R4AULGTWO2PN"
          },
          "sensitive_attributes": [],
          "private": "bnVsbA==",
          "dependencies": [
            "module.runners.module.runners.data.aws_iam_policy_document.lambda_assume_role_policy"
          ]
        }
      ]
    },
    {
      "module": "module.runners.module.runners",
      "mode": "managed",
      "type": "aws_iam_role_policy",
      "name": "cloudwatch",
      "provider": "provider[\"registry.terraform.io/hashicorp/aws\"]",
      "instances": [
        {
          "index_key": 0,
          "schema_version": 0,
          "attributes": {
            "id": "ep-runner-runner-role:CloudWatchLogginAndMetrics",
            "name": "CloudWatchLogginAndMetrics",
            "name_prefix": null,
            "policy": "{\"Version\":\"2012-10-17\",\"Statement\":[{\"Action\":[\"cloudwatch:PutMetricData\",\"ec2:DescribeVolumes\",\"ec2:DescribeTags\",\"logs:PutLogEvents\",\"logs:DescribeLogStreams\",\"logs:DescribeLogGroups\",\"logs:CreateLogStream\"],\"Effect\":\"Allow\",\"Resource\":\"*\"},{\"Action\":[\"ssm:GetParameter\"],\"Effect\":\"Allow\",\"Resource\":\"arn:aws:ssm:ca-central-1:152368484097:parameter/github-action-runners/ep-runner/runners/config/cloudwatch_agent_config_runner/*\"}]}",
            "role": "ep-runner-runner-role"
          },
          "sensitive_attributes": [],
          "private": "bnVsbA==",
          "dependencies": [
            "module.runners.module.runners.aws_iam_role.runner",
            "module.runners.module.runners.aws_ssm_parameter.cloudwatch_agent_config_runner"
          ]
        }
      ]
    },
    {
      "module": "module.runners.module.runners",
      "mode": "managed",
      "type": "aws_iam_role_policy",
      "name": "describe_tags",
      "provider": "provider[\"registry.terraform.io/hashicorp/aws\"]",
      "instances": [
        {
          "schema_version": 0,
          "attributes": {
            "id": "ep-runner-runner-role:runner-describe-tags",
            "name": "runner-describe-tags",
            "name_prefix": null,
            "policy": "{\"Version\":\"2012-10-17\",\"Statement\":[{\"Action\":\"ec2:DescribeTags\",\"Effect\":\"Allow\",\"Resource\":\"*\"}]}",
            "role": "ep-runner-runner-role"
          },
          "sensitive_attributes": [],
          "private": "bnVsbA==",
          "dependencies": [
            "module.runners.module.runners.aws_iam_role.runner"
          ]
        }
      ]
    },
    {
      "module": "module.runners.module.runners",
      "mode": "managed",
      "type": "aws_iam_role_policy",
      "name": "dist_bucket",
      "provider": "provider[\"registry.terraform.io/hashicorp/aws\"]",
      "instances": [
        {
          "index_key": 0,
          "schema_version": 0,
          "attributes": {
            "id": "ep-runner-runner-role:distribution-bucket",
            "name": "distribution-bucket",
            "name_prefix": null,
            "policy": "{\"Version\":\"2012-10-17\",\"Statement\":[{\"Action\":[\"s3:GetObject\",\"s3:GetObjectAcl\"],\"Effect\":\"Allow\",\"Resource\":[\"arn:aws:s3:::ep-runner-dist-n7mr2aq6dgyvpcb2tj2ppglr/actions-runner-linux.tar.gz\"],\"Sid\":\"githubActionDist\"}]}",
            "role": "ep-runner-runner-role"
          },
          "sensitive_attributes": [],
          "private": "bnVsbA==",
          "dependencies": [
            "module.runners.module.runner_binaries.aws_s3_bucket.action_dist",
            "module.runners.module.runners.aws_iam_role.runner",
            "module.runners.random_string.random"
          ]
        }
      ]
    },
    {
      "module": "module.runners.module.runners",
      "mode": "managed",
      "type": "aws_iam_role_policy",
      "name": "ec2",
      "provider": "provider[\"registry.terraform.io/hashicorp/aws\"]",
      "instances": [
        {
          "schema_version": 0,
          "attributes": {
            "id": "ep-runner-runner-role:ec2",
            "name": "ec2",
            "name_prefix": null,
            "policy": "{\"Version\":\"2012-10-17\",\"Statement\":[{\"Action\":\"ec2:TerminateInstances\",\"Condition\":{\"StringEquals\":{\"aws:ARN\":\"${ec2:SourceInstanceARN}\"}},\"Effect\":\"Allow\",\"Resource\":\"*\"}]}",
            "role": "ep-runner-runner-role"
          },
          "sensitive_attributes": [],
          "private": "bnVsbA==",
          "dependencies": [
            "module.runners.module.runners.aws_iam_role.runner"
          ]
        }
      ]
    },
    {
      "module": "module.runners.module.runners",
      "mode": "managed",
      "type": "aws_iam_role_policy",
      "name": "runner_session_manager_aws_managed",
      "provider": "provider[\"registry.terraform.io/hashicorp/aws\"]",
      "instances": [
        {
          "index_key": 0,
          "schema_version": 0,
          "attributes": {
            "id": "ep-runner-runner-role:runner-ssm-session",
            "name": "runner-ssm-session",
            "name_prefix": null,
            "policy": "{\"Version\":\"2012-10-17\",\"Statement\":[{\"Action\":[\"ssm:DescribeAssociation\",\"ssm:GetDeployablePatchSnapshotForInstance\",\"ssm:GetDocument\",\"ssm:DescribeDocument\",\"ssm:GetManifest\",\"ssm:ListAssociations\",\"ssm:ListInstanceAssociations\",\"ssm:PutInventory\",\"ssm:PutComplianceItems\",\"ssm:PutConfigurePackageResult\",\"ssm:UpdateAssociationStatus\",\"ssm:UpdateInstanceAssociationStatus\",\"ssm:UpdateInstanceInformation\"],\"Effect\":\"Allow\",\"Resource\":\"*\"},{\"Action\":[\"ssmmessages:CreateControlChannel\",\"ssmmessages:CreateDataChannel\",\"ssmmessages:OpenControlChannel\",\"ssmmessages:OpenDataChannel\"],\"Effect\":\"Allow\",\"Resource\":\"*\"},{\"Action\":[\"ec2messages:AcknowledgeMessage\",\"ec2messages:DeleteMessage\",\"ec2messages:FailMessage\",\"ec2messages:GetEndpoint\",\"ec2messages:GetMessages\",\"ec2messages:SendReply\"],\"Effect\":\"Allow\",\"Resource\":\"*\"}]}",
            "role": "ep-runner-runner-role"
          },
          "sensitive_attributes": [],
          "private": "bnVsbA==",
          "dependencies": [
            "module.runners.module.runners.aws_iam_role.runner"
          ]
        }
      ]
    },
    {
      "module": "module.runners.module.runners",
      "mode": "managed",
      "type": "aws_iam_role_policy",
      "name": "scale_down",
      "provider": "provider[\"registry.terraform.io/hashicorp/aws\"]",
      "instances": [
        {
          "schema_version": 0,
          "attributes": {
            "id": "ep-runner-action-scale-down-lambda-role:ep-runner-lambda-scale-down-policy",
            "name": "ep-runner-lambda-scale-down-policy",
            "name_prefix": null,
            "policy": "{\"Version\":\"2012-10-17\",\"Statement\":[{\"Action\":[\"ec2:DescribeInstances\",\"ec2:DescribeTags\"],\"Effect\":\"Allow\",\"Resource\":[\"*\"]},{\"Action\":[\"ec2:TerminateInstances\"],\"Condition\":{\"StringEquals\":{\"ec2:ResourceTag/ghr:Application\":\"github-action-runner\"}},\"Effect\":\"Allow\",\"Resource\":[\"*\"]},{\"Action\":[\"ec2:TerminateInstances\"],\"Condition\":{\"StringEquals\":{\"ec2:ResourceTag/Application\":\"github-action-runner\"}},\"Effect\":\"Allow\",\"Resource\":[\"*\"]},{\"Action\":[\"ssm:GetParameter\"],\"Effect\":\"Allow\",\"Resource\":[\"arn:aws:ssm:ca-central-1:152368484097:parameter/github-action-runners/ep-runner/app/github_app_key_base64\",\"arn:aws:ssm:ca-central-1:152368484097:parameter/github-action-runners/ep-runner/app/github_app_id\"]}]}",
            "role": "ep-runner-action-scale-down-lambda-role"
          },
          "sensitive_attributes": [],
          "private": "bnVsbA==",
          "dependencies": [
            "module.runners.module.runners.aws_iam_role.scale_down",
            "module.runners.module.runners.data.aws_iam_policy_document.lambda_assume_role_policy",
            "module.runners.module.ssm.aws_ssm_parameter.github_app_id",
            "module.runners.module.ssm.aws_ssm_parameter.github_app_key_base64",
            "module.runners.module.ssm.aws_ssm_parameter.github_app_webhook_secret",
            "random_id.random"
          ]
        }
      ]
    },
    {
      "module": "module.runners.module.runners",
      "mode": "managed",
      "type": "aws_iam_role_policy",
      "name": "scale_down_logging",
      "provider": "provider[\"registry.terraform.io/hashicorp/aws\"]",
      "instances": [
        {
          "schema_version": 0,
          "attributes": {
            "id": "ep-runner-action-scale-down-lambda-role:ep-runner-lambda-logging",
            "name": "ep-runner-lambda-logging",
            "name_prefix": null,
            "policy": "{\"Version\":\"2012-10-17\",\"Statement\":[{\"Action\":[\"logs:CreateLogStream\",\"logs:PutLogEvents\"],\"Effect\":\"Allow\",\"Resource\":\"arn:aws:logs:ca-central-1:152368484097:log-group:/aws/lambda/ep-runner-scale-down*\"}]}",
            "role": "ep-runner-action-scale-down-lambda-role"
          },
          "sensitive_attributes": [],
          "private": "bnVsbA==",
          "dependencies": [
            "module.runners.module.runners.aws_cloudwatch_log_group.scale_down",
            "module.runners.module.runners.aws_iam_role.scale_down",
            "module.runners.module.runners.aws_lambda_function.scale_down",
            "module.runners.module.runners.data.aws_iam_policy_document.lambda_assume_role_policy",
            "module.runners.module.ssm.aws_ssm_parameter.github_app_id",
            "module.runners.module.ssm.aws_ssm_parameter.github_app_key_base64",
            "module.runners.module.ssm.aws_ssm_parameter.github_app_webhook_secret",
            "random_id.random"
          ]
        }
      ]
    },
    {
      "module": "module.runners.module.runners",
      "mode": "managed",
      "type": "aws_iam_role_policy",
      "name": "scale_up",
      "provider": "provider[\"registry.terraform.io/hashicorp/aws\"]",
      "instances": [
        {
          "schema_version": 0,
          "attributes": {
            "id": "ep-runner-action-scale-up-lambda-role:ep-runner-lambda-scale-up-policy",
            "name": "ep-runner-lambda-scale-up-policy",
            "name_prefix": null,
            "policy": "{\"Version\":\"2012-10-17\",\"Statement\":[{\"Action\":[\"ec2:DescribeInstances\",\"ec2:DescribeTags\",\"ec2:RunInstances\",\"ec2:CreateFleet\",\"ec2:CreateTags\"],\"Effect\":\"Allow\",\"Resource\":[\"*\"]},{\"Action\":\"iam:PassRole\",\"Effect\":\"Allow\",\"Resource\":\"arn:aws:iam::152368484097:role/ep-runner/ep-runner-runner-role\"},{\"Action\":[\"ssm:PutParameter\"],\"Effect\":\"Allow\",\"Resource\":\"*\"},{\"Action\":[\"ssm:GetParameter\"],\"Effect\":\"Allow\",\"Resource\":[\"arn:aws:ssm:ca-central-1:152368484097:parameter/github-action-runners/ep-runner/app/github_app_key_base64\",\"arn:aws:ssm:ca-central-1:152368484097:parameter/github-action-runners/ep-runner/app/github_app_id\"]},{\"Action\":[\"sqs:ReceiveMessage\",\"sqs:GetQueueAttributes\",\"sqs:DeleteMessage\"],\"Effect\":\"Allow\",\"Resource\":\"arn:aws:sqs:ca-central-1:152368484097:ep-runner-queued-builds\"}]}",
            "role": "ep-runner-action-scale-up-lambda-role"
          },
          "sensitive_attributes": [],
          "private": "bnVsbA==",
          "dependencies": [
            "module.runners.aws_sqs_queue.queued_builds",
            "module.runners.aws_sqs_queue.queued_builds_dlq",
            "module.runners.module.runners.aws_iam_role.runner",
            "module.runners.module.runners.aws_iam_role.scale_up",
            "module.runners.module.runners.data.aws_iam_policy_document.lambda_assume_role_policy",
            "module.runners.module.ssm.aws_ssm_parameter.github_app_id",
            "module.runners.module.ssm.aws_ssm_parameter.github_app_key_base64",
            "module.runners.module.ssm.aws_ssm_parameter.github_app_webhook_secret",
            "random_id.random"
          ]
        }
      ]
    },
    {
      "module": "module.runners.module.runners",
      "mode": "managed",
      "type": "aws_iam_role_policy",
      "name": "scale_up_logging",
      "provider": "provider[\"registry.terraform.io/hashicorp/aws\"]",
      "instances": [
        {
          "schema_version": 0,
          "attributes": {
            "id": "ep-runner-action-scale-up-lambda-role:ep-runner-lambda-logging",
            "name": "ep-runner-lambda-logging",
            "name_prefix": null,
            "policy": "{\"Version\":\"2012-10-17\",\"Statement\":[{\"Action\":[\"logs:CreateLogStream\",\"logs:PutLogEvents\"],\"Effect\":\"Allow\",\"Resource\":\"arn:aws:logs:ca-central-1:152368484097:log-group:/aws/lambda/ep-runner-scale-up*\"}]}",
            "role": "ep-runner-action-scale-up-lambda-role"
          },
          "sensitive_attributes": [],
          "private": "bnVsbA==",
          "dependencies": [
            "module.base.module.vpc.aws_cloudwatch_log_group.flow_log",
            "module.base.module.vpc.aws_customer_gateway.this",
            "module.base.module.vpc.aws_db_subnet_group.database",
            "module.base.module.vpc.aws_default_network_acl.this",
            "module.base.module.vpc.aws_default_route_table.default",
            "module.base.module.vpc.aws_default_security_group.this",
            "module.base.module.vpc.aws_default_vpc.this",
            "module.base.module.vpc.aws_egress_only_internet_gateway.this",
            "module.base.module.vpc.aws_eip.nat",
            "module.base.module.vpc.aws_elasticache_subnet_group.elasticache",
            "module.base.module.vpc.aws_flow_log.this",
            "module.base.module.vpc.aws_iam_policy.vpc_flow_log_cloudwatch",
            "module.base.module.vpc.aws_iam_role.vpc_flow_log_cloudwatch",
            "module.base.module.vpc.aws_iam_role_policy_attachment.vpc_flow_log_cloudwatch",
            "module.base.module.vpc.aws_internet_gateway.this",
            "module.base.module.vpc.aws_nat_gateway.this",
            "module.base.module.vpc.aws_network_acl.database",
            "module.base.module.vpc.aws_network_acl.elasticache",
            "module.base.module.vpc.aws_network_acl.intra",
            "module.base.module.vpc.aws_network_acl.outpost",
            "module.base.module.vpc.aws_network_acl.private",
            "module.base.module.vpc.aws_network_acl.public",
            "module.base.module.vpc.aws_network_acl.redshift",
            "module.base.module.vpc.aws_network_acl_rule.database_inbound",
            "module.base.module.vpc.aws_network_acl_rule.database_outbound",
            "module.base.module.vpc.aws_network_acl_rule.elasticache_inbound",
            "module.base.module.vpc.aws_network_acl_rule.elasticache_outbound",
            "module.base.module.vpc.aws_network_acl_rule.intra_inbound",
            "module.base.module.vpc.aws_network_acl_rule.intra_outbound",
            "module.base.module.vpc.aws_network_acl_rule.outpost_inbound",
            "module.base.module.vpc.aws_network_acl_rule.outpost_outbound",
            "module.base.module.vpc.aws_network_acl_rule.private_inbound",
            "module.base.module.vpc.aws_network_acl_rule.private_outbound",
            "module.base.module.vpc.aws_network_acl_rule.public_inbound",
            "module.base.module.vpc.aws_network_acl_rule.public_outbound",
            "module.base.module.vpc.aws_network_acl_rule.redshift_inbound",
            "module.base.module.vpc.aws_network_acl_rule.redshift_outbound",
            "module.base.module.vpc.aws_redshift_subnet_group.redshift",
            "module.base.module.vpc.aws_route.database_internet_gateway",
            "module.base.module.vpc.aws_route.database_ipv6_egress",
            "module.base.module.vpc.aws_route.database_nat_gateway",
            "module.base.module.vpc.aws_route.private_ipv6_egress",
            "module.base.module.vpc.aws_route.private_nat_gateway",
            "module.base.module.vpc.aws_route.public_internet_gateway",
            "module.base.module.vpc.aws_route.public_internet_gateway_ipv6",
            "module.base.module.vpc.aws_route_table.database",
            "module.base.module.vpc.aws_route_table.elasticache",
            "module.base.module.vpc.aws_route_table.intra",
            "module.base.module.vpc.aws_route_table.private",
            "module.base.module.vpc.aws_route_table.public",
            "module.base.module.vpc.aws_route_table.redshift",
            "module.base.module.vpc.aws_route_table_association.database",
            "module.base.module.vpc.aws_route_table_association.elasticache",
            "module.base.module.vpc.aws_route_table_association.intra",
            "module.base.module.vpc.aws_route_table_association.outpost",
            "module.base.module.vpc.aws_route_table_association.private",
            "module.base.module.vpc.aws_route_table_association.public",
            "module.base.module.vpc.aws_route_table_association.redshift",
            "module.base.module.vpc.aws_route_table_association.redshift_public",
            "module.base.module.vpc.aws_subnet.database",
            "module.base.module.vpc.aws_subnet.elasticache",
            "module.base.module.vpc.aws_subnet.intra",
            "module.base.module.vpc.aws_subnet.outpost",
            "module.base.module.vpc.aws_subnet.private",
            "module.base.module.vpc.aws_subnet.public",
            "module.base.module.vpc.aws_subnet.redshift",
            "module.base.module.vpc.aws_vpc.this",
            "module.base.module.vpc.aws_vpc_dhcp_options.this",
            "module.base.module.vpc.aws_vpc_dhcp_options_association.this",
            "module.base.module.vpc.aws_vpc_ipv4_cidr_block_association.this",
            "module.base.module.vpc.aws_vpn_gateway.this",
            "module.base.module.vpc.aws_vpn_gateway_attachment.this",
            "module.base.module.vpc.aws_vpn_gateway_route_propagation.intra",
            "module.base.module.vpc.aws_vpn_gateway_route_propagation.private",
            "module.base.module.vpc.aws_vpn_gateway_route_propagation.public",
            "module.base.module.vpc.data.aws_iam_policy_document.flow_log_cloudwatch_assume_role",
            "module.base.module.vpc.data.aws_iam_policy_document.vpc_flow_log_cloudwatch",
            "module.runners.module.runner_binaries.aws_s3_bucket.action_dist",
            "module.runners.module.runners.aws_cloudwatch_log_group.scale_up",
            "module.runners.module.runners.aws_iam_instance_profile.runner",
            "module.runners.module.runners.aws_iam_role.runner",
            "module.runners.module.runners.aws_iam_role.scale_up",
            "module.runners.module.runners.aws_lambda_function.scale_up",
            "module.runners.module.runners.aws_launch_template.runner",
            "module.runners.module.runners.aws_security_group.runner_sg",
            "module.runners.module.runners.aws_ssm_parameter.cloudwatch_agent_config_runner",
            "module.runners.module.runners.data.aws_ami.runner",
            "module.runners.module.runners.data.aws_iam_policy_document.lambda_assume_role_policy",
            "module.runners.module.ssm.aws_ssm_parameter.github_app_id",
            "module.runners.module.ssm.aws_ssm_parameter.github_app_key_base64",
            "module.runners.module.ssm.aws_ssm_parameter.github_app_webhook_secret",
            "module.runners.random_string.random",
            "random_id.random"
          ]
        }
      ]
    },
    {
      "module": "module.runners.module.runners",
      "mode": "managed",
      "type": "aws_iam_role_policy",
      "name": "ssm_parameters",
      "provider": "provider[\"registry.terraform.io/hashicorp/aws\"]",
      "instances": [
        {
          "schema_version": 0,
          "attributes": {
            "id": "ep-runner-runner-role:runner-ssm-parameters",
            "name": "runner-ssm-parameters",
            "name_prefix": null,
            "policy": "{\"Version\":\"2012-10-17\",\"Statement\":[{\"Action\":[\"ssm:DeleteParameter\",\"ssm:GetParameters\",\"ssm:GetParameter\"],\"Effect\":\"Allow\",\"Resource\":\"arn:aws:ssm:ca-central-1:152368484097:parameter/github-action-runners/ep-runner/runners/tokens*\"},{\"Action\":[\"ssm:GetParameter\",\"ssm:GetParameters\",\"ssm:GetParametersByPath\"],\"Effect\":\"Allow\",\"Resource\":[\"arn:aws:ssm:ca-central-1:152368484097:parameter/github-action-runners/ep-runner/runners/config\",\"arn:aws:ssm:ca-central-1:152368484097:parameter/github-action-runners/ep-runner/runners/config/*\"]}]}",
            "role": "ep-runner-runner-role"
          },
          "sensitive_attributes": [],
          "private": "bnVsbA==",
          "dependencies": [
            "module.runners.module.runners.aws_iam_role.runner",
            "module.runners.module.runners.data.aws_caller_identity.current"
          ]
        }
      ]
    },
    {
      "module": "module.runners.module.runners",
      "mode": "managed",
      "type": "aws_lambda_event_source_mapping",
      "name": "scale_up",
      "provider": "provider[\"registry.terraform.io/hashicorp/aws\"]",
      "instances": [
        {
          "schema_version": 0,
          "attributes": {
            "amazon_managed_kafka_event_source_config": [],
            "batch_size": 1,
            "bisect_batch_on_function_error": false,
            "destination_config": [],
            "enabled": true,
            "event_source_arn": "arn:aws:sqs:ca-central-1:152368484097:ep-runner-queued-builds",
            "filter_criteria": [],
            "function_arn": "arn:aws:lambda:ca-central-1:152368484097:function:ep-runner-scale-up",
            "function_name": "arn:aws:lambda:ca-central-1:152368484097:function:ep-runner-scale-up",
            "function_response_types": [],
            "id": "401e548b-faed-44cc-bbaa-e746f1aaceb2",
            "last_modified": "2023-01-17T18:49:37Z",
            "last_processing_result": "",
            "maximum_batching_window_in_seconds": 0,
            "maximum_record_age_in_seconds": 0,
            "maximum_retry_attempts": 0,
            "parallelization_factor": 0,
            "queues": [],
            "self_managed_event_source": [],
            "self_managed_kafka_event_source_config": [],
            "source_access_configuration": [],
            "starting_position": "",
            "starting_position_timestamp": "",
            "state": "Enabled",
            "state_transition_reason": "USER_INITIATED",
            "topics": [],
            "tumbling_window_in_seconds": 0,
            "uuid": "401e548b-faed-44cc-bbaa-e746f1aaceb2"
          },
          "sensitive_attributes": [],
          "private": "bnVsbA==",
          "dependencies": [
            "module.base.module.vpc.aws_cloudwatch_log_group.flow_log",
            "module.base.module.vpc.aws_customer_gateway.this",
            "module.base.module.vpc.aws_db_subnet_group.database",
            "module.base.module.vpc.aws_default_network_acl.this",
            "module.base.module.vpc.aws_default_route_table.default",
            "module.base.module.vpc.aws_default_security_group.this",
            "module.base.module.vpc.aws_default_vpc.this",
            "module.base.module.vpc.aws_egress_only_internet_gateway.this",
            "module.base.module.vpc.aws_eip.nat",
            "module.base.module.vpc.aws_elasticache_subnet_group.elasticache",
            "module.base.module.vpc.aws_flow_log.this",
            "module.base.module.vpc.aws_iam_policy.vpc_flow_log_cloudwatch",
            "module.base.module.vpc.aws_iam_role.vpc_flow_log_cloudwatch",
            "module.base.module.vpc.aws_iam_role_policy_attachment.vpc_flow_log_cloudwatch",
            "module.base.module.vpc.aws_internet_gateway.this",
            "module.base.module.vpc.aws_nat_gateway.this",
            "module.base.module.vpc.aws_network_acl.database",
            "module.base.module.vpc.aws_network_acl.elasticache",
            "module.base.module.vpc.aws_network_acl.intra",
            "module.base.module.vpc.aws_network_acl.outpost",
            "module.base.module.vpc.aws_network_acl.private",
            "module.base.module.vpc.aws_network_acl.public",
            "module.base.module.vpc.aws_network_acl.redshift",
            "module.base.module.vpc.aws_network_acl_rule.database_inbound",
            "module.base.module.vpc.aws_network_acl_rule.database_outbound",
            "module.base.module.vpc.aws_network_acl_rule.elasticache_inbound",
            "module.base.module.vpc.aws_network_acl_rule.elasticache_outbound",
            "module.base.module.vpc.aws_network_acl_rule.intra_inbound",
            "module.base.module.vpc.aws_network_acl_rule.intra_outbound",
            "module.base.module.vpc.aws_network_acl_rule.outpost_inbound",
            "module.base.module.vpc.aws_network_acl_rule.outpost_outbound",
            "module.base.module.vpc.aws_network_acl_rule.private_inbound",
            "module.base.module.vpc.aws_network_acl_rule.private_outbound",
            "module.base.module.vpc.aws_network_acl_rule.public_inbound",
            "module.base.module.vpc.aws_network_acl_rule.public_outbound",
            "module.base.module.vpc.aws_network_acl_rule.redshift_inbound",
            "module.base.module.vpc.aws_network_acl_rule.redshift_outbound",
            "module.base.module.vpc.aws_redshift_subnet_group.redshift",
            "module.base.module.vpc.aws_route.database_internet_gateway",
            "module.base.module.vpc.aws_route.database_ipv6_egress",
            "module.base.module.vpc.aws_route.database_nat_gateway",
            "module.base.module.vpc.aws_route.private_ipv6_egress",
            "module.base.module.vpc.aws_route.private_nat_gateway",
            "module.base.module.vpc.aws_route.public_internet_gateway",
            "module.base.module.vpc.aws_route.public_internet_gateway_ipv6",
            "module.base.module.vpc.aws_route_table.database",
            "module.base.module.vpc.aws_route_table.elasticache",
            "module.base.module.vpc.aws_route_table.intra",
            "module.base.module.vpc.aws_route_table.private",
            "module.base.module.vpc.aws_route_table.public",
            "module.base.module.vpc.aws_route_table.redshift",
            "module.base.module.vpc.aws_route_table_association.database",
            "module.base.module.vpc.aws_route_table_association.elasticache",
            "module.base.module.vpc.aws_route_table_association.intra",
            "module.base.module.vpc.aws_route_table_association.outpost",
            "module.base.module.vpc.aws_route_table_association.private",
            "module.base.module.vpc.aws_route_table_association.public",
            "module.base.module.vpc.aws_route_table_association.redshift",
            "module.base.module.vpc.aws_route_table_association.redshift_public",
            "module.base.module.vpc.aws_subnet.database",
            "module.base.module.vpc.aws_subnet.elasticache",
            "module.base.module.vpc.aws_subnet.intra",
            "module.base.module.vpc.aws_subnet.outpost",
            "module.base.module.vpc.aws_subnet.private",
            "module.base.module.vpc.aws_subnet.public",
            "module.base.module.vpc.aws_subnet.redshift",
            "module.base.module.vpc.aws_vpc.this",
            "module.base.module.vpc.aws_vpc_dhcp_options.this",
            "module.base.module.vpc.aws_vpc_dhcp_options_association.this",
            "module.base.module.vpc.aws_vpc_ipv4_cidr_block_association.this",
            "module.base.module.vpc.aws_vpn_gateway.this",
            "module.base.module.vpc.aws_vpn_gateway_attachment.this",
            "module.base.module.vpc.aws_vpn_gateway_route_propagation.intra",
            "module.base.module.vpc.aws_vpn_gateway_route_propagation.private",
            "module.base.module.vpc.aws_vpn_gateway_route_propagation.public",
            "module.base.module.vpc.data.aws_iam_policy_document.flow_log_cloudwatch_assume_role",
            "module.base.module.vpc.data.aws_iam_policy_document.vpc_flow_log_cloudwatch",
            "module.runners.aws_sqs_queue.queued_builds",
            "module.runners.aws_sqs_queue.queued_builds_dlq",
            "module.runners.module.runner_binaries.aws_s3_bucket.action_dist",
            "module.runners.module.runners.aws_iam_instance_profile.runner",
            "module.runners.module.runners.aws_iam_role.runner",
            "module.runners.module.runners.aws_iam_role.scale_up",
            "module.runners.module.runners.aws_lambda_function.scale_up",
            "module.runners.module.runners.aws_launch_template.runner",
            "module.runners.module.runners.aws_security_group.runner_sg",
            "module.runners.module.runners.aws_ssm_parameter.cloudwatch_agent_config_runner",
            "module.runners.module.runners.data.aws_ami.runner",
            "module.runners.module.runners.data.aws_iam_policy_document.lambda_assume_role_policy",
            "module.runners.module.ssm.aws_ssm_parameter.github_app_id",
            "module.runners.module.ssm.aws_ssm_parameter.github_app_key_base64",
            "module.runners.module.ssm.aws_ssm_parameter.github_app_webhook_secret",
            "module.runners.random_string.random",
            "random_id.random"
          ]
        }
      ]
    },
    {
      "module": "module.runners.module.runners",
      "mode": "managed",
      "type": "aws_lambda_function",
      "name": "scale_down",
      "provider": "provider[\"registry.terraform.io/hashicorp/aws\"]",
      "instances": [
        {
          "schema_version": 0,
          "attributes": {
            "architectures": [
              "arm64"
            ],
            "arn": "arn:aws:lambda:ca-central-1:152368484097:function:ep-runner-scale-down",
            "code_signing_config_arn": "",
            "dead_letter_config": [],
            "description": "",
            "environment": [
              {
                "variables": {
                  "ENVIRONMENT": "ep-runner",
                  "LOG_LEVEL": "info",
                  "LOG_TYPE": "pretty",
                  "MINIMUM_RUNNING_TIME_IN_MINUTES": "5",
                  "NODE_TLS_REJECT_UNAUTHORIZED": "1",
                  "PARAMETER_GITHUB_APP_ID_NAME": "/github-action-runners/ep-runner/app/github_app_id",
                  "PARAMETER_GITHUB_APP_KEY_BASE64_NAME": "/github-action-runners/ep-runner/app/github_app_key_base64",
                  "RUNNER_BOOT_TIME_IN_MINUTES": "5",
                  "SCALE_DOWN_CONFIG": "[{\"cron\":\"* * 10-17 * * 0,1,2,3,6\",\"idleCount\":1,\"timeZone\":\"Asia/Tehran\"}]"
                }
              }
            ],
            "ephemeral_storage": [
              {
                "size": 512
              }
            ],
            "file_system_config": [],
            "filename": "./lambdas/runners.zip",
            "function_name": "ep-runner-scale-down",
            "handler": "index.scaleDownHandler",
            "id": "ep-runner-scale-down",
            "image_config": [],
            "image_uri": "",
            "invoke_arn": "arn:aws:apigateway:ca-central-1:lambda:path/2015-03-31/functions/arn:aws:lambda:ca-central-1:152368484097:function:ep-runner-scale-down/invocations",
            "kms_key_arn": "",
            "last_modified": "2023-01-22T17:31:44.000+0000",
            "layers": [],
            "memory_size": 512,
            "package_type": "Zip",
            "publish": false,
            "qualified_arn": "arn:aws:lambda:ca-central-1:152368484097:function:ep-runner-scale-down:$LATEST",
            "qualified_invoke_arn": "arn:aws:apigateway:ca-central-1:lambda:path/2015-03-31/functions/arn:aws:lambda:ca-central-1:152368484097:function:ep-runner-scale-down:$LATEST/invocations",
            "reserved_concurrent_executions": -1,
            "role": "arn:aws:iam::152368484097:role/ep-runner/ep-runner-action-scale-down-lambda-role",
            "runtime": "nodejs18.x",
            "s3_bucket": null,
            "s3_key": null,
            "s3_object_version": null,
            "signing_job_arn": "",
            "signing_profile_version_arn": "",
            "snap_start": [],
            "source_code_hash": "MR1qu+p/J4I71WaPIZf4hL3tAU7/uGyXvyFSWNROB/w=",
            "source_code_size": 1548606,
            "tags": {
              "Name": "ep-runner-action-runner",
              "Project": "ep-runner",
              "ghr:environment": "ep-runner",
              "ghr:ssm_config_path": "/github-action-runners/ep-runner/runners/config"
            },
            "tags_all": {
              "Example": "ep-runner",
              "Name": "ep-runner-action-runner",
              "Project": "ep-runner",
              "ghr:environment": "ep-runner",
              "ghr:ssm_config_path": "/github-action-runners/ep-runner/runners/config"
            },
            "timeout": 60,
            "timeouts": null,
            "tracing_config": [
              {
                "mode": "PassThrough"
              }
            ],
            "version": "$LATEST",
            "vpc_config": []
          },
          "sensitive_attributes": [],
          "private": "eyJlMmJmYjczMC1lY2FhLTExZTYtOGY4OC0zNDM2M2JjN2M0YzAiOnsiY3JlYXRlIjo2MDAwMDAwMDAwMDB9fQ==",
          "dependencies": [
            "module.runners.module.runners.aws_iam_role.scale_down",
            "module.runners.module.runners.data.aws_iam_policy_document.lambda_assume_role_policy",
            "module.runners.module.ssm.aws_ssm_parameter.github_app_id",
            "module.runners.module.ssm.aws_ssm_parameter.github_app_key_base64",
            "module.runners.module.ssm.aws_ssm_parameter.github_app_webhook_secret",
            "random_id.random"
          ]
        }
      ]
    },
    {
      "module": "module.runners.module.runners",
      "mode": "managed",
      "type": "aws_lambda_function",
      "name": "scale_up",
      "provider": "provider[\"registry.terraform.io/hashicorp/aws\"]",
      "instances": [
        {
          "schema_version": 0,
          "attributes": {
            "architectures": [
              "arm64"
            ],
            "arn": "arn:aws:lambda:ca-central-1:152368484097:function:ep-runner-scale-up",
            "code_signing_config_arn": "",
            "dead_letter_config": [],
            "description": "",
            "environment": [
              {
                "variables": {
                  "DISABLE_RUNNER_AUTOUPDATE": "false",
                  "ENABLE_EPHEMERAL_RUNNERS": "false",
                  "ENABLE_JOB_QUEUED_CHECK": "true",
                  "ENABLE_ORGANIZATION_RUNNERS": "false",
                  "ENVIRONMENT": "ep-runner",
                  "INSTANCE_ALLOCATION_STRATEGY": "lowest-price",
                  "INSTANCE_TARGET_CAPACITY_TYPE": "spot",
                  "INSTANCE_TYPES": "a1.xlarge,c4.large,c4.xlarge",
                  "LAUNCH_TEMPLATE_NAME": "ep-runner-action-runner",
                  "LOG_LEVEL": "info",
                  "LOG_TYPE": "pretty",
                  "NODE_TLS_REJECT_UNAUTHORIZED": "1",
                  "PARAMETER_GITHUB_APP_ID_NAME": "/github-action-runners/ep-runner/app/github_app_id",
                  "PARAMETER_GITHUB_APP_KEY_BASE64_NAME": "/github-action-runners/ep-runner/app/github_app_key_base64",
                  "RUNNERS_MAXIMUM_COUNT": "2",
                  "RUNNER_EXTRA_LABELS": "ep-runner",
                  "RUNNER_GROUP_NAME": "Default",
                  "SSM_TOKEN_PATH": "/github-action-runners/ep-runner/runners/tokens",
                  "SUBNET_IDS": "subnet-060cdb920e8c3df22"
                }
              }
            ],
            "ephemeral_storage": [
              {
                "size": 512
              }
            ],
            "file_system_config": [],
            "filename": "./lambdas/runners.zip",
            "function_name": "ep-runner-scale-up",
            "handler": "index.scaleUpHandler",
            "id": "ep-runner-scale-up",
            "image_config": [],
            "image_uri": "",
            "invoke_arn": "arn:aws:apigateway:ca-central-1:lambda:path/2015-03-31/functions/arn:aws:lambda:ca-central-1:152368484097:function:ep-runner-scale-up/invocations",
            "kms_key_arn": "",
            "last_modified": "2023-01-22T18:36:03.000+0000",
            "layers": [],
            "memory_size": 512,
            "package_type": "Zip",
            "publish": false,
            "qualified_arn": "arn:aws:lambda:ca-central-1:152368484097:function:ep-runner-scale-up:$LATEST",
            "qualified_invoke_arn": "arn:aws:apigateway:ca-central-1:lambda:path/2015-03-31/functions/arn:aws:lambda:ca-central-1:152368484097:function:ep-runner-scale-up:$LATEST/invocations",
            "reserved_concurrent_executions": 1,
            "role": "arn:aws:iam::152368484097:role/ep-runner/ep-runner-action-scale-up-lambda-role",
            "runtime": "nodejs18.x",
            "s3_bucket": null,
            "s3_key": null,
            "s3_object_version": null,
            "signing_job_arn": "",
            "signing_profile_version_arn": "",
            "snap_start": [],
            "source_code_hash": "MR1qu+p/J4I71WaPIZf4hL3tAU7/uGyXvyFSWNROB/w=",
            "source_code_size": 1548606,
            "tags": {
              "Name": "ep-runner-action-runner",
              "Project": "ep-runner",
              "ghr:environment": "ep-runner",
              "ghr:ssm_config_path": "/github-action-runners/ep-runner/runners/config"
            },
            "tags_all": {
              "Example": "ep-runner",
              "Name": "ep-runner-action-runner",
              "Project": "ep-runner",
              "ghr:environment": "ep-runner",
              "ghr:ssm_config_path": "/github-action-runners/ep-runner/runners/config"
            },
            "timeout": 30,
            "timeouts": null,
            "tracing_config": [
              {
                "mode": "PassThrough"
              }
            ],
            "version": "$LATEST",
            "vpc_config": []
          },
          "sensitive_attributes": [],
          "private": "eyJlMmJmYjczMC1lY2FhLTExZTYtOGY4OC0zNDM2M2JjN2M0YzAiOnsiY3JlYXRlIjo2MDAwMDAwMDAwMDB9fQ==",
          "dependencies": [
            "module.base.module.vpc.aws_cloudwatch_log_group.flow_log",
            "module.base.module.vpc.aws_customer_gateway.this",
            "module.base.module.vpc.aws_db_subnet_group.database",
            "module.base.module.vpc.aws_default_network_acl.this",
            "module.base.module.vpc.aws_default_route_table.default",
            "module.base.module.vpc.aws_default_security_group.this",
            "module.base.module.vpc.aws_default_vpc.this",
            "module.base.module.vpc.aws_egress_only_internet_gateway.this",
            "module.base.module.vpc.aws_eip.nat",
            "module.base.module.vpc.aws_elasticache_subnet_group.elasticache",
            "module.base.module.vpc.aws_flow_log.this",
            "module.base.module.vpc.aws_iam_policy.vpc_flow_log_cloudwatch",
            "module.base.module.vpc.aws_iam_role.vpc_flow_log_cloudwatch",
            "module.base.module.vpc.aws_iam_role_policy_attachment.vpc_flow_log_cloudwatch",
            "module.base.module.vpc.aws_internet_gateway.this",
            "module.base.module.vpc.aws_nat_gateway.this",
            "module.base.module.vpc.aws_network_acl.database",
            "module.base.module.vpc.aws_network_acl.elasticache",
            "module.base.module.vpc.aws_network_acl.intra",
            "module.base.module.vpc.aws_network_acl.outpost",
            "module.base.module.vpc.aws_network_acl.private",
            "module.base.module.vpc.aws_network_acl.public",
            "module.base.module.vpc.aws_network_acl.redshift",
            "module.base.module.vpc.aws_network_acl_rule.database_inbound",
            "module.base.module.vpc.aws_network_acl_rule.database_outbound",
            "module.base.module.vpc.aws_network_acl_rule.elasticache_inbound",
            "module.base.module.vpc.aws_network_acl_rule.elasticache_outbound",
            "module.base.module.vpc.aws_network_acl_rule.intra_inbound",
            "module.base.module.vpc.aws_network_acl_rule.intra_outbound",
            "module.base.module.vpc.aws_network_acl_rule.outpost_inbound",
            "module.base.module.vpc.aws_network_acl_rule.outpost_outbound",
            "module.base.module.vpc.aws_network_acl_rule.private_inbound",
            "module.base.module.vpc.aws_network_acl_rule.private_outbound",
            "module.base.module.vpc.aws_network_acl_rule.public_inbound",
            "module.base.module.vpc.aws_network_acl_rule.public_outbound",
            "module.base.module.vpc.aws_network_acl_rule.redshift_inbound",
            "module.base.module.vpc.aws_network_acl_rule.redshift_outbound",
            "module.base.module.vpc.aws_redshift_subnet_group.redshift",
            "module.base.module.vpc.aws_route.database_internet_gateway",
            "module.base.module.vpc.aws_route.database_ipv6_egress",
            "module.base.module.vpc.aws_route.database_nat_gateway",
            "module.base.module.vpc.aws_route.private_ipv6_egress",
            "module.base.module.vpc.aws_route.private_nat_gateway",
            "module.base.module.vpc.aws_route.public_internet_gateway",
            "module.base.module.vpc.aws_route.public_internet_gateway_ipv6",
            "module.base.module.vpc.aws_route_table.database",
            "module.base.module.vpc.aws_route_table.elasticache",
            "module.base.module.vpc.aws_route_table.intra",
            "module.base.module.vpc.aws_route_table.private",
            "module.base.module.vpc.aws_route_table.public",
            "module.base.module.vpc.aws_route_table.redshift",
            "module.base.module.vpc.aws_route_table_association.database",
            "module.base.module.vpc.aws_route_table_association.elasticache",
            "module.base.module.vpc.aws_route_table_association.intra",
            "module.base.module.vpc.aws_route_table_association.outpost",
            "module.base.module.vpc.aws_route_table_association.private",
            "module.base.module.vpc.aws_route_table_association.public",
            "module.base.module.vpc.aws_route_table_association.redshift",
            "module.base.module.vpc.aws_route_table_association.redshift_public",
            "module.base.module.vpc.aws_subnet.database",
            "module.base.module.vpc.aws_subnet.elasticache",
            "module.base.module.vpc.aws_subnet.intra",
            "module.base.module.vpc.aws_subnet.outpost",
            "module.base.module.vpc.aws_subnet.private",
            "module.base.module.vpc.aws_subnet.public",
            "module.base.module.vpc.aws_subnet.redshift",
            "module.base.module.vpc.aws_vpc.this",
            "module.base.module.vpc.aws_vpc_dhcp_options.this",
            "module.base.module.vpc.aws_vpc_dhcp_options_association.this",
            "module.base.module.vpc.aws_vpc_ipv4_cidr_block_association.this",
            "module.base.module.vpc.aws_vpn_gateway.this",
            "module.base.module.vpc.aws_vpn_gateway_attachment.this",
            "module.base.module.vpc.aws_vpn_gateway_route_propagation.intra",
            "module.base.module.vpc.aws_vpn_gateway_route_propagation.private",
            "module.base.module.vpc.aws_vpn_gateway_route_propagation.public",
            "module.base.module.vpc.data.aws_iam_policy_document.flow_log_cloudwatch_assume_role",
            "module.base.module.vpc.data.aws_iam_policy_document.vpc_flow_log_cloudwatch",
            "module.runners.module.runners.aws_iam_role.scale_up",
            "module.runners.module.runners.aws_launch_template.runner",
            "module.runners.module.ssm.aws_ssm_parameter.github_app_id",
            "module.runners.module.ssm.aws_ssm_parameter.github_app_key_base64",
            "module.runners.module.ssm.aws_ssm_parameter.github_app_webhook_secret"
          ]
        }
      ]
    },
    {
      "module": "module.runners.module.runners",
      "mode": "managed",
      "type": "aws_lambda_permission",
      "name": "scale_down",
      "provider": "provider[\"registry.terraform.io/hashicorp/aws\"]",
      "instances": [
        {
          "schema_version": 0,
          "attributes": {
            "action": "lambda:InvokeFunction",
            "event_source_token": null,
            "function_name": "ep-runner-scale-down",
            "function_url_auth_type": null,
            "id": "AllowExecutionFromCloudWatch",
            "principal": "events.amazonaws.com",
            "principal_org_id": null,
            "qualifier": "",
            "source_account": null,
            "source_arn": "arn:aws:events:ca-central-1:152368484097:rule/ep-runner-scale-down-rule",
            "statement_id": "AllowExecutionFromCloudWatch",
            "statement_id_prefix": ""
          },
          "sensitive_attributes": [],
          "private": "bnVsbA==",
          "dependencies": [
            "module.runners.module.runners.aws_cloudwatch_event_rule.scale_down",
            "module.runners.module.runners.aws_iam_role.scale_down",
            "module.runners.module.runners.aws_lambda_function.scale_down",
            "module.runners.module.runners.data.aws_iam_policy_document.lambda_assume_role_policy",
            "module.runners.module.ssm.aws_ssm_parameter.github_app_id",
            "module.runners.module.ssm.aws_ssm_parameter.github_app_key_base64",
            "module.runners.module.ssm.aws_ssm_parameter.github_app_webhook_secret",
            "random_id.random"
          ]
        }
      ]
    },
    {
      "module": "module.runners.module.runners",
      "mode": "managed",
      "type": "aws_lambda_permission",
      "name": "scale_runners_lambda",
      "provider": "provider[\"registry.terraform.io/hashicorp/aws\"]",
      "instances": [
        {
          "schema_version": 0,
          "attributes": {
            "action": "lambda:InvokeFunction",
            "event_source_token": null,
            "function_name": "ep-runner-scale-up",
            "function_url_auth_type": null,
            "id": "AllowExecutionFromSQS",
            "principal": "sqs.amazonaws.com",
            "principal_org_id": null,
            "qualifier": "",
            "source_account": null,
            "source_arn": "arn:aws:sqs:ca-central-1:152368484097:ep-runner-queued-builds",
            "statement_id": "AllowExecutionFromSQS",
            "statement_id_prefix": ""
          },
          "sensitive_attributes": [],
          "private": "bnVsbA==",
          "dependencies": [
            "module.base.module.vpc.aws_cloudwatch_log_group.flow_log",
            "module.base.module.vpc.aws_customer_gateway.this",
            "module.base.module.vpc.aws_db_subnet_group.database",
            "module.base.module.vpc.aws_default_network_acl.this",
            "module.base.module.vpc.aws_default_route_table.default",
            "module.base.module.vpc.aws_default_security_group.this",
            "module.base.module.vpc.aws_default_vpc.this",
            "module.base.module.vpc.aws_egress_only_internet_gateway.this",
            "module.base.module.vpc.aws_eip.nat",
            "module.base.module.vpc.aws_elasticache_subnet_group.elasticache",
            "module.base.module.vpc.aws_flow_log.this",
            "module.base.module.vpc.aws_iam_policy.vpc_flow_log_cloudwatch",
            "module.base.module.vpc.aws_iam_role.vpc_flow_log_cloudwatch",
            "module.base.module.vpc.aws_iam_role_policy_attachment.vpc_flow_log_cloudwatch",
            "module.base.module.vpc.aws_internet_gateway.this",
            "module.base.module.vpc.aws_nat_gateway.this",
            "module.base.module.vpc.aws_network_acl.database",
            "module.base.module.vpc.aws_network_acl.elasticache",
            "module.base.module.vpc.aws_network_acl.intra",
            "module.base.module.vpc.aws_network_acl.outpost",
            "module.base.module.vpc.aws_network_acl.private",
            "module.base.module.vpc.aws_network_acl.public",
            "module.base.module.vpc.aws_network_acl.redshift",
            "module.base.module.vpc.aws_network_acl_rule.database_inbound",
            "module.base.module.vpc.aws_network_acl_rule.database_outbound",
            "module.base.module.vpc.aws_network_acl_rule.elasticache_inbound",
            "module.base.module.vpc.aws_network_acl_rule.elasticache_outbound",
            "module.base.module.vpc.aws_network_acl_rule.intra_inbound",
            "module.base.module.vpc.aws_network_acl_rule.intra_outbound",
            "module.base.module.vpc.aws_network_acl_rule.outpost_inbound",
            "module.base.module.vpc.aws_network_acl_rule.outpost_outbound",
            "module.base.module.vpc.aws_network_acl_rule.private_inbound",
            "module.base.module.vpc.aws_network_acl_rule.private_outbound",
            "module.base.module.vpc.aws_network_acl_rule.public_inbound",
            "module.base.module.vpc.aws_network_acl_rule.public_outbound",
            "module.base.module.vpc.aws_network_acl_rule.redshift_inbound",
            "module.base.module.vpc.aws_network_acl_rule.redshift_outbound",
            "module.base.module.vpc.aws_redshift_subnet_group.redshift",
            "module.base.module.vpc.aws_route.database_internet_gateway",
            "module.base.module.vpc.aws_route.database_ipv6_egress",
            "module.base.module.vpc.aws_route.database_nat_gateway",
            "module.base.module.vpc.aws_route.private_ipv6_egress",
            "module.base.module.vpc.aws_route.private_nat_gateway",
            "module.base.module.vpc.aws_route.public_internet_gateway",
            "module.base.module.vpc.aws_route.public_internet_gateway_ipv6",
            "module.base.module.vpc.aws_route_table.database",
            "module.base.module.vpc.aws_route_table.elasticache",
            "module.base.module.vpc.aws_route_table.intra",
            "module.base.module.vpc.aws_route_table.private",
            "module.base.module.vpc.aws_route_table.public",
            "module.base.module.vpc.aws_route_table.redshift",
            "module.base.module.vpc.aws_route_table_association.database",
            "module.base.module.vpc.aws_route_table_association.elasticache",
            "module.base.module.vpc.aws_route_table_association.intra",
            "module.base.module.vpc.aws_route_table_association.outpost",
            "module.base.module.vpc.aws_route_table_association.private",
            "module.base.module.vpc.aws_route_table_association.public",
            "module.base.module.vpc.aws_route_table_association.redshift",
            "module.base.module.vpc.aws_route_table_association.redshift_public",
            "module.base.module.vpc.aws_subnet.database",
            "module.base.module.vpc.aws_subnet.elasticache",
            "module.base.module.vpc.aws_subnet.intra",
            "module.base.module.vpc.aws_subnet.outpost",
            "module.base.module.vpc.aws_subnet.private",
            "module.base.module.vpc.aws_subnet.public",
            "module.base.module.vpc.aws_subnet.redshift",
            "module.base.module.vpc.aws_vpc.this",
            "module.base.module.vpc.aws_vpc_dhcp_options.this",
            "module.base.module.vpc.aws_vpc_dhcp_options_association.this",
            "module.base.module.vpc.aws_vpc_ipv4_cidr_block_association.this",
            "module.base.module.vpc.aws_vpn_gateway.this",
            "module.base.module.vpc.aws_vpn_gateway_attachment.this",
            "module.base.module.vpc.aws_vpn_gateway_route_propagation.intra",
            "module.base.module.vpc.aws_vpn_gateway_route_propagation.private",
            "module.base.module.vpc.aws_vpn_gateway_route_propagation.public",
            "module.base.module.vpc.data.aws_iam_policy_document.flow_log_cloudwatch_assume_role",
            "module.base.module.vpc.data.aws_iam_policy_document.vpc_flow_log_cloudwatch",
            "module.runners.aws_sqs_queue.queued_builds",
            "module.runners.aws_sqs_queue.queued_builds_dlq",
            "module.runners.module.runner_binaries.aws_s3_bucket.action_dist",
            "module.runners.module.runners.aws_iam_instance_profile.runner",
            "module.runners.module.runners.aws_iam_role.runner",
            "module.runners.module.runners.aws_iam_role.scale_up",
            "module.runners.module.runners.aws_lambda_function.scale_up",
            "module.runners.module.runners.aws_launch_template.runner",
            "module.runners.module.runners.aws_security_group.runner_sg",
            "module.runners.module.runners.aws_ssm_parameter.cloudwatch_agent_config_runner",
            "module.runners.module.runners.data.aws_ami.runner",
            "module.runners.module.runners.data.aws_iam_policy_document.lambda_assume_role_policy",
            "module.runners.module.ssm.aws_ssm_parameter.github_app_id",
            "module.runners.module.ssm.aws_ssm_parameter.github_app_key_base64",
            "module.runners.module.ssm.aws_ssm_parameter.github_app_webhook_secret",
            "module.runners.random_string.random",
            "random_id.random"
          ]
        }
      ]
    },
    {
      "module": "module.runners.module.runners",
      "mode": "managed",
      "type": "aws_launch_template",
      "name": "runner",
      "provider": "provider[\"registry.terraform.io/hashicorp/aws\"]",
      "instances": [
        {
          "schema_version": 0,
          "attributes": {
            "arn": "arn:aws:ec2:ca-central-1:152368484097:launch-template/lt-013e366d59ae7049b",
            "block_device_mappings": [
              {
                "device_name": "/dev/sda1",
                "ebs": [
                  {
                    "delete_on_termination": "true",
                    "encrypted": "true",
                    "iops": 0,
                    "kms_key_id": "",
                    "snapshot_id": "",
                    "throughput": 0,
                    "volume_size": 30,
                    "volume_type": "gp3"
                  }
                ],
                "no_device": "",
                "virtual_name": ""
              }
            ],
            "capacity_reservation_specification": [],
            "cpu_options": [],
            "credit_specification": [],
            "default_version": 1,
            "description": "",
            "disable_api_stop": false,
            "disable_api_termination": false,
            "ebs_optimized": "",
            "elastic_gpu_specifications": [],
            "elastic_inference_accelerator": [],
            "enclave_options": [],
            "hibernation_options": [],
            "iam_instance_profile": [
              {
                "arn": "",
                "name": "ep-runner-runner-profile"
              }
            ],
            "id": "lt-013e366d59ae7049b",
            "image_id": "ami-0dae3a932d090b3de",
            "instance_initiated_shutdown_behavior": "terminate",
            "instance_market_options": [],
            "instance_requirements": [],
            "instance_type": "",
            "kernel_id": "",
            "key_name": "",
            "latest_version": 1,
            "license_specification": [],
            "maintenance_options": [],
            "metadata_options": [
              {
                "http_endpoint": "enabled",
                "http_protocol_ipv6": "disabled",
                "http_put_response_hop_limit": 1,
                "http_tokens": "optional",
                "instance_metadata_tags": "enabled"
              }
            ],
            "monitoring": [
              {
                "enabled": false
              }
            ],
            "name": "ep-runner-action-runner",
            "name_prefix": "",
            "network_interfaces": [],
            "placement": [],
            "private_dns_name_options": [],
            "ram_disk_id": "",
            "security_group_names": [],
            "tag_specifications": [
              {
                "resource_type": "instance",
                "tags": {
                  "Name": "ep-runner-action-runner",
                  "Project": "ep-runner",
                  "ghr:environment": "ep-runner",
                  "ghr:ssm_config_path": "/github-action-runners/ep-runner/runners/config"
                }
              },
              {
                "resource_type": "volume",
                "tags": {
                  "Name": "ep-runner-action-runner",
                  "Project": "ep-runner",
                  "ghr:environment": "ep-runner",
                  "ghr:ssm_config_path": "/github-action-runners/ep-runner/runners/config"
                }
              }
            ],
            "tags": {
              "Name": "ep-runner-action-runner",
              "Project": "ep-runner",
              "ghr:environment": "ep-runner",
              "ghr:ssm_config_path": "/github-action-runners/ep-runner/runners/config"
            },
            "tags_all": {
              "Example": "ep-runner",
              "Name": "ep-runner-action-runner",
              "Project": "ep-runner",
              "ghr:environment": "ep-runner",
              "ghr:ssm_config_path": "/github-action-runners/ep-runner/runners/config"
            },
            "update_default_version": true,
            "user_data": "IyEvYmluL2Jhc2gKZXhlYyA+ID4odGVlIC92YXIvbG9nL3VzZXItZGF0YS5sb2cgfCBsb2dnZXIgLXQgdXNlci1kYXRhIC1zIDI+L2Rldi9jb25zb2xlKSAyPiYxCgoKIyBBV1Mgc3VnZ2VzdCB0byBjcmVhdGUgYSBsb2cgZm9yIGRlYnVnIHB1cnBvc2UgYmFzZWQgb24gaHR0cHM6Ly9hd3MuYW1hem9uLmNvbS9wcmVtaXVtc3VwcG9ydC9rbm93bGVkZ2UtY2VudGVyL2VjMi1saW51eC1sb2ctdXNlci1kYXRhLwojIEFzIHNpZGUgZWZmZWN0IGFsbCBjb21tYW5kLCBzZXQgK3ggZGlzYWJsZSBkZWJ1Z2dpbmcgZXhwbGljaXRseS4KIwojIEFuIGFsdGVybmF0aXZlIGZvciBtYXNraW5nIHRva2VucyBjb3VsZCBiZTogZXhlYyA+ID4oc2VkICdzLy0tdG9rZW5cIFteIF0qIC8tLXRva2VuXCAqKiogL2cnID4gL3Zhci9sb2cvdXNlci1kYXRhLmxvZykgMj4mMQpzZXQgK3gKCgoKCgojIEluc3RhbGwgQVdTIENMSQphcHQtZ2V0IHVwZGF0ZQpERUJJQU5fRlJPTlRFTkQ9bm9uaW50ZXJhY3RpdmUgYXB0LWdldCBpbnN0YWxsIC15IFwKICAgIGF3c2NsaSBcCiAgICBidWlsZC1lc3NlbnRpYWwgXAogICAgY3VybCBcCiAgICBnaXQgXAogICAgaXB0YWJsZXMgXAogICAganEgXAogICAgdWlkbWFwIFwKICAgIHVuemlwIFwKICAgIHdnZXQKCnVzZXJfbmFtZT11YnVudHUKdXNlcl9pZD0kKGlkIC1ydSAkdXNlcl9uYW1lKQoKIyBpbnN0YWxsIGFuZCBjb25maWd1cmUgY2xvdWR3YXRjaCBsb2dnaW5nIGFnZW50CndnZXQgaHR0cHM6Ly9zMy5hbWF6b25hd3MuY29tL2FtYXpvbmNsb3Vkd2F0Y2gtYWdlbnQvdWJ1bnR1L2FtZDY0L2xhdGVzdC9hbWF6b24tY2xvdWR3YXRjaC1hZ2VudC5kZWIKZHBrZyAtaSAtRSAuL2FtYXpvbi1jbG91ZHdhdGNoLWFnZW50LmRlYgphbWF6b24tY2xvdWR3YXRjaC1hZ2VudC1jdGwgLWEgZmV0Y2gtY29uZmlnIC1tIGVjMiAtcyAtYyBzc206L2dpdGh1Yi1hY3Rpb24tcnVubmVycy9lcC1ydW5uZXIvcnVubmVycy9jb25maWcvY2xvdWR3YXRjaF9hZ2VudF9jb25maWdfcnVubmVyCgojIGNvbmZpZ3VyZSBzeXN0ZW1kIGZvciBydW5uaW5nIHNlcnZpY2UgaW4gdXNlcnMgYWNjb3VudHMKY2F0ID4vZXRjL3N5c3RlbWQvdXNlckBVSUQuc2VydmljZSA8PC1FT0YKCltVbml0XQpEZXNjcmlwdGlvbj1Vc2VyIE1hbmFnZXIgZm9yIFVJRCAlaQpBZnRlcj11c2VyLXJ1bnRpbWUtZGlyQCVpLnNlcnZpY2UKV2FudHM9dXNlci1ydW50aW1lLWRpckAlaS5zZXJ2aWNlCgpbU2VydmljZV0KTGltaXROT0ZJTEU9aW5maW5pdHkKTGltaXROUFJPQz1pbmZpbml0eQpVc2VyPSVpClBBTU5hbWU9c3lzdGVtZC11c2VyClR5cGU9bm90aWZ5CgpbSW5zdGFsbF0KV2FudGVkQnk9ZGVmYXVsdC50YXJnZXQKCkVPRgoKZWNobyBleHBvcnQgWERHX1JVTlRJTUVfRElSPS9ydW4vdXNlci8kdXNlcl9pZCA+Pi9ob21lLyR1c2VyX25hbWUvLmJhc2hyYwoKc3lzdGVtY3RsIGRhZW1vbi1yZWxvYWQKc3lzdGVtY3RsIGVuYWJsZSB1c2VyQFVJRC5zZXJ2aWNlCnN5c3RlbWN0bCBzdGFydCB1c2VyQFVJRC5zZXJ2aWNlCgpjdXJsIC1mc1NMIGh0dHBzOi8vZ2V0LmRvY2tlci5jb20vcm9vdGxlc3MgPj4vb3B0L3Jvb3RsZXNzLnNoICYmIGNobW9kIDc1NSAvb3B0L3Jvb3RsZXNzLnNoCnN1IC1sICR1c2VyX25hbWUgLWMgL29wdC9yb290bGVzcy5zaAplY2hvIGV4cG9ydCBET0NLRVJfSE9TVD11bml4Oi8vL3J1bi91c2VyLyR1c2VyX2lkL2RvY2tlci5zb2NrID4+L2hvbWUvJHVzZXJfbmFtZS8uYmFzaHJjCmVjaG8gZXhwb3J0IFBBVEg9L2hvbWUvJHVzZXJfbmFtZS9iaW46JFBBVEggPj4vaG9tZS8kdXNlcl9uYW1lLy5iYXNocmMKCiMgUnVuIGRvY2tlciBzZXJ2aWNlIGJ5IGRlZmF1bHQKbG9naW5jdGwgZW5hYmxlLWxpbmdlciAkdXNlcl9uYW1lCnN1IC1sICR1c2VyX25hbWUgLWMgInN5c3RlbWN0bCAtLXVzZXIgZW5hYmxlIGRvY2tlciIKCiMgc2hlbGxjaGVjayBzaGVsbD1iYXNoCgojIyBpbnN0YWxsIHRoZSBydW5uZXIKCnMzX2xvY2F0aW9uPXMzOi8vZXAtcnVubmVyLWRpc3QtbjdtcjJhcTZkZ3l2cGNiMnRqMnBwZ2xyL2FjdGlvbnMtcnVubmVyLWxpbnV4LnRhci5negphcmNoaXRlY3R1cmU9eDY0CgppZiBbIC16ICIkUlVOTkVSX1RBUkJBTExfVVJMIiBdICYmIFsgLXogIiRzM19sb2NhdGlvbiIgXTsgdGhlbgogIGVjaG8gIk5laXRoZXIgUlVOTkVSX1RBUkJBTExfVVJMIG9yIHMzX2xvY2F0aW9uIGFyZSBzZXQiCiAgZXhpdCAxCmZpCgpmaWxlX25hbWU9ImFjdGlvbnMtcnVubmVyLnRhci5neiIKCmVjaG8gIlNldHRpbmcgdXAgR0ggQWN0aW9ucyBydW5uZXIgdG9vbCBjYWNoZSIKIyBSZXF1aXJlZCBmb3IgdmFyaW91cyAqL3NldHVwLSogYWN0aW9ucyB0byB3b3JrLCBsb2NhdGlvbiBpcyBhbHNvIGtub3cgYnkgdmFyaW91cyBlbnZpcm9ubWVudAojIHZhcmlhYmxlIG5hbWVzIGluIHRoZSBhY3Rpb25zL3J1bm5lciBzb2Z0d2FyZSA6IFJVTk5FUl9UT09MX0NBQ0hFIC8gUlVOTkVSX1RPT0xTRElSRUNUT1JZIC8gQUdFTlRfVE9PTFNESVJFQ1RPUlkKIyBXYXJuaW5nLCBub3QgYWxsIHNldHVwIGFjdGlvbnMgc3VwcG9ydCB0aGUgZW52IHZhcnMgYW5kIHNvIHRoaXMgc3BlY2lmaWMgcGF0aCBtdXN0IGJlIGNyZWF0ZWQgcmVnYXJkbGVzcwpta2RpciAtcCAvb3B0L2hvc3RlZHRvb2xjYWNoZQoKZWNobyAiQ3JlYXRpbmcgYWN0aW9ucy1ydW5uZXIgZGlyZWN0b3J5IGZvciB0aGUgR0ggQWN0aW9uIGluc3RhbGxhdGlvbiIKY2QgL29wdC8KbWtkaXIgLXAgYWN0aW9ucy1ydW5uZXIgJiYgY2QgYWN0aW9ucy1ydW5uZXIKCgppZiBbWyAtbiAiJFJVTk5FUl9UQVJCQUxMX1VSTCIgXV07IHRoZW4KICBlY2hvICJEb3dubG9hZGluZyB0aGUgR0ggQWN0aW9uIHJ1bm5lciBmcm9tICRSVU5ORVJfVEFSQkFMTF9VUkwgdG8gJGZpbGVfbmFtZSIKICBjdXJsIC1vICRmaWxlX25hbWUgLUwgIiRSVU5ORVJfVEFSQkFMTF9VUkwiCmVsc2UKICBlY2hvICJSZXRyaWV2aW5nIFRPS0VOIGZyb20gQVdTIEFQSSIKICB0b2tlbj0kKGN1cmwgLWYgLVggUFVUICJodHRwOi8vMTY5LjI1NC4xNjkuMjU0L2xhdGVzdC9hcGkvdG9rZW4iIC1IICJYLWF3cy1lYzItbWV0YWRhdGEtdG9rZW4tdHRsLXNlY29uZHM6IDE4MCIpCgogIHJlZ2lvbj0kKGN1cmwgLWYgLUggIlgtYXdzLWVjMi1tZXRhZGF0YS10b2tlbjogJHRva2VuIiAtdiBodHRwOi8vMTY5LjI1NC4xNjkuMjU0L2xhdGVzdC9keW5hbWljL2luc3RhbmNlLWlkZW50aXR5L2RvY3VtZW50IHwganEgLXIgLnJlZ2lvbikKICBlY2hvICJSZXRyaWV2ZWQgUkVHSU9OIGZyb20gQVdTIEFQSSAoJHJlZ2lvbikiCgogIGVjaG8gIkRvd25sb2FkaW5nIHRoZSBHSCBBY3Rpb24gcnVubmVyIGZyb20gczMgYnVja2V0ICRzM19sb2NhdGlvbiIKICBhd3MgczMgY3AgIiRzM19sb2NhdGlvbiIgIiRmaWxlX25hbWUiIC0tcmVnaW9uICIkcmVnaW9uIgpmaQoKZWNobyAiVW4tdGFyIGFjdGlvbiBydW5uZXIiCnRhciB4emYgLi8kZmlsZV9uYW1lCmVjaG8gIkRlbGV0ZSB0YXIgZmlsZSIKcm0gLXJmICRmaWxlX25hbWUKCmlmIFtbICIkYXJjaGl0ZWN0dXJlIiA9PSAiYXJtNjQiIF1dOyB0aGVuCiAgeXVtIGluc3RhbGwgLXkgbGliaWN1NjAKZmkKCm9zX2lkPSQoYXdrIC1GPSAnL15JRC97cHJpbnQgJDJ9JyAvZXRjL29zLXJlbGVhc2UpCmlmIFtbICIkb3NfaWQiID1+IF51YnVudHUuKiBdXTsgdGhlbgogICAgZWNobyAiSW5zdGFsbGluZyBkZXBlbmRlbmNpZXMiCiAgICAuL2Jpbi9pbnN0YWxsZGVwZW5kZW5jaWVzLnNoCmZpCgplY2hvICJTZXQgZmlsZSBvd25lcnNoaXAgb2YgYWN0aW9uIHJ1bm5lciIKY2hvd24gLVIgIiR1c2VyX25hbWUiOiIkdXNlcl9uYW1lIiAuCmNob3duIC1SICIkdXNlcl9uYW1lIjoiJHVzZXJfbmFtZSIgL29wdC9ob3N0ZWR0b29sY2FjaGUKCgojIGNvbmZpZyBydW5uZXIgZm9yIHJvb3RsZXNzIGRvY2tlcgpjZCAvb3B0L2FjdGlvbnMtcnVubmVyLwplY2hvIERPQ0tFUl9IT1NUPXVuaXg6Ly8vcnVuL3VzZXIvJHVzZXJfaWQvZG9ja2VyLnNvY2sgPj4uZW52CmVjaG8gUEFUSD0vaG9tZS8kdXNlcl9uYW1lL2JpbjokUEFUSCA+Pi5lbnYKCgoKY2QgL29wdC9hY3Rpb25zLXJ1bm5lcgoKIyBzaGVsbGNoZWNrIHNoZWxsPWJhc2gKCiMjIFJldHJpZXZlIGluc3RhbmNlIG1ldGFkYXRhCgplY2hvICJSZXRyaWV2aW5nIFRPS0VOIGZyb20gQVdTIEFQSSIKdG9rZW49JChjdXJsIC1mIC1YIFBVVCAiaHR0cDovLzE2OS4yNTQuMTY5LjI1NC9sYXRlc3QvYXBpL3Rva2VuIiAtSCAiWC1hd3MtZWMyLW1ldGFkYXRhLXRva2VuLXR0bC1zZWNvbmRzOiAxODAiKQoKYW1pX2lkPSQoY3VybCAtZiAtSCAiWC1hd3MtZWMyLW1ldGFkYXRhLXRva2VuOiAkdG9rZW4iIC12IGh0dHA6Ly8xNjkuMjU0LjE2OS4yNTQvbGF0ZXN0L21ldGEtZGF0YS9hbWktaWQpCgpyZWdpb249JChjdXJsIC1mIC1IICJYLWF3cy1lYzItbWV0YWRhdGEtdG9rZW46ICR0b2tlbiIgLXYgaHR0cDovLzE2OS4yNTQuMTY5LjI1NC9sYXRlc3QvZHluYW1pYy9pbnN0YW5jZS1pZGVudGl0eS9kb2N1bWVudCB8IGpxIC1yIC5yZWdpb24pCmVjaG8gIlJldHJpZXZlZCBSRUdJT04gZnJvbSBBV1MgQVBJICgkcmVnaW9uKSIKCmluc3RhbmNlX2lkPSQoY3VybCAtZiAtSCAiWC1hd3MtZWMyLW1ldGFkYXRhLXRva2VuOiAkdG9rZW4iIC12IGh0dHA6Ly8xNjkuMjU0LjE2OS4yNTQvbGF0ZXN0L21ldGEtZGF0YS9pbnN0YW5jZS1pZCkKZWNobyAiUmV0cmlldmVkIElOU1RBTkNFX0lEIGZyb20gQVdTIEFQSSAoJGluc3RhbmNlX2lkKSIKCmVudmlyb25tZW50PSQoY3VybCAtZiAtSCAiWC1hd3MtZWMyLW1ldGFkYXRhLXRva2VuOiAkdG9rZW4iIC12IGh0dHA6Ly8xNjkuMjU0LjE2OS4yNTQvbGF0ZXN0L21ldGEtZGF0YS90YWdzL2luc3RhbmNlL2docjplbnZpcm9ubWVudCkKZWNobyAiUmV0cmlldmVkIGdocjplbnZpcm9ubWVudCB0YWcgLSAoJGVudmlyb25tZW50KSIKCnNzbV9jb25maWdfcGF0aD0kKGN1cmwgLWYgLUggIlgtYXdzLWVjMi1tZXRhZGF0YS10b2tlbjogJHRva2VuIiAtdiBodHRwOi8vMTY5LjI1NC4xNjkuMjU0L2xhdGVzdC9tZXRhLWRhdGEvdGFncy9pbnN0YW5jZS9naHI6c3NtX2NvbmZpZ19wYXRoKQplY2hvICJSZXRyaWV2ZWQgZ2hyOnNzbV9jb25maWdfcGF0aCB0YWcgLSAoJHNzbV9jb25maWdfcGF0aCkiCgoKcGFyYW1ldGVycz0kKGF3cyBzc20gZ2V0LXBhcmFtZXRlcnMtYnktcGF0aCAtLXBhdGggIiRzc21fY29uZmlnX3BhdGgiIC0tcmVnaW9uICIkcmVnaW9uIiAtLXF1ZXJ5ICJQYXJhbWV0ZXJzWypdLntOYW1lOk5hbWUsVmFsdWU6VmFsdWV9IikKZWNobyAiUmV0cmlldmVkIHBhcmFtZXRlcnMgZnJvbSBBV1MgU1NNICgkcGFyYW1ldGVycykiCgpydW5fYXM9JChlY2hvICIkcGFyYW1ldGVycyIgfCBqcSAtciAnLltdIHwgc2VsZWN0KC5OYW1lID09ICInJHNzbV9jb25maWdfcGF0aCcvcnVuX2FzIikgfCAuVmFsdWUnKQplY2hvICJSZXRyaWV2ZWQgLyRzc21fY29uZmlnX3BhdGgvcnVuX2FzIHBhcmFtZXRlciAtICgkcnVuX2FzKSIKCmVuYWJsZV9jbG91ZHdhdGNoX2FnZW50PSQoZWNobyAiJHBhcmFtZXRlcnMiIHwganEgLS1hcmcgc3NtX2NvbmZpZ19wYXRoICIkc3NtX2NvbmZpZ19wYXRoIiAtciAnLltdIHwgc2VsZWN0KC5OYW1lID09ICInJHNzbV9jb25maWdfcGF0aCcvZW5hYmxlX2Nsb3Vkd2F0Y2giKSB8IC5WYWx1ZScpCmVjaG8gIlJldHJpZXZlZCAvJHNzbV9jb25maWdfcGF0aC9lbmFibGVfY2xvdWR3YXRjaCBwYXJhbWV0ZXIgLSAoJGVuYWJsZV9jbG91ZHdhdGNoX2FnZW50KSIKCmFnZW50X21vZGU9JChlY2hvICIkcGFyYW1ldGVycyIgfCBqcSAtLWFyZyBzc21fY29uZmlnX3BhdGggIiRzc21fY29uZmlnX3BhdGgiIC1yICcuW10gfCBzZWxlY3QoLk5hbWUgPT0gIickc3NtX2NvbmZpZ19wYXRoJy9hZ2VudF9tb2RlIikgfCAuVmFsdWUnKQplY2hvICJSZXRyaWV2ZWQgLyRzc21fY29uZmlnX3BhdGgvYWdlbnRfbW9kZSBwYXJhbWV0ZXIgLSAoJGFnZW50X21vZGUpIgoKdG9rZW5fcGF0aD0kKGVjaG8gIiRwYXJhbWV0ZXJzIiB8IGpxIC0tYXJnIHNzbV9jb25maWdfcGF0aCAiJHNzbV9jb25maWdfcGF0aCIgLXIgJy5bXSB8IHNlbGVjdCguTmFtZSA9PSAiJyRzc21fY29uZmlnX3BhdGgnL3Rva2VuX3BhdGgiKSB8IC5WYWx1ZScpCmVjaG8gIlJldHJpZXZlZCAvJHNzbV9jb25maWdfcGF0aC90b2tlbl9wYXRoIHBhcmFtZXRlciAtICgkdG9rZW5fcGF0aCkiCgppZiBbWyAiJGVuYWJsZV9jbG91ZHdhdGNoX2FnZW50IiA9PSAidHJ1ZSIgXV07IHRoZW4KICBlY2hvICJDbG91ZHdhdGNoIGlzIGVuYWJsZWQiCiAgYW1hem9uLWNsb3Vkd2F0Y2gtYWdlbnQtY3RsIC1hIGZldGNoLWNvbmZpZyAtbSBlYzIgLXMgLWMgInNzbTokc3NtX2NvbmZpZ19wYXRoL2Nsb3Vkd2F0Y2hfYWdlbnRfY29uZmlnX3J1bm5lciIKZmkKCiMjIENvbmZpZ3VyZSB0aGUgcnVubmVyCgplY2hvICJHZXQgR0ggUnVubmVyIGNvbmZpZyBmcm9tIEFXUyBTU00iCmNvbmZpZz0kKGF3cyBzc20gZ2V0LXBhcmFtZXRlciAtLW5hbWUgIiR0b2tlbl9wYXRoIi8iJGluc3RhbmNlX2lkIiAtLXdpdGgtZGVjcnlwdGlvbiAtLXJlZ2lvbiAiJHJlZ2lvbiIgfCBqcSAtciAiLlBhcmFtZXRlciB8IC5WYWx1ZSIpCndoaWxlIFtbIC16ICIkY29uZmlnIiBdXTsgZG8KICBlY2hvICJXYWl0aW5nIGZvciBHSCBSdW5uZXIgY29uZmlnIHRvIGJlY29tZSBhdmFpbGFibGUgaW4gQVdTIFNTTSIKICBzbGVlcCAxCiAgY29uZmlnPSQoYXdzIHNzbSBnZXQtcGFyYW1ldGVyIC0tbmFtZSAiJHRva2VuX3BhdGgiLyIkaW5zdGFuY2VfaWQiIC0td2l0aC1kZWNyeXB0aW9uIC0tcmVnaW9uICIkcmVnaW9uIiB8IGpxIC1yICIuUGFyYW1ldGVyIHwgLlZhbHVlIikKZG9uZQoKZWNobyAiRGVsZXRlIEdIIFJ1bm5lciB0b2tlbiBmcm9tIEFXUyBTU00iCmF3cyBzc20gZGVsZXRlLXBhcmFtZXRlciAtLW5hbWUgIiR0b2tlbl9wYXRoIi8iJGluc3RhbmNlX2lkIiAtLXJlZ2lvbiAiJHJlZ2lvbiIKCmlmIFsgLXogIiRydW5fYXMiIF07IHRoZW4KICBlY2hvICJObyB1c2VyIHNwZWNpZmllZCwgdXNpbmcgZGVmYXVsdCBlYzItdXNlciBhY2NvdW50IgogIHJ1bl9hcz0iZWMyLXVzZXIiCmZpCgppZiBbWyAiJHJ1bl9hcyIgPT0gInJvb3QiIF1dOyB0aGVuCiAgZWNobyAicnVuX2FzIGlzIHNldCB0byByb290IC0gZXhwb3J0IFJVTk5FUl9BTExPV19SVU5BU1JPT1Q9MSIKICBleHBvcnQgUlVOTkVSX0FMTE9XX1JVTkFTUk9PVD0xCmZpCgpjaG93biAtUiAkcnVuX2FzIC4KCmVjaG8gIkNvbmZpZ3VyZSBHSCBSdW5uZXIgYXMgdXNlciAkcnVuX2FzIgpzdWRvIC0tcHJlc2VydmUtZW52PVJVTk5FUl9BTExPV19SVU5BU1JPT1QgLXUgIiRydW5fYXMiIC0tIC4vY29uZmlnLnNoIC0tdW5hdHRlbmRlZCAtLW5hbWUgIiRpbnN0YW5jZV9pZCIgLS13b3JrICJfd29yayIgJHtjb25maWd9CgppbmZvX2FyY2g9JCh1bmFtZSAtcCkKaW5mb19vcz0kKCggbHNiX3JlbGVhc2UgLWRzIHx8IGNhdCAvZXRjLypyZWxlYXNlIHx8IHVuYW1lIC1vbSApIDI+L2Rldi9udWxsIHwgaGVhZCAtbjEgfCBjdXQgLWQgIj0iIC1mMi0gfCB0ciAtZCAnIicpCgp0ZWUgL29wdC9hY3Rpb25zLXJ1bm5lci8uc2V0dXBfaW5mbyA8PEVPTApbCiAgewogICAgImdyb3VwIjogIk9wZXJhdGluZyBTeXN0ZW0iLAogICAgImRldGFpbCI6ICJEaXN0cmlidXRpb246ICRpbmZvX29zXG5BcmNoaXRlY3R1cmU6ICRpbmZvX2FyY2giCiAgfSwKICB7CiAgICAiZ3JvdXAiOiAiUnVubmVyIEltYWdlIiwKICAgICJkZXRhaWwiOiAiQU1JIGlkOiAkYW1pX2lkIgogIH0KXQpFT0wKCgojIyBTdGFydCB0aGUgcnVubmVyCmVjaG8gIlN0YXJ0aW5nIHJ1bm5lciBhZnRlciAkKGF3ayAne3ByaW50IGludCgkMS8zNjAwKSI6ImludCgoJDElMzYwMCkvNjApIjoiaW50KCQxJTYwKX0nIC9wcm9jL3VwdGltZSkiCmVjaG8gIlN0YXJ0aW5nIHRoZSBydW5uZXIgYXMgdXNlciAkcnVuX2FzIgoKaWYgW1sgJGFnZW50X21vZGUgPSAiZXBoZW1lcmFsIiBdXTsgdGhlbgoKY2F0ID4vb3B0L3N0YXJ0LXJ1bm5lci1zZXJ2aWNlLnNoIDw8LUVPRgogIGVjaG8gIlN0YXJ0aW5nIHRoZSBydW5uZXIgaW4gZXBoZW1lcmFsIG1vZGUiCiAgc3VkbyAtLXByZXNlcnZlLWVudj1SVU5ORVJfQUxMT1dfUlVOQVNST09UIC11ICIkcnVuX2FzIiAtLSAuL3J1bi5zaAogIGVjaG8gIlJ1bm5lciBoYXMgZmluaXNoZWQiCgogIGVjaG8gIlN0b3BwaW5nIGNsb3Vkd2F0Y2ggc2VydmljZSIKICBzeXN0ZW1jdGwgc3RvcCBhbWF6b24tY2xvdWR3YXRjaC1hZ2VudC5zZXJ2aWNlCiAgZWNobyAiVGVybWluYXRpbmcgaW5zdGFuY2UiCiAgYXdzIGVjMiB0ZXJtaW5hdGUtaW5zdGFuY2VzIC0taW5zdGFuY2UtaWRzICIkaW5zdGFuY2VfaWQiIC0tcmVnaW9uICIkcmVnaW9uIgpFT0YKICBjaG1vZCA3NTUgL29wdC9zdGFydC1ydW5uZXItc2VydmljZS5zaAogICMgU3RhcnRpbmcgdGhlIHJ1bm5lciB2aWEgYSBvd24gcHJvY2VzcyB0byBlbnN1cmUgdGhpcyBwcm9jZXNzIHRlcm1pbmF0ZXMKICBub2h1cCAvb3B0L3N0YXJ0LXJ1bm5lci1zZXJ2aWNlLnNoICYKCmVsc2UKICBlY2hvICJJbnN0YWxsaW5nIHRoZSBydW5uZXIgYXMgYSBzZXJ2aWNlIgogIC4vc3ZjLnNoIGluc3RhbGwgIiRydW5fYXMiCiAgZWNobyAiU3RhcnRpbmcgdGhlIHJ1bm5lciBpbiBwZXJzaXN0ZW50IG1vZGUiCiAgLi9zdmMuc2ggc3RhcnQKZmkKCg==",
            "vpc_security_group_ids": [
              "sg-0d94c9e07c8bebfeb"
            ]
          },
          "sensitive_attributes": [],
          "private": "bnVsbA==",
          "dependencies": [
            "module.base.module.vpc.aws_cloudwatch_log_group.flow_log",
            "module.base.module.vpc.aws_customer_gateway.this",
            "module.base.module.vpc.aws_db_subnet_group.database",
            "module.base.module.vpc.aws_default_network_acl.this",
            "module.base.module.vpc.aws_default_route_table.default",
            "module.base.module.vpc.aws_default_security_group.this",
            "module.base.module.vpc.aws_default_vpc.this",
            "module.base.module.vpc.aws_egress_only_internet_gateway.this",
            "module.base.module.vpc.aws_eip.nat",
            "module.base.module.vpc.aws_elasticache_subnet_group.elasticache",
            "module.base.module.vpc.aws_flow_log.this",
            "module.base.module.vpc.aws_iam_policy.vpc_flow_log_cloudwatch",
            "module.base.module.vpc.aws_iam_role.vpc_flow_log_cloudwatch",
            "module.base.module.vpc.aws_iam_role_policy_attachment.vpc_flow_log_cloudwatch",
            "module.base.module.vpc.aws_internet_gateway.this",
            "module.base.module.vpc.aws_nat_gateway.this",
            "module.base.module.vpc.aws_network_acl.database",
            "module.base.module.vpc.aws_network_acl.elasticache",
            "module.base.module.vpc.aws_network_acl.intra",
            "module.base.module.vpc.aws_network_acl.outpost",
            "module.base.module.vpc.aws_network_acl.private",
            "module.base.module.vpc.aws_network_acl.public",
            "module.base.module.vpc.aws_network_acl.redshift",
            "module.base.module.vpc.aws_network_acl_rule.database_inbound",
            "module.base.module.vpc.aws_network_acl_rule.database_outbound",
            "module.base.module.vpc.aws_network_acl_rule.elasticache_inbound",
            "module.base.module.vpc.aws_network_acl_rule.elasticache_outbound",
            "module.base.module.vpc.aws_network_acl_rule.intra_inbound",
            "module.base.module.vpc.aws_network_acl_rule.intra_outbound",
            "module.base.module.vpc.aws_network_acl_rule.outpost_inbound",
            "module.base.module.vpc.aws_network_acl_rule.outpost_outbound",
            "module.base.module.vpc.aws_network_acl_rule.private_inbound",
            "module.base.module.vpc.aws_network_acl_rule.private_outbound",
            "module.base.module.vpc.aws_network_acl_rule.public_inbound",
            "module.base.module.vpc.aws_network_acl_rule.public_outbound",
            "module.base.module.vpc.aws_network_acl_rule.redshift_inbound",
            "module.base.module.vpc.aws_network_acl_rule.redshift_outbound",
            "module.base.module.vpc.aws_redshift_subnet_group.redshift",
            "module.base.module.vpc.aws_route.database_internet_gateway",
            "module.base.module.vpc.aws_route.database_ipv6_egress",
            "module.base.module.vpc.aws_route.database_nat_gateway",
            "module.base.module.vpc.aws_route.private_ipv6_egress",
            "module.base.module.vpc.aws_route.private_nat_gateway",
            "module.base.module.vpc.aws_route.public_internet_gateway",
            "module.base.module.vpc.aws_route.public_internet_gateway_ipv6",
            "module.base.module.vpc.aws_route_table.database",
            "module.base.module.vpc.aws_route_table.elasticache",
            "module.base.module.vpc.aws_route_table.intra",
            "module.base.module.vpc.aws_route_table.private",
            "module.base.module.vpc.aws_route_table.public",
            "module.base.module.vpc.aws_route_table.redshift",
            "module.base.module.vpc.aws_route_table_association.database",
            "module.base.module.vpc.aws_route_table_association.elasticache",
            "module.base.module.vpc.aws_route_table_association.intra",
            "module.base.module.vpc.aws_route_table_association.outpost",
            "module.base.module.vpc.aws_route_table_association.private",
            "module.base.module.vpc.aws_route_table_association.public",
            "module.base.module.vpc.aws_route_table_association.redshift",
            "module.base.module.vpc.aws_route_table_association.redshift_public",
            "module.base.module.vpc.aws_subnet.database",
            "module.base.module.vpc.aws_subnet.elasticache",
            "module.base.module.vpc.aws_subnet.intra",
            "module.base.module.vpc.aws_subnet.outpost",
            "module.base.module.vpc.aws_subnet.private",
            "module.base.module.vpc.aws_subnet.public",
            "module.base.module.vpc.aws_subnet.redshift",
            "module.base.module.vpc.aws_vpc.this",
            "module.base.module.vpc.aws_vpc_dhcp_options.this",
            "module.base.module.vpc.aws_vpc_dhcp_options_association.this",
            "module.base.module.vpc.aws_vpc_ipv4_cidr_block_association.this",
            "module.base.module.vpc.aws_vpn_gateway.this",
            "module.base.module.vpc.aws_vpn_gateway_attachment.this",
            "module.base.module.vpc.aws_vpn_gateway_route_propagation.intra",
            "module.base.module.vpc.aws_vpn_gateway_route_propagation.private",
            "module.base.module.vpc.aws_vpn_gateway_route_propagation.public",
            "module.base.module.vpc.data.aws_iam_policy_document.flow_log_cloudwatch_assume_role",
            "module.base.module.vpc.data.aws_iam_policy_document.vpc_flow_log_cloudwatch",
            "module.runners.module.runner_binaries.aws_s3_bucket.action_dist",
            "module.runners.module.runners.aws_iam_instance_profile.runner",
            "module.runners.module.runners.aws_iam_role.runner",
            "module.runners.module.runners.aws_security_group.runner_sg",
            "module.runners.module.runners.aws_ssm_parameter.cloudwatch_agent_config_runner",
            "module.runners.module.runners.data.aws_ami.runner",
            "module.runners.random_string.random"
          ]
        }
      ]
    },
    {
      "module": "module.runners.module.runners",
      "mode": "managed",
      "type": "aws_security_group",
      "name": "runner_sg",
      "provider": "provider[\"registry.terraform.io/hashicorp/aws\"]",
      "instances": [
        {
          "index_key": 0,
          "schema_version": 1,
          "attributes": {
            "arn": "arn:aws:ec2:ca-central-1:152368484097:security-group/sg-0d94c9e07c8bebfeb",
            "description": "Github Actions Runner security group",
            "egress": [
              {
                "cidr_blocks": [
                  "0.0.0.0/0"
                ],
                "description": "",
                "from_port": 0,
                "ipv6_cidr_blocks": [
                  "::/0"
                ],
                "prefix_list_ids": [],
                "protocol": "-1",
                "security_groups": [],
                "self": false,
                "to_port": 0
              }
            ],
            "id": "sg-0d94c9e07c8bebfeb",
            "ingress": [],
            "name": "ep-runner-github-actions-runner-sg20230117184647250000000005",
            "name_prefix": "ep-runner-github-actions-runner-sg",
            "owner_id": "152368484097",
            "revoke_rules_on_delete": false,
            "tags": {
              "Name": "ep-runner-action-runner",
              "Project": "ep-runner",
              "ghr:environment": "ep-runner",
              "ghr:ssm_config_path": "/github-action-runners/ep-runner/runners/config"
            },
            "tags_all": {
              "Example": "ep-runner",
              "Name": "ep-runner-action-runner",
              "Project": "ep-runner",
              "ghr:environment": "ep-runner",
              "ghr:ssm_config_path": "/github-action-runners/ep-runner/runners/config"
            },
            "timeouts": null,
            "vpc_id": "vpc-0de9193fff8b5a748"
          },
          "sensitive_attributes": [],
          "private": "eyJlMmJmYjczMC1lY2FhLTExZTYtOGY4OC0zNDM2M2JjN2M0YzAiOnsiY3JlYXRlIjo2MDAwMDAwMDAwMDAsImRlbGV0ZSI6OTAwMDAwMDAwMDAwfSwic2NoZW1hX3ZlcnNpb24iOiIxIn0=",
          "dependencies": [
            "module.base.module.vpc.aws_cloudwatch_log_group.flow_log",
            "module.base.module.vpc.aws_customer_gateway.this",
            "module.base.module.vpc.aws_db_subnet_group.database",
            "module.base.module.vpc.aws_default_network_acl.this",
            "module.base.module.vpc.aws_default_route_table.default",
            "module.base.module.vpc.aws_default_security_group.this",
            "module.base.module.vpc.aws_default_vpc.this",
            "module.base.module.vpc.aws_egress_only_internet_gateway.this",
            "module.base.module.vpc.aws_eip.nat",
            "module.base.module.vpc.aws_elasticache_subnet_group.elasticache",
            "module.base.module.vpc.aws_flow_log.this",
            "module.base.module.vpc.aws_iam_policy.vpc_flow_log_cloudwatch",
            "module.base.module.vpc.aws_iam_role.vpc_flow_log_cloudwatch",
            "module.base.module.vpc.aws_iam_role_policy_attachment.vpc_flow_log_cloudwatch",
            "module.base.module.vpc.aws_internet_gateway.this",
            "module.base.module.vpc.aws_nat_gateway.this",
            "module.base.module.vpc.aws_network_acl.database",
            "module.base.module.vpc.aws_network_acl.elasticache",
            "module.base.module.vpc.aws_network_acl.intra",
            "module.base.module.vpc.aws_network_acl.outpost",
            "module.base.module.vpc.aws_network_acl.private",
            "module.base.module.vpc.aws_network_acl.public",
            "module.base.module.vpc.aws_network_acl.redshift",
            "module.base.module.vpc.aws_network_acl_rule.database_inbound",
            "module.base.module.vpc.aws_network_acl_rule.database_outbound",
            "module.base.module.vpc.aws_network_acl_rule.elasticache_inbound",
            "module.base.module.vpc.aws_network_acl_rule.elasticache_outbound",
            "module.base.module.vpc.aws_network_acl_rule.intra_inbound",
            "module.base.module.vpc.aws_network_acl_rule.intra_outbound",
            "module.base.module.vpc.aws_network_acl_rule.outpost_inbound",
            "module.base.module.vpc.aws_network_acl_rule.outpost_outbound",
            "module.base.module.vpc.aws_network_acl_rule.private_inbound",
            "module.base.module.vpc.aws_network_acl_rule.private_outbound",
            "module.base.module.vpc.aws_network_acl_rule.public_inbound",
            "module.base.module.vpc.aws_network_acl_rule.public_outbound",
            "module.base.module.vpc.aws_network_acl_rule.redshift_inbound",
            "module.base.module.vpc.aws_network_acl_rule.redshift_outbound",
            "module.base.module.vpc.aws_redshift_subnet_group.redshift",
            "module.base.module.vpc.aws_route.database_internet_gateway",
            "module.base.module.vpc.aws_route.database_ipv6_egress",
            "module.base.module.vpc.aws_route.database_nat_gateway",
            "module.base.module.vpc.aws_route.private_ipv6_egress",
            "module.base.module.vpc.aws_route.private_nat_gateway",
            "module.base.module.vpc.aws_route.public_internet_gateway",
            "module.base.module.vpc.aws_route.public_internet_gateway_ipv6",
            "module.base.module.vpc.aws_route_table.database",
            "module.base.module.vpc.aws_route_table.elasticache",
            "module.base.module.vpc.aws_route_table.intra",
            "module.base.module.vpc.aws_route_table.private",
            "module.base.module.vpc.aws_route_table.public",
            "module.base.module.vpc.aws_route_table.redshift",
            "module.base.module.vpc.aws_route_table_association.database",
            "module.base.module.vpc.aws_route_table_association.elasticache",
            "module.base.module.vpc.aws_route_table_association.intra",
            "module.base.module.vpc.aws_route_table_association.outpost",
            "module.base.module.vpc.aws_route_table_association.private",
            "module.base.module.vpc.aws_route_table_association.public",
            "module.base.module.vpc.aws_route_table_association.redshift",
            "module.base.module.vpc.aws_route_table_association.redshift_public",
            "module.base.module.vpc.aws_subnet.database",
            "module.base.module.vpc.aws_subnet.elasticache",
            "module.base.module.vpc.aws_subnet.intra",
            "module.base.module.vpc.aws_subnet.outpost",
            "module.base.module.vpc.aws_subnet.private",
            "module.base.module.vpc.aws_subnet.public",
            "module.base.module.vpc.aws_subnet.redshift",
            "module.base.module.vpc.aws_vpc.this",
            "module.base.module.vpc.aws_vpc_dhcp_options.this",
            "module.base.module.vpc.aws_vpc_dhcp_options_association.this",
            "module.base.module.vpc.aws_vpc_ipv4_cidr_block_association.this",
            "module.base.module.vpc.aws_vpn_gateway.this",
            "module.base.module.vpc.aws_vpn_gateway_attachment.this",
            "module.base.module.vpc.aws_vpn_gateway_route_propagation.intra",
            "module.base.module.vpc.aws_vpn_gateway_route_propagation.private",
            "module.base.module.vpc.aws_vpn_gateway_route_propagation.public",
            "module.base.module.vpc.data.aws_iam_policy_document.flow_log_cloudwatch_assume_role",
            "module.base.module.vpc.data.aws_iam_policy_document.vpc_flow_log_cloudwatch"
          ]
        }
      ]
    },
    {
      "module": "module.runners.module.runners",
      "mode": "managed",
      "type": "aws_ssm_parameter",
      "name": "cloudwatch_agent_config_runner",
      "provider": "provider[\"registry.terraform.io/hashicorp/aws\"]",
      "instances": [
        {
          "index_key": 0,
          "schema_version": 0,
          "attributes": {
            "allowed_pattern": "",
            "arn": "arn:aws:ssm:ca-central-1:152368484097:parameter/github-action-runners/ep-runner/runners/config/cloudwatch_agent_config_runner",
            "data_type": "text",
            "description": "",
            "id": "/github-action-runners/ep-runner/runners/config/cloudwatch_agent_config_runner",
            "insecure_value": null,
            "key_id": "",
            "name": "/github-action-runners/ep-runner/runners/config/cloudwatch_agent_config_runner",
            "overwrite": null,
            "tags": {
              "Name": "ep-runner-action-runner",
              "Project": "ep-runner",
              "ghr:environment": "ep-runner",
              "ghr:ssm_config_path": "/github-action-runners/ep-runner/runners/config"
            },
            "tags_all": {
              "Example": "ep-runner",
              "Name": "ep-runner-action-runner",
              "Project": "ep-runner",
              "ghr:environment": "ep-runner",
              "ghr:ssm_config_path": "/github-action-runners/ep-runner/runners/config"
            },
            "tier": "Standard",
            "type": "String",
            "value": "{\n    \"agent\": {\n        \"metrics_collection_interval\": 5\n    },\n    \"logs\": {\n        \"logs_collected\": {\n            \"files\": {\n                \"collect_list\": [{\"file_path\":\"/var/log/syslog\",\"log_group_name\":\"/github-self-hosted-runners/ep-runner/syslog\",\"log_stream_name\":\"{instance_id}\"},{\"file_path\":\"/var/log/user-data.log\",\"log_group_name\":\"/github-self-hosted-runners/ep-runner/user_data\",\"log_stream_name\":\"{instance_id}/user_data\"},{\"file_path\":\"/opt/actions-runner/_diag/Runner_**.log\",\"log_group_name\":\"/github-self-hosted-runners/ep-runner/runner\",\"log_stream_name\":\"{instance_id}/runner\"}]\n            }\n        }\n    }\n}",
            "version": 1
          },
          "sensitive_attributes": [],
          "private": "bnVsbA=="
        }
      ]
    },
    {
      "module": "module.runners.module.runners",
      "mode": "managed",
      "type": "aws_ssm_parameter",
      "name": "runner_agent_mode",
      "provider": "provider[\"registry.terraform.io/hashicorp/aws\"]",
      "instances": [
        {
          "schema_version": 0,
          "attributes": {
            "allowed_pattern": "",
            "arn": "arn:aws:ssm:ca-central-1:152368484097:parameter/github-action-runners/ep-runner/runners/config/agent_mode",
            "data_type": "text",
            "description": "",
            "id": "/github-action-runners/ep-runner/runners/config/agent_mode",
            "insecure_value": null,
            "key_id": "",
            "name": "/github-action-runners/ep-runner/runners/config/agent_mode",
            "overwrite": null,
            "tags": {
              "Name": "ep-runner-action-runner",
              "Project": "ep-runner",
              "ghr:environment": "ep-runner",
              "ghr:ssm_config_path": "/github-action-runners/ep-runner/runners/config"
            },
            "tags_all": {
              "Example": "ep-runner",
              "Name": "ep-runner-action-runner",
              "Project": "ep-runner",
              "ghr:environment": "ep-runner",
              "ghr:ssm_config_path": "/github-action-runners/ep-runner/runners/config"
            },
            "tier": "Standard",
            "type": "String",
            "value": "persistent",
            "version": 1
          },
          "sensitive_attributes": [],
          "private": "bnVsbA=="
        }
      ]
    },
    {
      "module": "module.runners.module.runners",
      "mode": "managed",
      "type": "aws_ssm_parameter",
      "name": "runner_config_run_as",
      "provider": "provider[\"registry.terraform.io/hashicorp/aws\"]",
      "instances": [
        {
          "schema_version": 0,
          "attributes": {
            "allowed_pattern": "",
            "arn": "arn:aws:ssm:ca-central-1:152368484097:parameter/github-action-runners/ep-runner/runners/config/run_as",
            "data_type": "text",
            "description": "",
            "id": "/github-action-runners/ep-runner/runners/config/run_as",
            "insecure_value": null,
            "key_id": "",
            "name": "/github-action-runners/ep-runner/runners/config/run_as",
            "overwrite": null,
            "tags": {
              "Name": "ep-runner-action-runner",
              "Project": "ep-runner",
              "ghr:environment": "ep-runner",
              "ghr:ssm_config_path": "/github-action-runners/ep-runner/runners/config"
            },
            "tags_all": {
              "Example": "ep-runner",
              "Name": "ep-runner-action-runner",
              "Project": "ep-runner",
              "ghr:environment": "ep-runner",
              "ghr:ssm_config_path": "/github-action-runners/ep-runner/runners/config"
            },
            "tier": "Standard",
            "type": "String",
            "value": "ubuntu",
            "version": 1
          },
          "sensitive_attributes": [],
          "private": "bnVsbA=="
        }
      ]
    },
    {
      "module": "module.runners.module.runners",
      "mode": "managed",
      "type": "aws_ssm_parameter",
      "name": "runner_enable_cloudwatch",
      "provider": "provider[\"registry.terraform.io/hashicorp/aws\"]",
      "instances": [
        {
          "schema_version": 0,
          "attributes": {
            "allowed_pattern": "",
            "arn": "arn:aws:ssm:ca-central-1:152368484097:parameter/github-action-runners/ep-runner/runners/config/enable_cloudwatch",
            "data_type": "text",
            "description": "",
            "id": "/github-action-runners/ep-runner/runners/config/enable_cloudwatch",
            "insecure_value": null,
            "key_id": "",
            "name": "/github-action-runners/ep-runner/runners/config/enable_cloudwatch",
            "overwrite": null,
            "tags": {
              "Name": "ep-runner-action-runner",
              "Project": "ep-runner",
              "ghr:environment": "ep-runner",
              "ghr:ssm_config_path": "/github-action-runners/ep-runner/runners/config"
            },
            "tags_all": {
              "Example": "ep-runner",
              "Name": "ep-runner-action-runner",
              "Project": "ep-runner",
              "ghr:environment": "ep-runner",
              "ghr:ssm_config_path": "/github-action-runners/ep-runner/runners/config"
            },
            "tier": "Standard",
            "type": "String",
            "value": "true",
            "version": 1
          },
          "sensitive_attributes": [],
          "private": "bnVsbA=="
        }
      ]
    },
    {
      "module": "module.runners.module.runners",
      "mode": "managed",
      "type": "aws_ssm_parameter",
      "name": "token_path",
      "provider": "provider[\"registry.terraform.io/hashicorp/aws\"]",
      "instances": [
        {
          "schema_version": 0,
          "attributes": {
            "allowed_pattern": "",
            "arn": "arn:aws:ssm:ca-central-1:152368484097:parameter/github-action-runners/ep-runner/runners/config/token_path",
            "data_type": "text",
            "description": "",
            "id": "/github-action-runners/ep-runner/runners/config/token_path",
            "insecure_value": null,
            "key_id": "",
            "name": "/github-action-runners/ep-runner/runners/config/token_path",
            "overwrite": null,
            "tags": {
              "Name": "ep-runner-action-runner",
              "Project": "ep-runner",
              "ghr:environment": "ep-runner",
              "ghr:ssm_config_path": "/github-action-runners/ep-runner/runners/config"
            },
            "tags_all": {
              "Example": "ep-runner",
              "Name": "ep-runner-action-runner",
              "Project": "ep-runner",
              "ghr:environment": "ep-runner",
              "ghr:ssm_config_path": "/github-action-runners/ep-runner/runners/config"
            },
            "tier": "Standard",
            "type": "String",
            "value": "/github-action-runners/ep-runner/runners/tokens",
            "version": 1
          },
          "sensitive_attributes": [],
          "private": "bnVsbA=="
        }
      ]
    },
    {
      "module": "module.runners.module.ssm",
      "mode": "managed",
      "type": "aws_ssm_parameter",
      "name": "github_app_id",
      "provider": "provider[\"registry.terraform.io/hashicorp/aws\"]",
      "instances": [
        {
          "schema_version": 0,
          "attributes": {
            "allowed_pattern": "",
            "arn": "arn:aws:ssm:ca-central-1:152368484097:parameter/github-action-runners/ep-runner/app/github_app_id",
            "data_type": "text",
            "description": "",
            "id": "/github-action-runners/ep-runner/app/github_app_id",
            "insecure_value": null,
            "key_id": "alias/aws/ssm",
            "name": "/github-action-runners/ep-runner/app/github_app_id",
            "overwrite": null,
            "tags": {
              "Project": "ep-runner",
              "ghr:environment": "ep-runner"
            },
            "tags_all": {
              "Example": "ep-runner",
              "Project": "ep-runner",
              "ghr:environment": "ep-runner"
            },
            "tier": "Standard",
            "type": "SecureString",
            "value": "282125",
            "version": 1
          },
          "sensitive_attributes": [],
          "private": "bnVsbA==",
          "dependencies": [
            "random_id.random"
          ]
        }
      ]
    },
    {
      "module": "module.runners.module.ssm",
      "mode": "managed",
      "type": "aws_ssm_parameter",
      "name": "github_app_key_base64",
      "provider": "provider[\"registry.terraform.io/hashicorp/aws\"]",
      "instances": [
        {
          "schema_version": 0,
          "attributes": {
            "allowed_pattern": "",
            "arn": "arn:aws:ssm:ca-central-1:152368484097:parameter/github-action-runners/ep-runner/app/github_app_key_base64",
            "data_type": "text",
            "description": "",
            "id": "/github-action-runners/ep-runner/app/github_app_key_base64",
            "insecure_value": null,
            "key_id": "alias/aws/ssm",
            "name": "/github-action-runners/ep-runner/app/github_app_key_base64",
            "overwrite": null,
            "tags": {
              "Project": "ep-runner",
              "ghr:environment": "ep-runner"
            },
            "tags_all": {
              "Example": "ep-runner",
              "Project": "ep-runner",
              "ghr:environment": "ep-runner"
            },
            "tier": "Standard",
            "type": "SecureString",
            "value": "LS0tLS1CRUdJTiBSU0EgUFJJVkFURSBLRVktLS0tLQpNSUlFcEFJQkFBS0NBUUVBeE9PY3dOcCszZkFxSXFidWluVWZRb3ZqdnUzdld5ZWhxMWtjc0EwU3d4b2Z4ZERMCjJxZlpabnduKzVVcTdlVlFURHRrSjE0aGJwaG9LVWVZSU9waW9Id0hpUEZrendFMlB5eUdRekdXbFU3QVZLZ2cKeU1ZU1ZyTDB6clp2RjI1cmNTWWhhL1ZVOE1UYU5uZlI0dStZYVJNcERZZG1jb3hkQWx3M0c0RThsb3F5Q2VFTwppOERrWnd2WHFHL05CWGhIcUJEWm5pSjFWNzByUC92M1N5YXJZb01ieEVRR2FOeWdVMG92R1VvaFJKYi8xOWozCklDM0c1d1pTcFBTd1VYMUF3blB3VFJBM1dTTVJmTTE3aG51U1pOLzlXdUlQUjFMWlJzUzZ0N1ZwQllpangyRjkKQ2w4R0lsTnJTdXVxVlNyem5FVlFRWjRsdkI5YTd3MUNmUjJvNFFJREFRQUJBb0lCQUZkYXVWQ2pZSWh0cHZRcQo1a2tOLyttUmtXRkR4ZC9HcktjT2FYait3K1ZHTVBTZVYrUFNkdFZPbnBxenF4RlRuWlhGQUFHcmROL1J4TjBUCnc3NU8zNlZlZ2lWVEhLdnZXTGNjdFJFWTdqdWViaHpoWDNKVTF3d2FhQjFTdWVWR2Uyci9SUExXTFhLSmxGdDQKTytvWTdhRW8vQnpoaHlXcGV4YXgvVTA1d0x6MVVZVTl5YnNnMnp3cjdMcEp4OHhTNjB3U3YxTWhWK3p6U3R3awplQlNSVnpKeW5FdzI3ZUZqdFQ1ejN4VkV4a1NBeU9MejUzU0s5N3BHN0NKelBrYXBRazIrVlIxcHFFdDBlNFhWCjIxbjZtaXRQR0xiaXF0NW9wS0NUUW1ML29CWmVQYStRV2VPZ1dFei84QzI0Y0FlSjVKWU1zZWNuZ0IvZXdLa2cKNDdkV1lTVUNnWUVBL3ZocUtUSFp4aUZoc254QWE0ZUJYRm9HSTJ5dGlWK245WWJsSzc5U2svaHFOUFAyM0VTcwpzKzlWemV2bGRzSitPWGFYUTZqaUR2Zm9kZFBzMkoyQmtYRW9jdGk0Ulpoeit4SXB0cnJrT1dOaXZlZ0lqMmhSClpvQWZEWEdSek55ckRtR2VhdDhjeVNTdDhGKzNKZWlrcjlhOVRqZnVpelNjWlFUdytLNDdZNk1DZ1lFQXhhOG4KWnljQ1liWk41VVVQc1plQ0RpL3NHSkJPc1lHc1VYUFN6RmpaTVBDUXp2SnU3ODFHa2pDZHdsSmRCTzhNWkl6QwpsUSttSGlQVW5lRjVQQUtnWGkyTmtTQVVtRCtDc21waGpQWGVrb3JIbmVaOVVsT0dYWHhIYlptRHpkVkNCWU1VClpuZ3dGK25LY295SmI2TXNRaGxza3cvbDdwUnlMeFRPV3RWZkthc0NnWUVBaTB4eXk1RFZ0cjUwSHN4dGNaSDEKcGR2MU1KTm1lQUFQeGo5dG95b0MxcDdJZjZldC9nZHpCMWRCM0ovOW5KV0QycWNrMnkxQVhBY3JOSHlWRUg5MAowMTRzU0JxSkNsVFJRS0Zhc3QrR1lxZ2V3VHdzdVJTNExEVGhRam9DK3hhd1Njb2hmNmZubFNqNThyS0lZQ2lyCkdQcE1NSmkwTmMrSGhsVmR4YStDK05zQ2dZQktyU2p3WVo4WHRGdG1zWmtGR0Z2TDZqU0E3dnFiT1lZVDJ2SVYKdWJhS00wWXd0d3BMVWp0SGZGQU1HVHNFWXgxR1dwb2kzeDk4b1VKdlJiNmJlYzZFNVNabVhUMEthbXQvNUlubgpTdllDVzZTZXRIUkJCa1pxeUVqZlVTK21NTnBZNUxSdkpSWGQ0clpVWVZ5RnJKbEtldm8xNzdxSFR0SjNrSitIClZyVTFNd0tCZ1FEWmJpUkFWV3J2V0hjS3lSMTdBZjZYWWp6U01ZK09vdm1XODU1WnY2UU1wVVRWbi81Z3ZNWUgKeUpZUUQzRnlEUEx2K1dXcUFwVG1VZGErUHdMV1YxNnRndENKTGVncjI0VTFxZVFYQ09rcVZZY2xHdUE5WUxHbQppYUF2OXFQRkI1ZE1mNkU3eWhhcXRCZXN0SFhiVldZVzc4WTN5WjBPaTM0NlJOTUo5UmZJZXc9PQotLS0tLUVORCBSU0EgUFJJVkFURSBLRVktLS0tLQo=",
            "version": 1
          },
          "sensitive_attributes": [],
          "private": "bnVsbA==",
          "dependencies": [
            "random_id.random"
          ]
        }
      ]
    },
    {
      "module": "module.runners.module.ssm",
      "mode": "managed",
      "type": "aws_ssm_parameter",
      "name": "github_app_webhook_secret",
      "provider": "provider[\"registry.terraform.io/hashicorp/aws\"]",
      "instances": [
        {
          "schema_version": 0,
          "attributes": {
            "allowed_pattern": "",
            "arn": "arn:aws:ssm:ca-central-1:152368484097:parameter/github-action-runners/ep-runner/app/github_app_webhook_secret",
            "data_type": "text",
            "description": "",
            "id": "/github-action-runners/ep-runner/app/github_app_webhook_secret",
            "insecure_value": null,
            "key_id": "alias/aws/ssm",
            "name": "/github-action-runners/ep-runner/app/github_app_webhook_secret",
            "overwrite": null,
            "tags": {
              "Project": "ep-runner",
              "ghr:environment": "ep-runner"
            },
            "tags_all": {
              "Example": "ep-runner",
              "Project": "ep-runner",
              "ghr:environment": "ep-runner"
            },
            "tier": "Standard",
            "type": "SecureString",
            "value": "74e0a75647c9cb205b85b6c77ed4e6f329b7e2c9",
            "version": 1
          },
          "sensitive_attributes": [],
          "private": "bnVsbA==",
          "dependencies": [
            "random_id.random"
          ]
        }
      ]
    },
    {
      "module": "module.runners.module.webhook",
      "mode": "data",
      "type": "aws_iam_policy_document",
      "name": "lambda_assume_role_policy",
      "provider": "provider[\"registry.terraform.io/hashicorp/aws\"]",
      "instances": [
        {
          "schema_version": 0,
          "attributes": {
            "id": "3693445097",
            "json": "{\n  \"Version\": \"2012-10-17\",\n  \"Statement\": [\n    {\n      \"Sid\": \"\",\n      \"Effect\": \"Allow\",\n      \"Action\": \"sts:AssumeRole\",\n      \"Principal\": {\n        \"Service\": \"lambda.amazonaws.com\"\n      }\n    }\n  ]\n}",
            "override_json": null,
            "override_policy_documents": null,
            "policy_id": null,
            "source_json": null,
            "source_policy_documents": null,
            "statement": [
              {
                "actions": [
                  "sts:AssumeRole"
                ],
                "condition": [],
                "effect": "Allow",
                "not_actions": [],
                "not_principals": [],
                "not_resources": [],
                "principals": [
                  {
                    "identifiers": [
                      "lambda.amazonaws.com"
                    ],
                    "type": "Service"
                  }
                ],
                "resources": [],
                "sid": ""
              }
            ],
            "version": "2012-10-17"
          },
          "sensitive_attributes": []
        }
      ]
    },
    {
      "module": "module.runners.module.webhook",
      "mode": "managed",
      "type": "aws_apigatewayv2_api",
      "name": "webhook",
      "provider": "provider[\"registry.terraform.io/hashicorp/aws\"]",
      "instances": [
        {
          "schema_version": 0,
          "attributes": {
            "api_endpoint": "https://5x68zkakme.execute-api.ca-central-1.amazonaws.com",
            "api_key_selection_expression": "$request.header.x-api-key",
            "arn": "arn:aws:apigateway:ca-central-1::/apis/5x68zkakme",
            "body": null,
            "cors_configuration": [],
            "credentials_arn": null,
            "description": "",
            "disable_execute_api_endpoint": false,
            "execution_arn": "arn:aws:execute-api:ca-central-1:152368484097:5x68zkakme",
            "fail_on_warnings": null,
            "id": "5x68zkakme",
            "name": "ep-runner-github-action-webhook",
            "protocol_type": "HTTP",
            "route_key": null,
            "route_selection_expression": "$request.method $request.path",
            "tags": {
              "Project": "ep-runner",
              "ghr:environment": "ep-runner"
            },
            "tags_all": {
              "Example": "ep-runner",
              "Project": "ep-runner",
              "ghr:environment": "ep-runner"
            },
            "target": null,
            "version": ""
          },
          "sensitive_attributes": [],
          "private": "bnVsbA=="
        }
      ]
    },
    {
      "module": "module.runners.module.webhook",
      "mode": "managed",
      "type": "aws_apigatewayv2_integration",
      "name": "webhook",
      "provider": "provider[\"registry.terraform.io/hashicorp/aws\"]",
      "instances": [
        {
          "schema_version": 0,
          "attributes": {
            "api_id": "5x68zkakme",
            "connection_id": "",
            "connection_type": "INTERNET",
            "content_handling_strategy": "",
            "credentials_arn": "",
            "description": "GitHub App webhook for receiving build events.",
            "id": "ffk0gh6",
            "integration_method": "POST",
            "integration_response_selection_expression": "",
            "integration_subtype": "",
            "integration_type": "AWS_PROXY",
            "integration_uri": "arn:aws:apigateway:ca-central-1:lambda:path/2015-03-31/functions/arn:aws:lambda:ca-central-1:152368484097:function:ep-runner-webhook/invocations",
            "passthrough_behavior": "",
            "payload_format_version": "1.0",
            "request_parameters": {},
            "request_templates": {},
            "response_parameters": [],
            "template_selection_expression": "",
            "timeout_milliseconds": 30000,
            "tls_config": []
          },
          "sensitive_attributes": [],
          "private": "bnVsbA==",
          "dependencies": [
            "module.runners.aws_sqs_queue.queued_builds",
            "module.runners.aws_sqs_queue.queued_builds_dlq",
            "module.runners.aws_sqs_queue.webhook_events_workflow_job_queue",
            "module.runners.module.ssm.aws_ssm_parameter.github_app_id",
            "module.runners.module.ssm.aws_ssm_parameter.github_app_key_base64",
            "module.runners.module.ssm.aws_ssm_parameter.github_app_webhook_secret",
            "module.runners.module.webhook.aws_apigatewayv2_api.webhook",
            "module.runners.module.webhook.aws_iam_role.webhook_lambda",
            "module.runners.module.webhook.aws_lambda_function.webhook",
            "module.runners.module.webhook.data.aws_iam_policy_document.lambda_assume_role_policy",
            "random_id.random"
          ]
        }
      ]
    },
    {
      "module": "module.runners.module.webhook",
      "mode": "managed",
      "type": "aws_apigatewayv2_route",
      "name": "webhook",
      "provider": "provider[\"registry.terraform.io/hashicorp/aws\"]",
      "instances": [
        {
          "schema_version": 0,
          "attributes": {
            "api_id": "5x68zkakme",
            "api_key_required": false,
            "authorization_scopes": [],
            "authorization_type": "NONE",
            "authorizer_id": "",
            "id": "e28dpo9",
            "model_selection_expression": "",
            "operation_name": "",
            "request_models": {},
            "request_parameter": [],
            "route_key": "POST /webhook",
            "route_response_selection_expression": "",
            "target": "integrations/ffk0gh6"
          },
          "sensitive_attributes": [],
          "private": "bnVsbA==",
          "dependencies": [
            "module.runners.aws_sqs_queue.queued_builds",
            "module.runners.aws_sqs_queue.queued_builds_dlq",
            "module.runners.aws_sqs_queue.webhook_events_workflow_job_queue",
            "module.runners.module.ssm.aws_ssm_parameter.github_app_id",
            "module.runners.module.ssm.aws_ssm_parameter.github_app_key_base64",
            "module.runners.module.ssm.aws_ssm_parameter.github_app_webhook_secret",
            "module.runners.module.webhook.aws_apigatewayv2_api.webhook",
            "module.runners.module.webhook.aws_apigatewayv2_integration.webhook",
            "module.runners.module.webhook.aws_iam_role.webhook_lambda",
            "module.runners.module.webhook.aws_lambda_function.webhook",
            "module.runners.module.webhook.data.aws_iam_policy_document.lambda_assume_role_policy",
            "random_id.random"
          ]
        }
      ]
    },
    {
      "module": "module.runners.module.webhook",
      "mode": "managed",
      "type": "aws_apigatewayv2_stage",
      "name": "webhook",
      "provider": "provider[\"registry.terraform.io/hashicorp/aws\"]",
      "instances": [
        {
          "schema_version": 0,
          "attributes": {
            "access_log_settings": [],
            "api_id": "5x68zkakme",
            "arn": "arn:aws:apigateway:ca-central-1::/apis/5x68zkakme/stages/$default",
            "auto_deploy": true,
            "client_certificate_id": "",
            "default_route_settings": [
              {
                "data_trace_enabled": false,
                "detailed_metrics_enabled": false,
                "logging_level": "",
                "throttling_burst_limit": 0,
                "throttling_rate_limit": 0
              }
            ],
            "deployment_id": "hhc0ws",
            "description": "",
            "execution_arn": "arn:aws:execute-api:ca-central-1:152368484097:5x68zkakme/$default",
            "id": "$default",
            "invoke_url": "https://5x68zkakme.execute-api.ca-central-1.amazonaws.com/",
            "name": "$default",
            "route_settings": [],
            "stage_variables": {},
            "tags": {
              "Project": "ep-runner",
              "ghr:environment": "ep-runner"
            },
            "tags_all": {
              "Example": "ep-runner",
              "Project": "ep-runner",
              "ghr:environment": "ep-runner"
            }
          },
          "sensitive_attributes": [],
          "private": "bnVsbA==",
          "dependencies": [
            "module.runners.module.webhook.aws_apigatewayv2_api.webhook"
          ]
        }
      ]
    },
    {
      "module": "module.runners.module.webhook",
      "mode": "managed",
      "type": "aws_cloudwatch_log_group",
      "name": "webhook",
      "provider": "provider[\"registry.terraform.io/hashicorp/aws\"]",
      "instances": [
        {
          "schema_version": 0,
          "attributes": {
            "arn": "arn:aws:logs:ca-central-1:152368484097:log-group:/aws/lambda/ep-runner-webhook",
            "id": "/aws/lambda/ep-runner-webhook",
            "kms_key_id": "",
            "name": "/aws/lambda/ep-runner-webhook",
            "name_prefix": "",
            "retention_in_days": 180,
            "skip_destroy": false,
            "tags": {
              "Project": "ep-runner",
              "ghr:environment": "ep-runner"
            },
            "tags_all": {
              "Example": "ep-runner",
              "Project": "ep-runner",
              "ghr:environment": "ep-runner"
            }
          },
          "sensitive_attributes": [],
          "private": "bnVsbA==",
          "dependencies": [
            "module.runners.aws_sqs_queue.queued_builds",
            "module.runners.aws_sqs_queue.queued_builds_dlq",
            "module.runners.aws_sqs_queue.webhook_events_workflow_job_queue",
            "module.runners.module.ssm.aws_ssm_parameter.github_app_id",
            "module.runners.module.ssm.aws_ssm_parameter.github_app_key_base64",
            "module.runners.module.ssm.aws_ssm_parameter.github_app_webhook_secret",
            "module.runners.module.webhook.aws_iam_role.webhook_lambda",
            "module.runners.module.webhook.aws_lambda_function.webhook",
            "module.runners.module.webhook.data.aws_iam_policy_document.lambda_assume_role_policy",
            "random_id.random"
          ]
        }
      ]
    },
    {
      "module": "module.runners.module.webhook",
      "mode": "managed",
      "type": "aws_iam_role",
      "name": "webhook_lambda",
      "provider": "provider[\"registry.terraform.io/hashicorp/aws\"]",
      "instances": [
        {
          "schema_version": 0,
          "attributes": {
            "arn": "arn:aws:iam::152368484097:role/ep-runner/ep-runner-action-webhook-lambda-role",
            "assume_role_policy": "{\"Statement\":[{\"Action\":\"sts:AssumeRole\",\"Effect\":\"Allow\",\"Principal\":{\"Service\":\"lambda.amazonaws.com\"},\"Sid\":\"\"}],\"Version\":\"2012-10-17\"}",
            "create_date": "2023-01-17T18:44:41Z",
            "description": "",
            "force_detach_policies": false,
            "id": "ep-runner-action-webhook-lambda-role",
            "inline_policy": [
              {
                "name": "ep-runner-lambda-logging-policy",
                "policy": "{\"Version\":\"2012-10-17\",\"Statement\":[{\"Action\":[\"logs:CreateLogStream\",\"logs:PutLogEvents\"],\"Effect\":\"Allow\",\"Resource\":\"arn:aws:logs:ca-central-1:152368484097:log-group:/aws/lambda/ep-runner-webhook*\"}]}"
              },
              {
                "name": "ep-runner-lambda-webhook-publish-sqs-policy",
                "policy": "{\"Version\":\"2012-10-17\",\"Statement\":[{\"Action\":[\"sqs:SendMessage\",\"sqs:GetQueueAttributes\"],\"Effect\":\"Allow\",\"Resource\":[\"arn:aws:sqs:ca-central-1:152368484097:ep-runner-queued-builds\"]}]}"
              },
              {
                "name": "ep-runner-lambda-webhook-publish-ssm-policy",
                "policy": "{\"Version\":\"2012-10-17\",\"Statement\":[{\"Action\":[\"ssm:GetParameter\"],\"Effect\":\"Allow\",\"Resource\":[\"arn:aws:ssm:ca-central-1:152368484097:parameter/github-action-runners/ep-runner/app/github_app_webhook_secret\"]}]}"
              }
            ],
            "managed_policy_arns": [],
            "max_session_duration": 3600,
            "name": "ep-runner-action-webhook-lambda-role",
            "name_prefix": "",
            "path": "/ep-runner/",
            "permissions_boundary": null,
            "tags": {
              "Project": "ep-runner",
              "ghr:environment": "ep-runner"
            },
            "tags_all": {
              "Example": "ep-runner",
              "Project": "ep-runner",
              "ghr:environment": "ep-runner"
            },
            "unique_id": "AROASG6O6R4AYVC6GPLXN"
          },
          "sensitive_attributes": [],
          "private": "bnVsbA==",
          "dependencies": [
            "module.runners.module.webhook.data.aws_iam_policy_document.lambda_assume_role_policy"
          ]
        }
      ]
    },
    {
      "module": "module.runners.module.webhook",
      "mode": "managed",
      "type": "aws_iam_role_policy",
      "name": "webhook_logging",
      "provider": "provider[\"registry.terraform.io/hashicorp/aws\"]",
      "instances": [
        {
          "schema_version": 0,
          "attributes": {
            "id": "ep-runner-action-webhook-lambda-role:ep-runner-lambda-logging-policy",
            "name": "ep-runner-lambda-logging-policy",
            "name_prefix": null,
            "policy": "{\"Version\":\"2012-10-17\",\"Statement\":[{\"Action\":[\"logs:CreateLogStream\",\"logs:PutLogEvents\"],\"Effect\":\"Allow\",\"Resource\":\"arn:aws:logs:ca-central-1:152368484097:log-group:/aws/lambda/ep-runner-webhook*\"}]}",
            "role": "ep-runner-action-webhook-lambda-role"
          },
          "sensitive_attributes": [],
          "private": "bnVsbA==",
          "dependencies": [
            "module.runners.aws_sqs_queue.queued_builds",
            "module.runners.aws_sqs_queue.queued_builds_dlq",
            "module.runners.aws_sqs_queue.webhook_events_workflow_job_queue",
            "module.runners.module.ssm.aws_ssm_parameter.github_app_id",
            "module.runners.module.ssm.aws_ssm_parameter.github_app_key_base64",
            "module.runners.module.ssm.aws_ssm_parameter.github_app_webhook_secret",
            "module.runners.module.webhook.aws_cloudwatch_log_group.webhook",
            "module.runners.module.webhook.aws_iam_role.webhook_lambda",
            "module.runners.module.webhook.aws_lambda_function.webhook",
            "module.runners.module.webhook.data.aws_iam_policy_document.lambda_assume_role_policy",
            "random_id.random"
          ]
        }
      ]
    },
    {
      "module": "module.runners.module.webhook",
      "mode": "managed",
      "type": "aws_iam_role_policy",
      "name": "webhook_sqs",
      "provider": "provider[\"registry.terraform.io/hashicorp/aws\"]",
      "instances": [
        {
          "schema_version": 0,
          "attributes": {
            "id": "ep-runner-action-webhook-lambda-role:ep-runner-lambda-webhook-publish-sqs-policy",
            "name": "ep-runner-lambda-webhook-publish-sqs-policy",
            "name_prefix": null,
            "policy": "{\"Version\":\"2012-10-17\",\"Statement\":[{\"Action\":[\"sqs:SendMessage\",\"sqs:GetQueueAttributes\"],\"Effect\":\"Allow\",\"Resource\":[\"arn:aws:sqs:ca-central-1:152368484097:ep-runner-queued-builds\"]}]}",
            "role": "ep-runner-action-webhook-lambda-role"
          },
          "sensitive_attributes": [],
          "private": "bnVsbA==",
          "dependencies": [
            "module.runners.aws_sqs_queue.queued_builds",
            "module.runners.aws_sqs_queue.queued_builds_dlq",
            "module.runners.module.webhook.aws_iam_role.webhook_lambda",
            "module.runners.module.webhook.data.aws_iam_policy_document.lambda_assume_role_policy"
          ]
        }
      ]
    },
    {
      "module": "module.runners.module.webhook",
      "mode": "managed",
      "type": "aws_iam_role_policy",
      "name": "webhook_ssm",
      "provider": "provider[\"registry.terraform.io/hashicorp/aws\"]",
      "instances": [
        {
          "schema_version": 0,
          "attributes": {
            "id": "ep-runner-action-webhook-lambda-role:ep-runner-lambda-webhook-publish-ssm-policy",
            "name": "ep-runner-lambda-webhook-publish-ssm-policy",
            "name_prefix": null,
            "policy": "{\"Version\":\"2012-10-17\",\"Statement\":[{\"Action\":[\"ssm:GetParameter\"],\"Effect\":\"Allow\",\"Resource\":[\"arn:aws:ssm:ca-central-1:152368484097:parameter/github-action-runners/ep-runner/app/github_app_webhook_secret\"]}]}",
            "role": "ep-runner-action-webhook-lambda-role"
          },
          "sensitive_attributes": [],
          "private": "bnVsbA==",
          "dependencies": [
            "module.runners.module.ssm.aws_ssm_parameter.github_app_id",
            "module.runners.module.ssm.aws_ssm_parameter.github_app_key_base64",
            "module.runners.module.ssm.aws_ssm_parameter.github_app_webhook_secret",
            "module.runners.module.webhook.aws_iam_role.webhook_lambda",
            "module.runners.module.webhook.data.aws_iam_policy_document.lambda_assume_role_policy",
            "random_id.random"
          ]
        }
      ]
    },
    {
      "module": "module.runners.module.webhook",
      "mode": "managed",
      "type": "aws_lambda_function",
      "name": "webhook",
      "provider": "provider[\"registry.terraform.io/hashicorp/aws\"]",
      "instances": [
        {
          "schema_version": 0,
          "attributes": {
            "architectures": [
              "arm64"
            ],
            "arn": "arn:aws:lambda:ca-central-1:152368484097:function:ep-runner-webhook",
            "code_signing_config_arn": "",
            "dead_letter_config": [],
            "description": "",
            "environment": [
              {
                "variables": {
                  "ENVIRONMENT": "ep-runner",
                  "LOG_LEVEL": "info",
                  "LOG_TYPE": "pretty",
                  "PARAMETER_GITHUB_APP_WEBHOOK_SECRET": "/github-action-runners/ep-runner/app/github_app_webhook_secret",
                  "REPOSITORY_WHITE_LIST": "[]",
                  "RUNNER_CONFIG": "[{\"arn\":\"arn:aws:sqs:ca-central-1:152368484097:ep-runner-queued-builds\",\"fifo\":false,\"id\":\"https://sqs.ca-central-1.amazonaws.com/152368484097/ep-runner-queued-builds\",\"matcherConfig\":{\"exactMatch\":true,\"labelMatchers\":[[\"self-hosted\",\"linux\",\"x64\",\"ep-runner\"]]}}]",
                  "SQS_WORKFLOW_JOB_QUEUE": ""
                }
              }
            ],
            "ephemeral_storage": [
              {
                "size": 512
              }
            ],
            "file_system_config": [],
            "filename": "./lambdas/webhook.zip",
            "function_name": "ep-runner-webhook",
            "handler": "index.githubWebhook",
            "id": "ep-runner-webhook",
            "image_config": [],
            "image_uri": "",
            "invoke_arn": "arn:aws:apigateway:ca-central-1:lambda:path/2015-03-31/functions/arn:aws:lambda:ca-central-1:152368484097:function:ep-runner-webhook/invocations",
            "kms_key_arn": "",
            "last_modified": "2023-01-17T18:45:16.414+0000",
            "layers": [],
            "memory_size": 128,
            "package_type": "Zip",
            "publish": false,
            "qualified_arn": "arn:aws:lambda:ca-central-1:152368484097:function:ep-runner-webhook:$LATEST",
            "qualified_invoke_arn": "arn:aws:apigateway:ca-central-1:lambda:path/2015-03-31/functions/arn:aws:lambda:ca-central-1:152368484097:function:ep-runner-webhook:$LATEST/invocations",
            "reserved_concurrent_executions": -1,
            "role": "arn:aws:iam::152368484097:role/ep-runner/ep-runner-action-webhook-lambda-role",
            "runtime": "nodejs18.x",
            "s3_bucket": null,
            "s3_key": null,
            "s3_object_version": null,
            "signing_job_arn": "",
            "signing_profile_version_arn": "",
            "snap_start": [],
            "source_code_hash": "aZ0FC4+aeirRzXiOiXbiI331HScL+ACpECfbnA1+07k=",
            "source_code_size": 1305571,
            "tags": {
              "Project": "ep-runner",
              "ghr:environment": "ep-runner"
            },
            "tags_all": {
              "Example": "ep-runner",
              "Project": "ep-runner",
              "ghr:environment": "ep-runner"
            },
            "timeout": 10,
            "timeouts": null,
            "tracing_config": [
              {
                "mode": "PassThrough"
              }
            ],
            "version": "$LATEST",
            "vpc_config": []
          },
          "sensitive_attributes": [],
          "private": "eyJlMmJmYjczMC1lY2FhLTExZTYtOGY4OC0zNDM2M2JjN2M0YzAiOnsiY3JlYXRlIjo2MDAwMDAwMDAwMDB9fQ==",
          "dependencies": [
            "module.runners.aws_sqs_queue.queued_builds",
            "module.runners.aws_sqs_queue.queued_builds_dlq",
            "module.runners.aws_sqs_queue.webhook_events_workflow_job_queue",
            "module.runners.module.ssm.aws_ssm_parameter.github_app_id",
            "module.runners.module.ssm.aws_ssm_parameter.github_app_key_base64",
            "module.runners.module.ssm.aws_ssm_parameter.github_app_webhook_secret",
            "module.runners.module.webhook.aws_iam_role.webhook_lambda",
            "module.runners.module.webhook.data.aws_iam_policy_document.lambda_assume_role_policy",
            "random_id.random"
          ]
        }
      ]
    },
    {
      "module": "module.runners.module.webhook",
      "mode": "managed",
      "type": "aws_lambda_permission",
      "name": "webhook",
      "provider": "provider[\"registry.terraform.io/hashicorp/aws\"]",
      "instances": [
        {
          "schema_version": 0,
          "attributes": {
            "action": "lambda:InvokeFunction",
            "event_source_token": null,
            "function_name": "ep-runner-webhook",
            "function_url_auth_type": null,
            "id": "AllowExecutionFromAPIGateway",
            "principal": "apigateway.amazonaws.com",
            "principal_org_id": null,
            "qualifier": "",
            "source_account": null,
            "source_arn": "arn:aws:execute-api:ca-central-1:152368484097:5x68zkakme/*/*/webhook",
            "statement_id": "AllowExecutionFromAPIGateway",
            "statement_id_prefix": ""
          },
          "sensitive_attributes": [],
          "private": "bnVsbA==",
          "dependencies": [
            "module.runners.aws_sqs_queue.queued_builds",
            "module.runners.aws_sqs_queue.queued_builds_dlq",
            "module.runners.aws_sqs_queue.webhook_events_workflow_job_queue",
            "module.runners.module.ssm.aws_ssm_parameter.github_app_id",
            "module.runners.module.ssm.aws_ssm_parameter.github_app_key_base64",
            "module.runners.module.ssm.aws_ssm_parameter.github_app_webhook_secret",
            "module.runners.module.webhook.aws_apigatewayv2_api.webhook",
            "module.runners.module.webhook.aws_iam_role.webhook_lambda",
            "module.runners.module.webhook.aws_lambda_function.webhook",
            "module.runners.module.webhook.data.aws_iam_policy_document.lambda_assume_role_policy",
            "random_id.random"
          ]
        }
      ]
    }
  ],
  "check_results": null
}
